{
	archiveVersion = 1;
	classes = {
	};
	objectVersion = 46;
	objects = {

/* Begin PBXBuildFile section */
		BO6ACXGHB2ULZB5X7EELIVIB /* UIKit.framework in Frameworks */ = {isa = PBXBuildFile; fileRef = 4OB31079RLMOZWX2J5MCGQ9O; };
		W3NPIYOO0QH2DYJDSBWZFGBI /* Foundation.framework in Frameworks */ = {isa = PBXBuildFile; fileRef = NXOXCNVQZ5ZET7NIJFJA5FOJ; };
		863M7KMHWDHYWC94GSJ51DAH /* CoreGraphics.framework in Frameworks */ = {isa = PBXBuildFile; fileRef = PJET7JM2GCEAA28DRVPMDVTM; };
		7ZMLICQ4JUSTPNAGDP5UUOMF /* MapKit.framework in Frameworks */ = {isa = PBXBuildFile; fileRef = 6E3OAPHBT12MW80NZ4AK2BJT; };
		C0RFDNO23U5L49AY6A0HXCY2 /* AppDelegate.m in Sources */ = {isa = PBXBuildFile; fileRef = 5BDERF8XVN18CGL3CKK9CZIY; };
		35IQJMG061NS5E2VIVNE5M5Z /* Array.m in Sources */ = {isa = PBXBuildFile; fileRef = LKZITWOQZ9JDW9LFHEJ8XQM9; };
		B1AR83ND3HXM0HFCUMW5T4GX /* CustomMapView.m in Sources */ = {isa = PBXBuildFile; fileRef = QKQH2YXCQKZZC4PEZYOJ8QQQ; };
		E8LYD5V5SAEXTPZLWJF3F7C8 /* HelloWorld.m in Sources */ = {isa = PBXBuildFile; fileRef = AFLX48065NXX4FYRP0S5P3BA; };
		EDIZB5KDNQBYWGCN26IW2LI0 /* String.m in Sources */ = {isa = PBXBuildFile; fileRef = 0DTJ1LUOQWGMHN34P0NC9W7N; };
		O41UUEZ6EU2YB5A06EO0OD2C /* Log.m in Sources */ = {isa = PBXBuildFile; fileRef = OWF7X0RGPBVMBE2ZPI7DZNNT; };
		P26ASRPZHUHHYBKW8U9I1WJ1 /* haxe in Resources */ = {isa = PBXBuildFile; fileRef = LGGUWKLD786EB7F4QTRCGU11; };
		EEEC7OWIL77C896ZY6W9W4X2 /* InfoPlist.strings in Resources */ = {isa = PBXBuildFile; fileRef = 3IH2S2P9W2D3RBYH9ELWXKVC /* InfoPlist.strings */; };
		VMK1OZSKUNMEKPMW3DE2GAQM /* InfoPlist.strings in Resources */ = {isa = PBXBuildFile; fileRef = ZX7ISAB1XTV41EEWOGSJ17G4 /* InfoPlist.strings */; };
		CN3AF1HHRBOO5AMJBZ09HWQH /* main.m in Sources */ = {isa = PBXBuildFile; fileRef = NM4J1ZT2AVF3RO503FQNLJBF /* main.m */; };
/* End PBXBuildFile section */

/* Begin PBXContainerItemProxy section */
		UCR2JGW0B9DMB0DJJSZVPY9A /* PBXContainerItemProxy */ = {
			isa = PBXContainerItemProxy;
			containerPortal = UN0MBXYQAOPL6VKGX73I74A9 /* Project object */;
			proxyType = 1;
			remoteGlobalIDString = EE3T780R5TJNA5T362WOBEF5;
			remoteInfo = HelloWorld;
		};
/* End PBXContainerItemProxy section */


/* Begin PBXFileReference section */
		4OB31079RLMOZWX2J5MCGQ9O /* UIKit.framework */ = {isa = PBXFileReference; lastKnownFileType = wrapper.framework; name = UIKit.framework; path = System/Library/Frameworks/UIKit.framework; sourceTree = SDKROOT; };
		NXOXCNVQZ5ZET7NIJFJA5FOJ /* Foundation.framework */ = {isa = PBXFileReference; lastKnownFileType = wrapper.framework; name = Foundation.framework; path = System/Library/Frameworks/Foundation.framework; sourceTree = SDKROOT; };
		PJET7JM2GCEAA28DRVPMDVTM /* CoreGraphics.framework */ = {isa = PBXFileReference; lastKnownFileType = wrapper.framework; name = CoreGraphics.framework; path = System/Library/Frameworks/CoreGraphics.framework; sourceTree = SDKROOT; };
		6E3OAPHBT12MW80NZ4AK2BJT /* MapKit.framework */ = {isa = PBXFileReference; lastKnownFileType = wrapper.framework; name = MapKit.framework; path = System/Library/Frameworks/MapKit.framework; sourceTree = SDKROOT; };
		5BDERF8XVN18CGL3CKK9CZIY /* AppDelegate.m */ = {isa = PBXFileReference; lastKnownFileType = sourcecode.c.objc; path = AppDelegate.m; sourceTree = "<group>"; };
		NUA91T660I3RJJFQ5GRAHHGH /* AppDelegate.h */ = {isa = PBXFileReference; lastKnownFileType = sourcecode.c.h; path = AppDelegate.h; sourceTree = "<group>"; };
		LKZITWOQZ9JDW9LFHEJ8XQM9 /* Array.m */ = {isa = PBXFileReference; lastKnownFileType = sourcecode.c.objc; path = Array.m; sourceTree = "<group>"; };
		ELP9LRW8FNE8N7F1WEPV6KEQ /* Array.h */ = {isa = PBXFileReference; lastKnownFileType = sourcecode.c.h; path = Array.h; sourceTree = "<group>"; };
		QKQH2YXCQKZZC4PEZYOJ8QQQ /* CustomMapView.m */ = {isa = PBXFileReference; lastKnownFileType = sourcecode.c.objc; path = CustomMapView.m; sourceTree = "<group>"; };
		KMRB3B1YNP59BMUJ1I2SIXD3 /* CustomMapView.h */ = {isa = PBXFileReference; lastKnownFileType = sourcecode.c.h; path = CustomMapView.h; sourceTree = "<group>"; };
		AFLX48065NXX4FYRP0S5P3BA /* HelloWorld.m */ = {isa = PBXFileReference; lastKnownFileType = sourcecode.c.objc; path = HelloWorld.m; sourceTree = "<group>"; };
		TCUMU14L444EDX8GGKU2L5TJ /* HelloWorld.h */ = {isa = PBXFileReference; lastKnownFileType = sourcecode.c.h; path = HelloWorld.h; sourceTree = "<group>"; };
		0DTJ1LUOQWGMHN34P0NC9W7N /* String.m */ = {isa = PBXFileReference; lastKnownFileType = sourcecode.c.objc; path = String.m; sourceTree = "<group>"; };
		08OPKIV4KX0VH6N6RIJT2YTW /* String.h */ = {isa = PBXFileReference; lastKnownFileType = sourcecode.c.h; path = String.h; sourceTree = "<group>"; };
		OWF7X0RGPBVMBE2ZPI7DZNNT /* haxe/Log.m */ = {isa = PBXFileReference; lastKnownFileType = sourcecode.c.objc; name = Log.m; path = HelloWorld/haxe/Log.m; sourceTree = SOURCE_ROOT; };
		QS1L5S6EKEI37GT0J8O9BSON /* haxe/Log.h */ = {isa = PBXFileReference; lastKnownFileType = sourcecode.c.h; name = Log.h; path = HelloWorld/haxe/Log.h; sourceTree = SOURCE_ROOT; };
		LGGUWKLD786EB7F4QTRCGU11 /* haxe/ */ = {isa = PBXFileReference; lastKnownFileType = folder; path = haxe; sourceTree = "<group>"; };
		XSAYEJ86W06WG6DIQIYYUO14 /* en */ = {isa = PBXFileReference; lastKnownFileType = text.plist.strings; name = en; path = en.lproj/InfoPlist.strings; sourceTree = "<group>"; };
		SO9AVSCO86Q5BRT6PR9OLQBI /* en */ = {isa = PBXFileReference; lastKnownFileType = text.plist.strings; name = en; path = en.lproj/InfoPlist.strings; sourceTree = "<group>"; };
		U82LV6ZB4OBTTG6R5NS0F5T3 /* HelloWorld-Info.plist */ = {isa = PBXFileReference; lastKnownFileType = text.plist.xml; path = "HelloWorld-Info.plist"; sourceTree = "<group>"; };
		7UIL5GO4U5WHQ7M4ZYP4TI8Q /* HelloWorld-Prefix.pch */ = {isa = PBXFileReference; lastKnownFileType = sourcecode.c.h; path = "HelloWorld-Prefix.pch"; sourceTree = "<group>"; };
		NM4J1ZT2AVF3RO503FQNLJBF /* main.m */ = {isa = PBXFileReference; lastKnownFileType = sourcecode.c.objc; path = main.m; sourceTree = "<group>"; };
		UTNU2XZJ6R75H7Y58JXK44W4 /* HelloWorld.app */ = {isa = PBXFileReference; explicitFileType = wrapper.application; includeInIndex = 0; path = HelloWorld.app; sourceTree = BUILT_PRODUCTS_DIR; };
		8P50GK0F797G57SRF3YNDHG2 /* HelloWorldTests.octest */ = {isa = PBXFileReference; explicitFileType = wrapper.cfbundle; includeInIndex = 0; path = HelloWorldTests.octest; sourceTree = BUILT_PRODUCTS_DIR; };
/* End PBXFileReference section */


/* Begin PBXFrameworksBuildPhase section */
		BORYJJQ7DJTD9OPXD6ZR5O6R /* Frameworks */ = {
			isa = PBXFrameworksBuildPhase;
			buildActionMask = 2147483647;
			files = (
				BO6ACXGHB2ULZB5X7EELIVIB /* UIKit.framework in Frameworks */,
				W3NPIYOO0QH2DYJDSBWZFGBI /* Foundation.framework in Frameworks */,
				863M7KMHWDHYWC94GSJ51DAH /* CoreGraphics.framework in Frameworks */,
				7ZMLICQ4JUSTPNAGDP5UUOMF /* MapKit.framework in Frameworks */,
			);
			runOnlyForDeploymentPostprocessing = 0;
		};
		LXAN6R3EEJEOFSMF30VYJ3OW /* Frameworks */ = {
			isa = PBXFrameworksBuildPhase;
			buildActionMask = 2147483647;
			files = (
				BO6ACXGHB2ULZB5X7EELIVIB /* UIKit.framework in Frameworks */,
				W3NPIYOO0QH2DYJDSBWZFGBI /* Foundation.framework in Frameworks */,
				863M7KMHWDHYWC94GSJ51DAH /* CoreGraphics.framework in Frameworks */,
				7ZMLICQ4JUSTPNAGDP5UUOMF /* MapKit.framework in Frameworks */,
			);
			runOnlyForDeploymentPostprocessing = 0;
		};
/* End PBXFrameworksBuildPhase section */

/* Begin PBXGroup section */
		T4B0I8MPA2NY4RW640HKXAE0 = {
			isa = PBXGroup;
			children = (
				5NG6S27MEF0JZQIUVMWQ4M57 /* HelloWorld */,
				65G0NBJZNFY9IYEDS5IOEVU9 /* HelloWorldTests */,
				O2NFD4XQ90RXAVZ4CPBPZEH3 /* Frameworks */,
				6UPJFHAGWS2DYA2HWNMPBJVF /* Products */,
			);
			sourceTree = "<group>";
		};
		6UPJFHAGWS2DYA2HWNMPBJVF /* Products */ = {
			isa = PBXGroup;
			children = (
				UTNU2XZJ6R75H7Y58JXK44W4 /* HelloWorld.app */,
				8P50GK0F797G57SRF3YNDHG2 /* HelloWorldTests.octest */,
			);
			name = Products;
			sourceTree = "<group>";
		};
		O2NFD4XQ90RXAVZ4CPBPZEH3 /* Frameworks */ = {
			isa = PBXGroup;
			children = (
				4OB31079RLMOZWX2J5MCGQ9O /* UIKit.framework in Frameworks */,
				NXOXCNVQZ5ZET7NIJFJA5FOJ /* Foundation.framework in Frameworks */,
				PJET7JM2GCEAA28DRVPMDVTM /* CoreGraphics.framework in Frameworks */,
				6E3OAPHBT12MW80NZ4AK2BJT /* MapKit.framework in Frameworks */,
			);
			name = Frameworks;
			sourceTree = "<group>";
		};
		5NG6S27MEF0JZQIUVMWQ4M57 /* HelloWorld */ = {
			isa = PBXGroup;
			children = (
				5BDERF8XVN18CGL3CKK9CZIY /* AppDelegate.m */,
				NUA91T660I3RJJFQ5GRAHHGH /* AppDelegate.h */,
				LKZITWOQZ9JDW9LFHEJ8XQM9 /* Array.m */,
				ELP9LRW8FNE8N7F1WEPV6KEQ /* Array.h */,
				QKQH2YXCQKZZC4PEZYOJ8QQQ /* CustomMapView.m */,
				KMRB3B1YNP59BMUJ1I2SIXD3 /* CustomMapView.h */,
				AFLX48065NXX4FYRP0S5P3BA /* HelloWorld.m */,
				TCUMU14L444EDX8GGKU2L5TJ /* HelloWorld.h */,
				0DTJ1LUOQWGMHN34P0NC9W7N /* String.m */,
				08OPKIV4KX0VH6N6RIJT2YTW /* String.h */,
				LGGUWKLD786EB7F4QTRCGU11 /* haxe/ */,
				Y556MSZAOP2DJI4MS0FVYQAE /* Supporting Files */,
			);
			path = HelloWorld;
			sourceTree = "<group>";
		};
		Y556MSZAOP2DJI4MS0FVYQAE /* Supporting Files */ = {
			isa = PBXGroup;
			children = (
				U82LV6ZB4OBTTG6R5NS0F5T3 /* HelloWorld-Info.plist */,
				3IH2S2P9W2D3RBYH9ELWXKVC /* InfoPlist.strings */,
				NM4J1ZT2AVF3RO503FQNLJBF /* main.m */,
				7UIL5GO4U5WHQ7M4ZYP4TI8Q /* HelloWorld-Prefix.pch */,
			);
			name = "Supporting Files";
			sourceTree = "<group>";
		};
		65G0NBJZNFY9IYEDS5IOEVU9 /* HelloWorldTests */ = {
			isa = PBXGroup;
			children = (
				/* 28BFDA091628A95900882B34 HelloWorldTests.h ,*/
				/* 28BFDA0A1628A95900882B34 HelloWorldTests.m ,*/
				7ASLGZRWREYHBVIKI0KRF3JS /* Supporting Files */,
			);
			path = HelloWorldTests;
			sourceTree = "<group>";
		};
		7ASLGZRWREYHBVIKI0KRF3JS /* Supporting Files */ = {
			isa = PBXGroup;
			children = (
				/* 28BFDA051628A95900882B34 HelloWorldTests-Info.plist ,*/
				ZX7ISAB1XTV41EEWOGSJ17G4 /* InfoPlist.strings */,
			);
			name = "Supporting Files";
			sourceTree = "<group>";
		};
/* End PBXGroup section */

/* Begin PBXNativeTarget section */
		EE3T780R5TJNA5T362WOBEF5 /* HelloWorld */ = {
			isa = PBXNativeTarget;
			buildConfigurationList = EM2C01A4I8QGOKWKU7VT18RH /* Build configuration list for PBXNativeTarget "HelloWorld" */;
			buildPhases = (
				4GX6D3K3CW7KQPFJKPVF9CZJ /* Sources */,
				BORYJJQ7DJTD9OPXD6ZR5O6R /* Frameworks */,
				IGDPCL0AFNHIOBSKBF3GQLE5 /* Resources */,
			);
			buildRules = (
			);
			dependencies = (
			);
			name = HelloWorld;
			productName = HelloWorld;
			productReference = UTNU2XZJ6R75H7Y58JXK44W4 /* HelloWorld.app */;
			productType = "com.apple.product-type.application";
		};
		H98OTICF3KMWPHR3SQKSV4RH /* HelloWorldTests */ = {
			isa = PBXNativeTarget;
			buildConfigurationList = BBNC0ET1JO9ATJRTRHX0OUMA /* Build configuration list for PBXNativeTarget "HelloWorldTests" */;
			buildPhases = (
				28LV8SZTX5QTZ3I1O6JA4628 /* Sources */,
				LXAN6R3EEJEOFSMF30VYJ3OW /* Frameworks */,
				LWNXHLCG177B5W15KXFC9AO3 /* Resources */,
				4CIYNEQWWIM10R0NK0XKLDOY /* ShellScript */,
			);
			buildRules = (
			);
			dependencies = (
				7C6VTET1HIS2JB4GW7IK8P0E /* PBXTargetDependency */,
			);
			name = HelloWorldTests;
			productName = HelloWorldTests;
			productReference = 8P50GK0F797G57SRF3YNDHG2 /* HelloWorldTests.octest */;
			productType = "com.apple.product-type.bundle";
		};
/* End PBXNativeTarget section */

/* Begin PBXProject section */
		UN0MBXYQAOPL6VKGX73I74A9 /* Project object */ = {
			isa = PBXProject;
			attributes = {
				LastUpgradeCheck = 0450;
				ORGANIZATIONNAME = "You";
			};
			buildConfigurationList = YRCEFQRPVIIP6LQK9U1F8K2O /* Build configuration list for PBXProject "HelloWorld" */;
			compatibilityVersion = "Xcode 3.2";
			developmentRegion = English;
			hasScannedForEncodings = 0;
			knownRegions = (
				en,
			);
			mainGroup = T4B0I8MPA2NY4RW640HKXAE0;
			productRefGroup = 6UPJFHAGWS2DYA2HWNMPBJVF /* Products */;
			projectDirPath = "";
			projectRoot = "";
			targets = (
				EE3T780R5TJNA5T362WOBEF5 /* HelloWorld */,
				H98OTICF3KMWPHR3SQKSV4RH /* HelloWorldTests */,
			);
		};
/* End PBXProject section */

/* Begin PBXResourcesBuildPhase section */
		IGDPCL0AFNHIOBSKBF3GQLE5 /* Resources */ = {
			isa = PBXResourcesBuildPhase;
			buildActionMask = 2147483647;
			files = (
				EEEC7OWIL77C896ZY6W9W4X2 /* InfoPlist.strings in Resources */,
		P26ASRPZHUHHYBKW8U9I1WJ1 /* haxe/ in Resoures */,
			);
			runOnlyForDeploymentPostprocessing = 0;
		};
		LWNXHLCG177B5W15KXFC9AO3 /* Resources */ = {
			isa = PBXResourcesBuildPhase;
			buildActionMask = 2147483647;
			files = (
				VMK1OZSKUNMEKPMW3DE2GAQM /* InfoPlist.strings in Resources */,
			);
			runOnlyForDeploymentPostprocessing = 0;
		};
/* End PBXResourcesBuildPhase section */

/* Begin PBXShellScriptBuildPhase section */
		4CIYNEQWWIM10R0NK0XKLDOY /* ShellScript */ = {
			isa = PBXShellScriptBuildPhase;
			buildActionMask = 2147483647;
			files = (
			);
			inputPaths = (
			);
			outputPaths = (
			);
			runOnlyForDeploymentPostprocessing = 0;
			shellPath = /bin/sh;
			shellScript = "# Run the unit tests in this test bundle.\
\"${SYSTEM_DEVELOPER_DIR}/Tools/RunUnitTests\"\
";
		};
/* End PBXShellScriptBuildPhase section */

/* Begin PBXSourcesBuildPhase section */
		4GX6D3K3CW7KQPFJKPVF9CZJ /* Sources */ = {
			isa = PBXSourcesBuildPhase;
			buildActionMask = 2147483647;
			files = (
CN3AF1HHRBOO5AMJBZ09HWQH /* main.m in Sources */,
				C0RFDNO23U5L49AY6A0HXCY2 /* AppDelegate.m in Sources */,
				35IQJMG061NS5E2VIVNE5M5Z /* Array.m in Sources */,
				B1AR83ND3HXM0HFCUMW5T4GX /* CustomMapView.m in Sources */,
				E8LYD5V5SAEXTPZLWJF3F7C8 /* HelloWorld.m in Sources */,
				EDIZB5KDNQBYWGCN26IW2LI0 /* String.m in Sources */,
				O41UUEZ6EU2YB5A06EO0OD2C /* haxe/Log.m in Sources */,
			);
			runOnlyForDeploymentPostprocessing = 0;
		};
		28LV8SZTX5QTZ3I1O6JA4628 /* Sources */ = {
			isa = PBXSourcesBuildPhase;
			buildActionMask = 2147483647;
			files = (
				/* 28BFDA0B1628A95900882B34  HelloWorldTests.m in Sources ,*/
			);
			runOnlyForDeploymentPostprocessing = 0;
		};
/* End PBXSourcesBuildPhase section */

/* Begin PBXTargetDependency section */
		7C6VTET1HIS2JB4GW7IK8P0E /* PBXTargetDependency */ = {
			isa = PBXTargetDependency;
			target = EE3T780R5TJNA5T362WOBEF5 /* HelloWorld */;
			targetProxy = UCR2JGW0B9DMB0DJJSZVPY9A /* PBXContainerItemProxy */;
		};
/* End PBXTargetDependency section */

/* Begin PBXVariantGroup section */
		3IH2S2P9W2D3RBYH9ELWXKVC /* InfoPlist.strings */ = {
			isa = PBXVariantGroup;
			children = (
				XSAYEJ86W06WG6DIQIYYUO14 /* en */,
			);
			name = InfoPlist.strings;
			sourceTree = "<group>";
		};
		ZX7ISAB1XTV41EEWOGSJ17G4 /* InfoPlist.strings */ = {
			isa = PBXVariantGroup;
			children = (
				SO9AVSCO86Q5BRT6PR9OLQBI /* en */,
			);
			name = InfoPlist.strings;
			sourceTree = "<group>";
		};
/* End PBXVariantGroup section */

/* Begin XCBuildConfiguration section */
		0KJLT2TS0WHZQZP78N08P64D /* Debug */ = {
			isa = XCBuildConfiguration;
			buildSettings = {
				ALWAYS_SEARCH_USER_PATHS = NO;
				CLANG_CXX_LANGUAGE_STANDARD = "gnu++0x";
				CLANG_CXX_LIBRARY = "libc++";
				CLANG_ENABLE_OBJC_ARC = YES;
				CLANG_WARN_EMPTY_BODY = YES;
				CLANG_WARN__DUPLICATE_METHOD_MATCH = YES;
				"CODE_SIGN_IDENTITY[sdk=iphoneos*]" = "iPhone Developer";
				COPY_PHASE_STRIP = NO;
				GCC_C_LANGUAGE_STANDARD = gnu99;
				GCC_DYNAMIC_NO_PIC = NO;
				GCC_OPTIMIZATION_LEVEL = 0;
				GCC_PREPROCESSOR_DEFINITIONS = (
					"DEBUG=1",
					"$(inherited)",
				);
				GCC_SYMBOLS_PRIVATE_EXTERN = NO;
				GCC_WARN_ABOUT_RETURN_TYPE = YES;
				GCC_WARN_UNINITIALIZED_AUTOS = YES;
				GCC_WARN_UNUSED_VARIABLE = YES;
				IPHONEOS_DEPLOYMENT_TARGET = 6.0;
				ONLY_ACTIVE_ARCH = YES;
				SDKROOT = iphoneos;
			};
			name = Debug;
		};
		XN9C6CQYXOG3RMB3V4YJ4Y9L /* Release */ = {
			isa = XCBuildConfiguration;
			buildSettings = {
				ALWAYS_SEARCH_USER_PATHS = NO;
				CLANG_CXX_LANGUAGE_STANDARD = "gnu++0x";
				CLANG_CXX_LIBRARY = "libc++";
				CLANG_ENABLE_OBJC_ARC = YES;
				CLANG_WARN_EMPTY_BODY = YES;
				CLANG_WARN__DUPLICATE_METHOD_MATCH = YES;
				"CODE_SIGN_IDENTITY[sdk=iphoneos*]" = "iPhone Developer";
				COPY_PHASE_STRIP = YES;
				GCC_C_LANGUAGE_STANDARD = gnu99;
				GCC_WARN_ABOUT_RETURN_TYPE = YES;
				GCC_WARN_UNINITIALIZED_AUTOS = YES;
				GCC_WARN_UNUSED_VARIABLE = YES;
				IPHONEOS_DEPLOYMENT_TARGET = 6.0;
				OTHER_CFLAGS = "-DNS_BLOCK_ASSERTIONS=1";
				SDKROOT = iphoneos;
				VALIDATE_PRODUCT = YES;
			};
			name = Release;
		};
		HC5HZPK0AKCKEL7L9O0A91BA /* Debug */ = {
			isa = XCBuildConfiguration;
			buildSettings = {
				CODE_SIGN_IDENTITY = "iPhone Developer";
				GCC_PRECOMPILE_PREFIX_HEADER = YES;
				GCC_PREFIX_HEADER = "HelloWorld/HelloWorld-Prefix.pch";
				INFOPLIST_FILE = "HelloWorld/HelloWorld-Info.plist";
				PRODUCT_NAME = "$(TARGET_NAME)";
				PROVISIONING_PROFILE = "";
				WRAPPER_EXTENSION = app;
			};
			name = Debug;
		};
		5UA2V9J3B6IV0TUT27I27U32 /* Release */ = {
			isa = XCBuildConfiguration;
			buildSettings = {
				GCC_PRECOMPILE_PREFIX_HEADER = YES;
				GCC_PREFIX_HEADER = "HelloWorld/HelloWorld-Prefix.pch";
				INFOPLIST_FILE = "HelloWorld/HelloWorld-Info.plist";
				PRODUCT_NAME = "$(TARGET_NAME)";
				WRAPPER_EXTENSION = app;
			};
			name = Release;
		};
		UN899UGB31JU35LT78GQ1RJ8 /* Debug */ = {
			isa = XCBuildConfiguration;
			buildSettings = {
				BUNDLE_LOADER = "$(BUILT_PRODUCTS_DIR)/HelloWorld.app/HelloWorld";
				FRAMEWORK_SEARCH_PATHS = (
					"\"$(SDKROOT)/Developer/Library/Frameworks\"",
					"\"$(DEVELOPER_LIBRARY_DIR)/Frameworks\"",
				);
				GCC_PRECOMPILE_PREFIX_HEADER = YES;
				GCC_PREFIX_HEADER = "HelloWorld/HelloWorld-Prefix.pch";
				INFOPLIST_FILE = "HelloWorldTests/HelloWorldTests-Info.plist";
				PRODUCT_NAME = "$(TARGET_NAME)";
				TEST_HOST = "$(BUNDLE_LOADER)";
				WRAPPER_EXTENSION = octest;
			};
			name = Debug;
		};
		ZHGBSQ2MEUYV5CK92Y36K940 /* Release */ = {
			isa = XCBuildConfiguration;
			buildSettings = {
				BUNDLE_LOADER = "$(BUILT_PRODUCTS_DIR)/HelloWorld.app/HelloWorld";
				FRAMEWORK_SEARCH_PATHS = (
					"\"$(SDKROOT)/Developer/Library/Frameworks\"",
					"\"$(DEVELOPER_LIBRARY_DIR)/Frameworks\"",
				);
				GCC_PRECOMPILE_PREFIX_HEADER = YES;
				GCC_PREFIX_HEADER = "HelloWorld/HelloWorld-Prefix.pch";
				INFOPLIST_FILE = "HelloWorldTests/HelloWorldTests-Info.plist";
				PRODUCT_NAME = "$(TARGET_NAME)";
				TEST_HOST = "$(BUNDLE_LOADER)";
				WRAPPER_EXTENSION = octest;
			};
			name = Release;
		};
/* End XCBuildConfiguration section */

/* Begin XCConfigurationList section */
		YRCEFQRPVIIP6LQK9U1F8K2O /* Build configuration list for PBXProject "HelloWorld" */ = {
			isa = XCConfigurationList;
			buildConfigurations = (
				0KJLT2TS0WHZQZP78N08P64D /* Debug */,
				XN9C6CQYXOG3RMB3V4YJ4Y9L /* Release */,
			);
			defaultConfigurationIsVisible = 0;
			defaultConfigurationName = Release;
		};
		EM2C01A4I8QGOKWKU7VT18RH /* Build configuration list for PBXNativeTarget "HelloWorld" */ = {
			isa = XCConfigurationList;
			buildConfigurations = (
				HC5HZPK0AKCKEL7L9O0A91BA /* Debug */,
				5UA2V9J3B6IV0TUT27I27U32 /* Release */,
			);
			defaultConfigurationIsVisible = 0;
			defaultConfigurationName = Release;
		};
		BBNC0ET1JO9ATJRTRHX0OUMA /* Build configuration list for PBXNativeTarget "HelloWorldTests" */ = {
			isa = XCConfigurationList;
			buildConfigurations = (
				UN899UGB31JU35LT78GQ1RJ8 /* Debug */,
				ZHGBSQ2MEUYV5CK92Y36K940 /* Release */,
			);
			defaultConfigurationIsVisible = 0;
			defaultConfigurationName = Release;
		};
/* End XCConfigurationList section */
	};
	rootObject = UN0MBXYQAOPL6VKGX73I74A9 /* Project object */;
}
