{
	archiveVersion = 1;
	classes = {
	};
	objectVersion = 46;
	objects = {

/* Begin PBXBuildFile section */
		SPEKXNBDXX66MS9GTAME6AE0 /* UIKit.framework in Frameworks */ = {isa = PBXBuildFile; fileRef = M4BVWGII62R580UXOHBMX6FH; };
		TZ0N5A8PFBI5GY8S91P3NJHZ /* Foundation.framework in Frameworks */ = {isa = PBXBuildFile; fileRef = W538A6X7O8TMMZ4JYNHTEB42; };
		VYUJCKVR3NI1TZX0PP9WTOWC /* MapKit.framework in Frameworks */ = {isa = PBXBuildFile; fileRef = WCD147QZ2SM293LPZZ3JWAHR; };
		Z6I3QYQ5E0FOVOGGMJ7GJS6K /* AppDelegate.m in Sources */ = {isa = PBXBuildFile; fileRef = HAU7ZSQVCA4UJIG3MOQ0QWUW; };
		DZX7TJISHOCE1UGH0GTX7C6G /* Array.m in Sources */ = {isa = PBXBuildFile; fileRef = EO7R40I6H1F3AVQTMJ87S467; };
		2KC7MEPS4E42GT197W2UMLK4 /* CustomMapView.m in Sources */ = {isa = PBXBuildFile; fileRef = R4KIGO9252KML50D88X7YSQY; };
		PCO53AM1BW6ZKTSUHZOOGP0T /* HelloWorld.m in Sources */ = {isa = PBXBuildFile; fileRef = I1UWQTHS760L1Y83BNYWCA4F; };
		L88ZH73H8T9CW5J3D9YGDSXL /* String.m in Sources */ = {isa = PBXBuildFile; fileRef = FSXQZUB366FW3MSUQGIVFC49; };
		J618L1DA4H32JZQQR94WQPXB /* InfoPlist.strings in Resources */ = {isa = PBXBuildFile; fileRef = ZZUQ8YV5OA52QAWGIICRLNLC /* InfoPlist.strings */; };
		ZFAUV0VZG3WIZ8RO2G0EJITS /* InfoPlist.strings in Resources */ = {isa = PBXBuildFile; fileRef = V4O98T0MDP6F0TWRYM3HOI7H /* InfoPlist.strings */; };
		1IMQPA570RSD3RURDY2GV7IU /* main.m in Sources */ = {isa = PBXBuildFile; fileRef = MAFUKFZO6A20XLGWBCCZUN7A /* main.m */; };
/* End PBXBuildFile section */

/* Begin PBXContainerItemProxy section */
		QRBSFZ4PW9YWRMMULT8BEOZA /* PBXContainerItemProxy */ = {
			isa = PBXContainerItemProxy;
			containerPortal = JX30FBS4V9LY1ZRK8N0HUTOI /* Project object */;
			proxyType = 1;
			remoteGlobalIDString = FR8459SIQ7PPRZC412FT90LX;
			remoteInfo = HelloWorld;
		};
/* End PBXContainerItemProxy section */


/* Begin PBXFileReference section */
		B255IRZJ11RR1BWB1CU4RT4S /* HelloWorld.app */ = {isa = PBXFileReference; explicitFileType = wrapper.application; includeInIndex = 0; path = HelloWorld.app; sourceTree = BUILT_PRODUCTS_DIR; };
		M4BVWGII62R580UXOHBMX6FH /* UIKit.framework */ = {isa = PBXFileReference; lastKnownFileType = wrapper.framework; name = UIKit.framework; path = System/Library/Frameworks/UIKit.framework; sourceTree = SDKROOT; };
		W538A6X7O8TMMZ4JYNHTEB42 /* Foundation.framework */ = {isa = PBXFileReference; lastKnownFileType = wrapper.framework; name = Foundation.framework; path = System/Library/Frameworks/Foundation.framework; sourceTree = SDKROOT; };
		WCD147QZ2SM293LPZZ3JWAHR /* MapKit.framework */ = {isa = PBXFileReference; lastKnownFileType = wrapper.framework; name = MapKit.framework; path = System/Library/Frameworks/MapKit.framework; sourceTree = SDKROOT; };
		HAU7ZSQVCA4UJIG3MOQ0QWUW /* AppDelegate.m */ = {isa = PBXFileReference; lastKnownFileType = sourcecode.c.objc; path = AppDelegate.m; sourceTree = "<group>"; };
		7OX7LEP91F1ISSVOS0HEAQAV /* AppDelegate.h */ = {isa = PBXFileReference; lastKnownFileType = sourcecode.c.h; path = AppDelegate.h; sourceTree = "<group>"; };
		EO7R40I6H1F3AVQTMJ87S467 /* Array.m */ = {isa = PBXFileReference; lastKnownFileType = sourcecode.c.objc; path = Array.m; sourceTree = "<group>"; };
		I8IK0B4BIGZSLLKQK9CWF63I /* Array.h */ = {isa = PBXFileReference; lastKnownFileType = sourcecode.c.h; path = Array.h; sourceTree = "<group>"; };
		R4KIGO9252KML50D88X7YSQY /* CustomMapView.m */ = {isa = PBXFileReference; lastKnownFileType = sourcecode.c.objc; path = CustomMapView.m; sourceTree = "<group>"; };
		2V5C61OE7WL379OKEA5L07BG /* CustomMapView.h */ = {isa = PBXFileReference; lastKnownFileType = sourcecode.c.h; path = CustomMapView.h; sourceTree = "<group>"; };
		I1UWQTHS760L1Y83BNYWCA4F /* HelloWorld.m */ = {isa = PBXFileReference; lastKnownFileType = sourcecode.c.objc; path = HelloWorld.m; sourceTree = "<group>"; };
		TZBVFHB8MGHJ4TLKXP3EM799 /* HelloWorld.h */ = {isa = PBXFileReference; lastKnownFileType = sourcecode.c.h; path = HelloWorld.h; sourceTree = "<group>"; };
		FSXQZUB366FW3MSUQGIVFC49 /* String.m */ = {isa = PBXFileReference; lastKnownFileType = sourcecode.c.objc; path = String.m; sourceTree = "<group>"; };
		W1XQP0545I0EZTMX0PCZOFM2 /* String.h */ = {isa = PBXFileReference; lastKnownFileType = sourcecode.c.h; path = String.h; sourceTree = "<group>"; };
		NCEN7AHT53MMXB265710SWWC /* en */ = {isa = PBXFileReference; lastKnownFileType = text.plist.strings; name = en; path = en.lproj/InfoPlist.strings; sourceTree = "<group>"; };
		5U758AZBTKI5D9R1KLCYVCXA /* en */ = {isa = PBXFileReference; lastKnownFileType = text.plist.strings; name = en; path = en.lproj/InfoPlist.strings; sourceTree = "<group>"; };
		6T6A7TLNAJWFP4NS2VNP1X7C /* HelloWorld-Info.plist */ = {isa = PBXFileReference; lastKnownFileType = text.plist.xml; path = "HelloWorld-Info.plist"; sourceTree = "<group>"; };
		NFWOXNUA2CHBAH9R1X40A8HR /* HelloWorld-Prefix.pch */ = {isa = PBXFileReference; lastKnownFileType = sourcecode.c.h; path = "HelloWorld-Prefix.pch"; sourceTree = "<group>"; };
		MAFUKFZO6A20XLGWBCCZUN7A /* main.m */ = {isa = PBXFileReference; lastKnownFileType = sourcecode.c.objc; path = main.m; sourceTree = "<group>"; };
/* End PBXFileReference section */


/* Begin PBXFrameworksBuildPhase section */
		G1DYBNKE8BPCHE6JRRMQ86L3 /* Frameworks */ = {
			isa = PBXFrameworksBuildPhase;
			buildActionMask = 2147483647;
			files = (
				SPEKXNBDXX66MS9GTAME6AE0 /* UIKit.framework in Frameworks */,
				TZ0N5A8PFBI5GY8S91P3NJHZ /* Foundation.framework in Frameworks */,
				VYUJCKVR3NI1TZX0PP9WTOWC /* MapKit.framework in Frameworks */,
			);
			runOnlyForDeploymentPostprocessing = 0;
		};
		PITDM86PCPE8FKRXQKBMZBQL /* Frameworks */ = {
			isa = PBXFrameworksBuildPhase;
			buildActionMask = 2147483647;
			files = (
				SPEKXNBDXX66MS9GTAME6AE0 /* UIKit.framework in Frameworks */,
				TZ0N5A8PFBI5GY8S91P3NJHZ /* Foundation.framework in Frameworks */,
				VYUJCKVR3NI1TZX0PP9WTOWC /* MapKit.framework in Frameworks */,
			);
			runOnlyForDeploymentPostprocessing = 0;
		};
/* End PBXFrameworksBuildPhase section */

/* Begin PBXGroup section */
		5QY1G2KB7TP4LY38O2W8O3NT = {
			isa = PBXGroup;
			children = (
				R9P87814JZAXAJJZDAWSG0ZT /* HelloWorld */,
				7DCFGOCFVT6LS67TTL5C60YZ /* HelloWorldTests */,
				7U4T5NFYBXQL4HEMQGY173SH /* Frameworks */,
				S1MVAA82IWNJEJ6V3QPAFMUF /* Products */,
			);
			sourceTree = "<group>";
		};
		S1MVAA82IWNJEJ6V3QPAFMUF /* Products */ = {
			isa = PBXGroup;
			children = (
				6NL9AOO4CCBOAW2OIJS22ZDI /* HelloWorld.app */,
				2PCJZHSYVUPRY0JZUIUP4BP5 /* HelloWorldTests.octest */,
			);
			name = Products;
			sourceTree = "<group>";
		};
		7U4T5NFYBXQL4HEMQGY173SH /* Frameworks */ = {
			isa = PBXGroup;
			children = (
				M4BVWGII62R580UXOHBMX6FH /* UIKit.framework in Frameworks */,
				W538A6X7O8TMMZ4JYNHTEB42 /* Foundation.framework in Frameworks */,
				WCD147QZ2SM293LPZZ3JWAHR /* MapKit.framework in Frameworks */,
			);
			name = Frameworks;
			sourceTree = "<group>";
		};
		R9P87814JZAXAJJZDAWSG0ZT /* HelloWorld */ = {
			isa = PBXGroup;
			children = (
				PDDK037UK00EGIJXJ9XVUMPN /* Supporting Files */,
				HAU7ZSQVCA4UJIG3MOQ0QWUW /* AppDelegate.m */,
				7OX7LEP91F1ISSVOS0HEAQAV /* AppDelegate.h */,
				EO7R40I6H1F3AVQTMJ87S467 /* Array.m */,
				I8IK0B4BIGZSLLKQK9CWF63I /* Array.h */,
				R4KIGO9252KML50D88X7YSQY /* CustomMapView.m */,
				2V5C61OE7WL379OKEA5L07BG /* CustomMapView.h */,
				I1UWQTHS760L1Y83BNYWCA4F /* HelloWorld.m */,
				TZBVFHB8MGHJ4TLKXP3EM799 /* HelloWorld.h */,
				FSXQZUB366FW3MSUQGIVFC49 /* String.m */,
				W1XQP0545I0EZTMX0PCZOFM2 /* String.h */,
			);
			path = HelloWorld;
			sourceTree = "<group>";
		};
		PDDK037UK00EGIJXJ9XVUMPN /* Supporting Files */ = {
			isa = PBXGroup;
			children = (
				6T6A7TLNAJWFP4NS2VNP1X7C /* HelloWorld-Info.plist */,
				ZZUQ8YV5OA52QAWGIICRLNLC /* InfoPlist.strings */,
				MAFUKFZO6A20XLGWBCCZUN7A /* main.m */,
				NFWOXNUA2CHBAH9R1X40A8HR /* HelloWorld-Prefix.pch */,
			);
			name = "Supporting Files";
			sourceTree = "<group>";
		};
		7DCFGOCFVT6LS67TTL5C60YZ /* HelloWorldTests */ = {
			isa = PBXGroup;
			children = (
				/* 28BFDA091628A95900882B34 HelloWorldTests.h ,*/
				/* 28BFDA0A1628A95900882B34 HelloWorldTests.m ,*/
				FE8GZX8W4FGEDE2WSAYNILGW /* Supporting Files */,
			);
			path = HelloWorldTests;
			sourceTree = "<group>";
		};
		FE8GZX8W4FGEDE2WSAYNILGW /* Supporting Files */ = {
			isa = PBXGroup;
			children = (
				/* 28BFDA051628A95900882B34 HelloWorldTests-Info.plist ,*/
				V4O98T0MDP6F0TWRYM3HOI7H /* InfoPlist.strings */,
			);
			name = "Supporting Files";
			sourceTree = "<group>";
		};
/* End PBXGroup section */

/* Begin PBXNativeTarget section */
		FR8459SIQ7PPRZC412FT90LX /* HelloWorld */ = {
			isa = PBXNativeTarget;
			buildConfigurationList = V3RM702K4FXYQ235FWS6HDJ2 /* Build configuration list for PBXNativeTarget "HelloWorld" */;
			buildPhases = (
				3SEPHO64Y8MMW0ND2GWSVUXO /* Sources */,
				G1DYBNKE8BPCHE6JRRMQ86L3 /* Frameworks */,
				2Z96QG8JIZKKYLND5TYE2IMO /* Resources */,
			);
			buildRules = (
			);
			dependencies = (
			);
			name = HelloWorld;
			productName = HelloWorld;
			productReference = 6NL9AOO4CCBOAW2OIJS22ZDI /* HelloWorld.app */;
			productType = "com.apple.product-type.application";
		};
		HBUGLQRWUO7IEZ3O2MUHFJGJ /* HelloWorldTests */ = {
			isa = PBXNativeTarget;
			buildConfigurationList = YTJ79VMN5SUWCT6C64NAF55V /* Build configuration list for PBXNativeTarget "HelloWorldTests" */;
			buildPhases = (
				THITXKFV6XD1K20PONX69L5J /* Sources */,
				PITDM86PCPE8FKRXQKBMZBQL /* Frameworks */,
				0UKAR17GH6H4G3TELEBY031L /* Resources */,
				AMBNJ5BAVBFU0Q1TQ2MBXRPH /* ShellScript */,
			);
			buildRules = (
			);
			dependencies = (
				81NDCCPUBQNZVSDBHHFUKIHR /* PBXTargetDependency */,
			);
			name = HelloWorldTests;
			productName = HelloWorldTests;
			productReference = 2PCJZHSYVUPRY0JZUIUP4BP5 /* HelloWorldTests.octest */;
			productType = "com.apple.product-type.bundle";
		};
/* End PBXNativeTarget section */

/* Begin PBXProject section */
		JX30FBS4V9LY1ZRK8N0HUTOI /* Project object */ = {
			isa = PBXProject;
			attributes = {
				LastUpgradeCheck = 0450;
				ORGANIZATIONNAME = "You";
			};
			buildConfigurationList = USSPIZREDMTTY8A19ICHW6LL /* Build configuration list for PBXProject "HelloWorld" */;
			compatibilityVersion = "Xcode 3.2";
			developmentRegion = English;
			hasScannedForEncodings = 0;
			knownRegions = (
				en,
			);
			mainGroup = 5QY1G2KB7TP4LY38O2W8O3NT;
			productRefGroup = S1MVAA82IWNJEJ6V3QPAFMUF /* Products */;
			projectDirPath = "";
			projectRoot = "";
			targets = (
				FR8459SIQ7PPRZC412FT90LX /* HelloWorld */,
				HBUGLQRWUO7IEZ3O2MUHFJGJ /* HelloWorldTests */,
			);
		};
/* End PBXProject section */

/* Begin PBXResourcesBuildPhase section */
		2Z96QG8JIZKKYLND5TYE2IMO /* Resources */ = {
			isa = PBXResourcesBuildPhase;
			buildActionMask = 2147483647;
			files = (
				J618L1DA4H32JZQQR94WQPXB /* InfoPlist.strings in Resources */,
			);
			runOnlyForDeploymentPostprocessing = 0;
		};
		0UKAR17GH6H4G3TELEBY031L /* Resources */ = {
			isa = PBXResourcesBuildPhase;
			buildActionMask = 2147483647;
			files = (
				ZFAUV0VZG3WIZ8RO2G0EJITS /* InfoPlist.strings in Resources */,
			);
			runOnlyForDeploymentPostprocessing = 0;
		};
/* End PBXResourcesBuildPhase section */

/* Begin PBXShellScriptBuildPhase section */
		AMBNJ5BAVBFU0Q1TQ2MBXRPH /* ShellScript */ = {
			isa = PBXShellScriptBuildPhase;
			buildActionMask = 2147483647;
			files = (
			);
			inputPaths = (
			);
			outputPaths = (
			);
			runOnlyForDeploymentPostprocessing = 0;
			shellPath = /bin/sh;
			shellScript = "# Run the unit tests in this test bundle.\
\"${SYSTEM_DEVELOPER_DIR}/Tools/RunUnitTests\"\
";
		};
/* End PBXShellScriptBuildPhase section */

/* Begin PBXSourcesBuildPhase section */
		3SEPHO64Y8MMW0ND2GWSVUXO /* Sources */ = {
			isa = PBXSourcesBuildPhase;
			buildActionMask = 2147483647;
			files = (
1IMQPA570RSD3RURDY2GV7IU /* main.m in Sources */,
				Z6I3QYQ5E0FOVOGGMJ7GJS6K /* AppDelegate.m in Sources */,
				DZX7TJISHOCE1UGH0GTX7C6G /* Array.m in Sources */,
				2KC7MEPS4E42GT197W2UMLK4 /* CustomMapView.m in Sources */,
				PCO53AM1BW6ZKTSUHZOOGP0T /* HelloWorld.m in Sources */,
				L88ZH73H8T9CW5J3D9YGDSXL /* String.m in Sources */,
			);
			runOnlyForDeploymentPostprocessing = 0;
		};
		THITXKFV6XD1K20PONX69L5J /* Sources */ = {
			isa = PBXSourcesBuildPhase;
			buildActionMask = 2147483647;
			files = (
				/* 28BFDA0B1628A95900882B34  HelloWorldTests.m in Sources ,*/
			);
			runOnlyForDeploymentPostprocessing = 0;
		};
/* End PBXSourcesBuildPhase section */

/* Begin PBXTargetDependency section */
		81NDCCPUBQNZVSDBHHFUKIHR /* PBXTargetDependency */ = {
			isa = PBXTargetDependency;
			target = FR8459SIQ7PPRZC412FT90LX /* HelloWorld */;
			targetProxy = QRBSFZ4PW9YWRMMULT8BEOZA /* PBXContainerItemProxy */;
		};
/* End PBXTargetDependency section */

/* Begin PBXVariantGroup section */
		ZZUQ8YV5OA52QAWGIICRLNLC /* InfoPlist.strings */ = {
			isa = PBXVariantGroup;
			children = (
				NCEN7AHT53MMXB265710SWWC /* en */,
			);
			name = InfoPlist.strings;
			sourceTree = "<group>";
		};
		V4O98T0MDP6F0TWRYM3HOI7H /* InfoPlist.strings */ = {
			isa = PBXVariantGroup;
			children = (
				5U758AZBTKI5D9R1KLCYVCXA /* en */,
			);
			name = InfoPlist.strings;
			sourceTree = "<group>";
		};
/* End PBXVariantGroup section */

/* Begin XCBuildConfiguration section */
		617JAGH7PCUFD5TVOKUTMBX2 /* Debug */ = {
			isa = XCBuildConfiguration;
			buildSettings = {
				ALWAYS_SEARCH_USER_PATHS = NO;
				CLANG_CXX_LANGUAGE_STANDARD = "gnu++0x";
				CLANG_CXX_LIBRARY = "libc++";
				CLANG_ENABLE_OBJC_ARC = YES;
				CLANG_WARN_EMPTY_BODY = YES;
				CLANG_WARN__DUPLICATE_METHOD_MATCH = YES;
				"CODE_SIGN_IDENTITY[sdk=iphoneos*]" = "iPhone Developer";
				COPY_PHASE_STRIP = NO;
				GCC_C_LANGUAGE_STANDARD = gnu99;
				GCC_DYNAMIC_NO_PIC = NO;
				GCC_OPTIMIZATION_LEVEL = 0;
				GCC_PREPROCESSOR_DEFINITIONS = (
					"DEBUG=1",
					"$(inherited)",
				);
				GCC_SYMBOLS_PRIVATE_EXTERN = NO;
				GCC_WARN_ABOUT_RETURN_TYPE = YES;
				GCC_WARN_UNINITIALIZED_AUTOS = YES;
				GCC_WARN_UNUSED_VARIABLE = YES;
				IPHONEOS_DEPLOYMENT_TARGET = 6.0;
				ONLY_ACTIVE_ARCH = YES;
				SDKROOT = iphoneos;
			};
			name = Debug;
		};
		NU1W1ZFHNJ346YJYQOTFIM9D /* Release */ = {
			isa = XCBuildConfiguration;
			buildSettings = {
				ALWAYS_SEARCH_USER_PATHS = NO;
				CLANG_CXX_LANGUAGE_STANDARD = "gnu++0x";
				CLANG_CXX_LIBRARY = "libc++";
				CLANG_ENABLE_OBJC_ARC = YES;
				CLANG_WARN_EMPTY_BODY = YES;
				CLANG_WARN__DUPLICATE_METHOD_MATCH = YES;
				"CODE_SIGN_IDENTITY[sdk=iphoneos*]" = "iPhone Developer";
				COPY_PHASE_STRIP = YES;
				GCC_C_LANGUAGE_STANDARD = gnu99;
				GCC_WARN_ABOUT_RETURN_TYPE = YES;
				GCC_WARN_UNINITIALIZED_AUTOS = YES;
				GCC_WARN_UNUSED_VARIABLE = YES;
				IPHONEOS_DEPLOYMENT_TARGET = 6.0;
				OTHER_CFLAGS = "-DNS_BLOCK_ASSERTIONS=1";
				SDKROOT = iphoneos;
				VALIDATE_PRODUCT = YES;
			};
			name = Release;
		};
		45GEJUK8WQN5RJW26P704TIG /* Debug */ = {
			isa = XCBuildConfiguration;
			buildSettings = {
				CODE_SIGN_IDENTITY = "iPhone Developer";
				GCC_PRECOMPILE_PREFIX_HEADER = YES;
				GCC_PREFIX_HEADER = "HelloWorld/HelloWorld-Prefix.pch";
				INFOPLIST_FILE = "HelloWorld/HelloWorld-Info.plist";
				PRODUCT_NAME = "$(TARGET_NAME)";
				PROVISIONING_PROFILE = "";
				WRAPPER_EXTENSION = app;
			};
			name = Debug;
		};
		HJDWF3FJ40D8TMGU78SQDGNR /* Release */ = {
			isa = XCBuildConfiguration;
			buildSettings = {
				GCC_PRECOMPILE_PREFIX_HEADER = YES;
				GCC_PREFIX_HEADER = "HelloWorld/HelloWorld-Prefix.pch";
				INFOPLIST_FILE = "HelloWorld/HelloWorld-Info.plist";
				PRODUCT_NAME = "$(TARGET_NAME)";
				WRAPPER_EXTENSION = app;
			};
			name = Release;
		};
		HT8VTCY547QMTJB8UOUW26O6 /* Debug */ = {
			isa = XCBuildConfiguration;
			buildSettings = {
				BUNDLE_LOADER = "$(BUILT_PRODUCTS_DIR)/HelloWorld.app/HelloWorld";
				FRAMEWORK_SEARCH_PATHS = (
					"\"$(SDKROOT)/Developer/Library/Frameworks\"",
					"\"$(DEVELOPER_LIBRARY_DIR)/Frameworks\"",
				);
				GCC_PRECOMPILE_PREFIX_HEADER = YES;
				GCC_PREFIX_HEADER = "HelloWorld/HelloWorld-Prefix.pch";
				INFOPLIST_FILE = "HelloWorldTests/HelloWorldTests-Info.plist";
				PRODUCT_NAME = "$(TARGET_NAME)";
				TEST_HOST = "$(BUNDLE_LOADER)";
				WRAPPER_EXTENSION = octest;
			};
			name = Debug;
		};
		E4B96RXKGYW70LFXJ3ZP38SB /* Release */ = {
			isa = XCBuildConfiguration;
			buildSettings = {
				BUNDLE_LOADER = "$(BUILT_PRODUCTS_DIR)/HelloWorld.app/HelloWorld";
				FRAMEWORK_SEARCH_PATHS = (
					"\"$(SDKROOT)/Developer/Library/Frameworks\"",
					"\"$(DEVELOPER_LIBRARY_DIR)/Frameworks\"",
				);
				GCC_PRECOMPILE_PREFIX_HEADER = YES;
				GCC_PREFIX_HEADER = "HelloWorld/HelloWorld-Prefix.pch";
				INFOPLIST_FILE = "HelloWorldTests/HelloWorldTests-Info.plist";
				PRODUCT_NAME = "$(TARGET_NAME)";
				TEST_HOST = "$(BUNDLE_LOADER)";
				WRAPPER_EXTENSION = octest;
			};
			name = Release;
		};
/* End XCBuildConfiguration section */

/* Begin XCConfigurationList section */
		USSPIZREDMTTY8A19ICHW6LL /* Build configuration list for PBXProject "HelloWorld" */ = {
			isa = XCConfigurationList;
			buildConfigurations = (
				617JAGH7PCUFD5TVOKUTMBX2 /* Debug */,
				NU1W1ZFHNJ346YJYQOTFIM9D /* Release */,
			);
			defaultConfigurationIsVisible = 0;
			defaultConfigurationName = Release;
		};
		V3RM702K4FXYQ235FWS6HDJ2 /* Build configuration list for PBXNativeTarget "HelloWorld" */ = {
			isa = XCConfigurationList;
			buildConfigurations = (
				45GEJUK8WQN5RJW26P704TIG /* Debug */,
				HJDWF3FJ40D8TMGU78SQDGNR /* Release */,
			);
			defaultConfigurationIsVisible = 0;
			defaultConfigurationName = Release;
		};
		YTJ79VMN5SUWCT6C64NAF55V /* Build configuration list for PBXNativeTarget "HelloWorldTests" */ = {
			isa = XCConfigurationList;
			buildConfigurations = (
				HT8VTCY547QMTJB8UOUW26O6 /* Debug */,
				E4B96RXKGYW70LFXJ3ZP38SB /* Release */,
			);
			defaultConfigurationIsVisible = 0;
			defaultConfigurationName = Release;
		};
/* End XCConfigurationList section */
	};
	rootObject = JX30FBS4V9LY1ZRK8N0HUTOI /* Project object */;
}
