{
	archiveVersion = 1;
	classes = {
	};
	objectVersion = 46;
	objects = {

/* Begin PBXBuildFile section */
		624W5MRW1MH1DSGOSHRRQ4MP /* UIKit.framework in Frameworks */ = {isa = PBXBuildFile; fileRef = 2UJ4Y669MI47EUHBXWWCU9HC; };
		K67LOXJEJL7MVY4DOGUQVW3N /* Foundation.framework in Frameworks */ = {isa = PBXBuildFile; fileRef = 8N3TM0Y6WWY4MPWM9KN8ZRUA; };
		A90VDWYOG7LB3XEZAKBQ6QB8 /* MapKit.framework in Frameworks */ = {isa = PBXBuildFile; fileRef = 7EUPSRIMIP97UZIUN6W4NWJX; };
		9KE2T1V3VMKPERH6SYXL3IR2 /* AppDelegate.m in Sources */ = {isa = PBXBuildFile; fileRef = S1P55IC5AHBZZG9M6TGRV1AW; };
		5C6BL5LEBUIWI1XVT9OD8YL3 /* Array.m in Sources */ = {isa = PBXBuildFile; fileRef = 7ZZIXMK3X2F9YJDPSP3NZIF3; };
		DPQLKZXRGCACXO8J031YFTB4 /* CustomMapView.m in Sources */ = {isa = PBXBuildFile; fileRef = W5QCIJ4DR5LEZ1OQ35FGPJX1; };
		ZBC3KLSLCWPQJOAMAVOHKZH1 /* HelloWorld.m in Sources */ = {isa = PBXBuildFile; fileRef = GO6X6HZPY48RDT6VB3J511SP; };
		OD58FNIS6JI02RTMC24YLOZK /* String.m in Sources */ = {isa = PBXBuildFile; fileRef = YJ101QYDFLL55RTBN6PZUB4M; };
		BZ8ZL8MZO3CSDQ8U5KK2R3QT /* InfoPlist.strings in Resources */ = {isa = PBXBuildFile; fileRef = U6MX0UNOZ4E78NYLNQP4H7AB /* InfoPlist.strings */; };
		0ZFWK482ZH858SCF6AYA3PMJ /* InfoPlist.strings in Resources */ = {isa = PBXBuildFile; fileRef = R5CHU7HTIUYIOV5GU1FRM31E /* InfoPlist.strings */; };
		Q3V0SSA44ULLH7ALS82O6HY6 /* main.m in Sources */ = {isa = PBXBuildFile; fileRef = V3C8FIK3AFTE5K6MED5K1BF6 /* main.m */; };
/* End PBXBuildFile section */

/* Begin PBXContainerItemProxy section */
		X7W0E3L6A6LJJWJ7JB0VCMG9 /* PBXContainerItemProxy */ = {
			isa = PBXContainerItemProxy;
			containerPortal = LLCVDHOEJSSBEPWXT5YSMA1U /* Project object */;
			proxyType = 1;
			remoteGlobalIDString = GEWP6R39WNR9BTAM8684EIKD;
			remoteInfo = HelloWorld;
		};
/* End PBXContainerItemProxy section */


/* Begin PBXFileReference section */
		F0RTH6EUORW8ZB8A0IFTI8SH /* HelloWorld.app */ = {isa = PBXFileReference; explicitFileType = wrapper.application; includeInIndex = 0; path = HelloWorld.app; sourceTree = BUILT_PRODUCTS_DIR; };
		2UJ4Y669MI47EUHBXWWCU9HC /* UIKit.framework */ = {isa = PBXFileReference; lastKnownFileType = wrapper.framework; name = UIKit.framework; path = System/Library/Frameworks/UIKit.framework; sourceTree = SDKROOT; };
		8N3TM0Y6WWY4MPWM9KN8ZRUA /* Foundation.framework */ = {isa = PBXFileReference; lastKnownFileType = wrapper.framework; name = Foundation.framework; path = System/Library/Frameworks/Foundation.framework; sourceTree = SDKROOT; };
		7EUPSRIMIP97UZIUN6W4NWJX /* MapKit.framework */ = {isa = PBXFileReference; lastKnownFileType = wrapper.framework; name = MapKit.framework; path = System/Library/Frameworks/MapKit.framework; sourceTree = SDKROOT; };
		S1P55IC5AHBZZG9M6TGRV1AW /* AppDelegate.m */ = {isa = PBXFileReference; lastKnownFileType = sourcecode.c.objc; path = AppDelegate.m; sourceTree = "<group>"; };
		4CPA1X5V506V098OQDM1BR8A /* AppDelegate.h */ = {isa = PBXFileReference; lastKnownFileType = sourcecode.c.h; path = AppDelegate.h; sourceTree = "<group>"; };
		7ZZIXMK3X2F9YJDPSP3NZIF3 /* Array.m */ = {isa = PBXFileReference; lastKnownFileType = sourcecode.c.objc; path = Array.m; sourceTree = "<group>"; };
		2EDNRQ0CU7NVIYRQZS68H3HP /* Array.h */ = {isa = PBXFileReference; lastKnownFileType = sourcecode.c.h; path = Array.h; sourceTree = "<group>"; };
		W5QCIJ4DR5LEZ1OQ35FGPJX1 /* CustomMapView.m */ = {isa = PBXFileReference; lastKnownFileType = sourcecode.c.objc; path = CustomMapView.m; sourceTree = "<group>"; };
		8XEEE91THPVLZI1J5UYGVT5W /* CustomMapView.h */ = {isa = PBXFileReference; lastKnownFileType = sourcecode.c.h; path = CustomMapView.h; sourceTree = "<group>"; };
		GO6X6HZPY48RDT6VB3J511SP /* HelloWorld.m */ = {isa = PBXFileReference; lastKnownFileType = sourcecode.c.objc; path = HelloWorld.m; sourceTree = "<group>"; };
		4Y285BXR6H3Y14U5OSZOK9P3 /* HelloWorld.h */ = {isa = PBXFileReference; lastKnownFileType = sourcecode.c.h; path = HelloWorld.h; sourceTree = "<group>"; };
		YJ101QYDFLL55RTBN6PZUB4M /* String.m */ = {isa = PBXFileReference; lastKnownFileType = sourcecode.c.objc; path = String.m; sourceTree = "<group>"; };
		NKI5DZGFV096BIAFZN537ABM /* String.h */ = {isa = PBXFileReference; lastKnownFileType = sourcecode.c.h; path = String.h; sourceTree = "<group>"; };
		20VE26A2E97W4W033ZJFXCCU /* en */ = {isa = PBXFileReference; lastKnownFileType = text.plist.strings; name = en; path = en.lproj/InfoPlist.strings; sourceTree = "<group>"; };
		Y9KA3NOB7IPB06ZUU8RQHRKY /* en */ = {isa = PBXFileReference; lastKnownFileType = text.plist.strings; name = en; path = en.lproj/InfoPlist.strings; sourceTree = "<group>"; };
		MT23YX8G79THLL1CTDTSQ2XR /* HelloWorld-Info.plist */ = {isa = PBXFileReference; lastKnownFileType = text.plist.xml; path = "HelloWorld-Info.plist"; sourceTree = "<group>"; };
		YU24JI6Y8JR9HH1OM7S2SXQK /* HelloWorld-Prefix.pch */ = {isa = PBXFileReference; lastKnownFileType = sourcecode.c.h; path = "HelloWorld-Prefix.pch"; sourceTree = "<group>"; };
		V3C8FIK3AFTE5K6MED5K1BF6 /* main.m */ = {isa = PBXFileReference; lastKnownFileType = sourcecode.c.objc; path = main.m; sourceTree = "<group>"; };
/* End PBXFileReference section */


/* Begin PBXFrameworksBuildPhase section */
		I3FWETNI2MXFO0G38LYQAC1A /* Frameworks */ = {
			isa = PBXFrameworksBuildPhase;
			buildActionMask = 2147483647;
			files = (
				624W5MRW1MH1DSGOSHRRQ4MP /* UIKit.framework in Frameworks */,
				K67LOXJEJL7MVY4DOGUQVW3N /* Foundation.framework in Frameworks */,
				A90VDWYOG7LB3XEZAKBQ6QB8 /* MapKit.framework in Frameworks */,
			);
			runOnlyForDeploymentPostprocessing = 0;
		};
		LFB0A2VBILDMEQ8D9OHAUHTT /* Frameworks */ = {
			isa = PBXFrameworksBuildPhase;
			buildActionMask = 2147483647;
			files = (
				624W5MRW1MH1DSGOSHRRQ4MP /* UIKit.framework in Frameworks */,
				K67LOXJEJL7MVY4DOGUQVW3N /* Foundation.framework in Frameworks */,
				A90VDWYOG7LB3XEZAKBQ6QB8 /* MapKit.framework in Frameworks */,
			);
			runOnlyForDeploymentPostprocessing = 0;
		};
/* End PBXFrameworksBuildPhase section */

/* Begin PBXGroup section */
		NRNY8QM25O63W5EWYN3U2I3Y = {
			isa = PBXGroup;
			children = (
				2PXEXQODUXDBT4HQKEHUOVVY /* HelloWorld */,
				33TOS50HI43YS57TDASX1YI2 /* HelloWorldTests */,
				IZM6DYWWHT7JQZTN6G2EEV61 /* Frameworks */,
				M8BVN9FCPXDDISYC8XM3QFT8 /* Products */,
			);
			sourceTree = "<group>";
		};
		M8BVN9FCPXDDISYC8XM3QFT8 /* Products */ = {
			isa = PBXGroup;
			children = (
				ARLJ0S53UCDIA0YZ2ZV4HQW2 /* HelloWorld.app */,
				LFFOJVK56UMEG9F2E4MW54PC /* HelloWorldTests.octest */,
			);
			name = Products;
			sourceTree = "<group>";
		};
		IZM6DYWWHT7JQZTN6G2EEV61 /* Frameworks */ = {
			isa = PBXGroup;
			children = (
				2UJ4Y669MI47EUHBXWWCU9HC /* UIKit.framework in Frameworks */,
				8N3TM0Y6WWY4MPWM9KN8ZRUA /* Foundation.framework in Frameworks */,
				7EUPSRIMIP97UZIUN6W4NWJX /* MapKit.framework in Frameworks */,
			);
			name = Frameworks;
			sourceTree = "<group>";
		};
		2PXEXQODUXDBT4HQKEHUOVVY /* HelloWorld */ = {
			isa = PBXGroup;
			children = (
				5SRJE4ZQO6WJZ68641GMLO5X /* Supporting Files */,
				S1P55IC5AHBZZG9M6TGRV1AW /* AppDelegate.m */,
				4CPA1X5V506V098OQDM1BR8A /* AppDelegate.h */,
				7ZZIXMK3X2F9YJDPSP3NZIF3 /* Array.m */,
				2EDNRQ0CU7NVIYRQZS68H3HP /* Array.h */,
				W5QCIJ4DR5LEZ1OQ35FGPJX1 /* CustomMapView.m */,
				8XEEE91THPVLZI1J5UYGVT5W /* CustomMapView.h */,
				GO6X6HZPY48RDT6VB3J511SP /* HelloWorld.m */,
				4Y285BXR6H3Y14U5OSZOK9P3 /* HelloWorld.h */,
				YJ101QYDFLL55RTBN6PZUB4M /* String.m */,
				NKI5DZGFV096BIAFZN537ABM /* String.h */,
			);
			path = HelloWorld;
			sourceTree = "<group>";
		};
		5SRJE4ZQO6WJZ68641GMLO5X /* Supporting Files */ = {
			isa = PBXGroup;
			children = (
				MT23YX8G79THLL1CTDTSQ2XR /* HelloWorld-Info.plist */,
				U6MX0UNOZ4E78NYLNQP4H7AB /* InfoPlist.strings */,
				V3C8FIK3AFTE5K6MED5K1BF6 /* main.m */,
				YU24JI6Y8JR9HH1OM7S2SXQK /* HelloWorld-Prefix.pch */,
			);
			name = "Supporting Files";
			sourceTree = "<group>";
		};
		33TOS50HI43YS57TDASX1YI2 /* HelloWorldTests */ = {
			isa = PBXGroup;
			children = (
				/* 28BFDA091628A95900882B34 HelloWorldTests.h ,*/
				/* 28BFDA0A1628A95900882B34 HelloWorldTests.m ,*/
				H4OWOP0YACSKKJDD3DRKO2FB /* Supporting Files */,
			);
			path = HelloWorldTests;
			sourceTree = "<group>";
		};
		H4OWOP0YACSKKJDD3DRKO2FB /* Supporting Files */ = {
			isa = PBXGroup;
			children = (
				/* 28BFDA051628A95900882B34 HelloWorldTests-Info.plist ,*/
				R5CHU7HTIUYIOV5GU1FRM31E /* InfoPlist.strings */,
			);
			name = "Supporting Files";
			sourceTree = "<group>";
		};
/* End PBXGroup section */

/* Begin PBXNativeTarget section */
		GEWP6R39WNR9BTAM8684EIKD /* HelloWorld */ = {
			isa = PBXNativeTarget;
			buildConfigurationList = B59APYRN5NSSAW7LE84SF87I /* Build configuration list for PBXNativeTarget "HelloWorld" */;
			buildPhases = (
				5BHK3HV66EJV4IVOUNU6FYKU /* Sources */,
				I3FWETNI2MXFO0G38LYQAC1A /* Frameworks */,
				NA9GEP4YV97OHQLW2VLP8BIN /* Resources */,
			);
			buildRules = (
			);
			dependencies = (
			);
			name = HelloWorld;
			productName = HelloWorld;
			productReference = ARLJ0S53UCDIA0YZ2ZV4HQW2 /* HelloWorld.app */;
			productType = "com.apple.product-type.application";
		};
		J6SGPLLLIN5BPHJ6TZ6W3XLU /* HelloWorldTests */ = {
			isa = PBXNativeTarget;
			buildConfigurationList = 0BJXX5U8Q33P138SGTZAF1ZR /* Build configuration list for PBXNativeTarget "HelloWorldTests" */;
			buildPhases = (
				5NRLCPUJF0UX7WIWZ16482RF /* Sources */,
				LFB0A2VBILDMEQ8D9OHAUHTT /* Frameworks */,
				Y8GC366HI8SQDMHE0X7GU2NN /* Resources */,
				DMU8GJYKE2JHN9ECAK0NJ3BX /* ShellScript */,
			);
			buildRules = (
			);
			dependencies = (
				JNVH71VRLSVK1IYX5JNESC90 /* PBXTargetDependency */,
			);
			name = HelloWorldTests;
			productName = HelloWorldTests;
			productReference = LFFOJVK56UMEG9F2E4MW54PC /* HelloWorldTests.octest */;
			productType = "com.apple.product-type.bundle";
		};
/* End PBXNativeTarget section */

/* Begin PBXProject section */
		LLCVDHOEJSSBEPWXT5YSMA1U /* Project object */ = {
			isa = PBXProject;
			attributes = {
				LastUpgradeCheck = 0450;
				ORGANIZATIONNAME = "You";
			};
			buildConfigurationList = V49TPMLACO9ODTS1M2AVIWC8 /* Build configuration list for PBXProject "HelloWorld" */;
			compatibilityVersion = "Xcode 3.2";
			developmentRegion = English;
			hasScannedForEncodings = 0;
			knownRegions = (
				en,
			);
			mainGroup = NRNY8QM25O63W5EWYN3U2I3Y;
			productRefGroup = M8BVN9FCPXDDISYC8XM3QFT8 /* Products */;
			projectDirPath = "";
			projectRoot = "";
			targets = (
				GEWP6R39WNR9BTAM8684EIKD /* HelloWorld */,
				J6SGPLLLIN5BPHJ6TZ6W3XLU /* HelloWorldTests */,
			);
		};
/* End PBXProject section */

/* Begin PBXResourcesBuildPhase section */
		NA9GEP4YV97OHQLW2VLP8BIN /* Resources */ = {
			isa = PBXResourcesBuildPhase;
			buildActionMask = 2147483647;
			files = (
				BZ8ZL8MZO3CSDQ8U5KK2R3QT /* InfoPlist.strings in Resources */,
			);
			runOnlyForDeploymentPostprocessing = 0;
		};
		Y8GC366HI8SQDMHE0X7GU2NN /* Resources */ = {
			isa = PBXResourcesBuildPhase;
			buildActionMask = 2147483647;
			files = (
				0ZFWK482ZH858SCF6AYA3PMJ /* InfoPlist.strings in Resources */,
			);
			runOnlyForDeploymentPostprocessing = 0;
		};
/* End PBXResourcesBuildPhase section */

/* Begin PBXShellScriptBuildPhase section */
		DMU8GJYKE2JHN9ECAK0NJ3BX /* ShellScript */ = {
			isa = PBXShellScriptBuildPhase;
			buildActionMask = 2147483647;
			files = (
			);
			inputPaths = (
			);
			outputPaths = (
			);
			runOnlyForDeploymentPostprocessing = 0;
			shellPath = /bin/sh;
			shellScript = "# Run the unit tests in this test bundle.\
\"${SYSTEM_DEVELOPER_DIR}/Tools/RunUnitTests\"\
";
		};
/* End PBXShellScriptBuildPhase section */

/* Begin PBXSourcesBuildPhase section */
		5BHK3HV66EJV4IVOUNU6FYKU /* Sources */ = {
			isa = PBXSourcesBuildPhase;
			buildActionMask = 2147483647;
			files = (
Q3V0SSA44ULLH7ALS82O6HY6 /* main.m in Sources */,
				9KE2T1V3VMKPERH6SYXL3IR2 /* AppDelegate.m in Sources */,
				5C6BL5LEBUIWI1XVT9OD8YL3 /* Array.m in Sources */,
				DPQLKZXRGCACXO8J031YFTB4 /* CustomMapView.m in Sources */,
				ZBC3KLSLCWPQJOAMAVOHKZH1 /* HelloWorld.m in Sources */,
				OD58FNIS6JI02RTMC24YLOZK /* String.m in Sources */,
			);
			runOnlyForDeploymentPostprocessing = 0;
		};
		5NRLCPUJF0UX7WIWZ16482RF /* Sources */ = {
			isa = PBXSourcesBuildPhase;
			buildActionMask = 2147483647;
			files = (
				/* 28BFDA0B1628A95900882B34  HelloWorldTests.m in Sources ,*/
			);
			runOnlyForDeploymentPostprocessing = 0;
		};
/* End PBXSourcesBuildPhase section */

/* Begin PBXTargetDependency section */
		JNVH71VRLSVK1IYX5JNESC90 /* PBXTargetDependency */ = {
			isa = PBXTargetDependency;
			target = GEWP6R39WNR9BTAM8684EIKD /* HelloWorld */;
			targetProxy = X7W0E3L6A6LJJWJ7JB0VCMG9 /* PBXContainerItemProxy */;
		};
/* End PBXTargetDependency section */

/* Begin PBXVariantGroup section */
		U6MX0UNOZ4E78NYLNQP4H7AB /* InfoPlist.strings */ = {
			isa = PBXVariantGroup;
			children = (
				20VE26A2E97W4W033ZJFXCCU /* en */,
			);
			name = InfoPlist.strings;
			sourceTree = "<group>";
		};
		R5CHU7HTIUYIOV5GU1FRM31E /* InfoPlist.strings */ = {
			isa = PBXVariantGroup;
			children = (
				Y9KA3NOB7IPB06ZUU8RQHRKY /* en */,
			);
			name = InfoPlist.strings;
			sourceTree = "<group>";
		};
/* End PBXVariantGroup section */

/* Begin XCBuildConfiguration section */
		Q70T9GXPC3T2QM2OTU8AWAM0 /* Debug */ = {
			isa = XCBuildConfiguration;
			buildSettings = {
				ALWAYS_SEARCH_USER_PATHS = NO;
				CLANG_CXX_LANGUAGE_STANDARD = "gnu++0x";
				CLANG_CXX_LIBRARY = "libc++";
				CLANG_ENABLE_OBJC_ARC = YES;
				CLANG_WARN_EMPTY_BODY = YES;
				CLANG_WARN__DUPLICATE_METHOD_MATCH = YES;
				"CODE_SIGN_IDENTITY[sdk=iphoneos*]" = "iPhone Developer";
				COPY_PHASE_STRIP = NO;
				GCC_C_LANGUAGE_STANDARD = gnu99;
				GCC_DYNAMIC_NO_PIC = NO;
				GCC_OPTIMIZATION_LEVEL = 0;
				GCC_PREPROCESSOR_DEFINITIONS = (
					"DEBUG=1",
					"$(inherited)",
				);
				GCC_SYMBOLS_PRIVATE_EXTERN = NO;
				GCC_WARN_ABOUT_RETURN_TYPE = YES;
				GCC_WARN_UNINITIALIZED_AUTOS = YES;
				GCC_WARN_UNUSED_VARIABLE = YES;
				IPHONEOS_DEPLOYMENT_TARGET = 6.0;
				ONLY_ACTIVE_ARCH = YES;
				SDKROOT = iphoneos;
			};
			name = Debug;
		};
		IHATHBSG6CYTIZJG1BWS8E82 /* Release */ = {
			isa = XCBuildConfiguration;
			buildSettings = {
				ALWAYS_SEARCH_USER_PATHS = NO;
				CLANG_CXX_LANGUAGE_STANDARD = "gnu++0x";
				CLANG_CXX_LIBRARY = "libc++";
				CLANG_ENABLE_OBJC_ARC = YES;
				CLANG_WARN_EMPTY_BODY = YES;
				CLANG_WARN__DUPLICATE_METHOD_MATCH = YES;
				"CODE_SIGN_IDENTITY[sdk=iphoneos*]" = "iPhone Developer";
				COPY_PHASE_STRIP = YES;
				GCC_C_LANGUAGE_STANDARD = gnu99;
				GCC_WARN_ABOUT_RETURN_TYPE = YES;
				GCC_WARN_UNINITIALIZED_AUTOS = YES;
				GCC_WARN_UNUSED_VARIABLE = YES;
				IPHONEOS_DEPLOYMENT_TARGET = 6.0;
				OTHER_CFLAGS = "-DNS_BLOCK_ASSERTIONS=1";
				SDKROOT = iphoneos;
				VALIDATE_PRODUCT = YES;
			};
			name = Release;
		};
		5D91C0O602LMTIID4A1HFDUA /* Debug */ = {
			isa = XCBuildConfiguration;
			buildSettings = {
				CODE_SIGN_IDENTITY = "iPhone Developer";
				GCC_PRECOMPILE_PREFIX_HEADER = YES;
				GCC_PREFIX_HEADER = "HelloWorld/HelloWorld-Prefix.pch";
				INFOPLIST_FILE = "HelloWorld/HelloWorld-Info.plist";
				PRODUCT_NAME = "$(TARGET_NAME)";
				PROVISIONING_PROFILE = "";
				WRAPPER_EXTENSION = app;
			};
			name = Debug;
		};
		3GDRJHOUJ9VRG7E2FL1AI5WS /* Release */ = {
			isa = XCBuildConfiguration;
			buildSettings = {
				GCC_PRECOMPILE_PREFIX_HEADER = YES;
				GCC_PREFIX_HEADER = "HelloWorld/HelloWorld-Prefix.pch";
				INFOPLIST_FILE = "HelloWorld/HelloWorld-Info.plist";
				PRODUCT_NAME = "$(TARGET_NAME)";
				WRAPPER_EXTENSION = app;
			};
			name = Release;
		};
		O59HNMO8UFXWAYDNDJ8FCW0O /* Debug */ = {
			isa = XCBuildConfiguration;
			buildSettings = {
				BUNDLE_LOADER = "$(BUILT_PRODUCTS_DIR)/HelloWorld.app/HelloWorld";
				FRAMEWORK_SEARCH_PATHS = (
					"\"$(SDKROOT)/Developer/Library/Frameworks\"",
					"\"$(DEVELOPER_LIBRARY_DIR)/Frameworks\"",
				);
				GCC_PRECOMPILE_PREFIX_HEADER = YES;
				GCC_PREFIX_HEADER = "HelloWorld/HelloWorld-Prefix.pch";
				INFOPLIST_FILE = "HelloWorldTests/HelloWorldTests-Info.plist";
				PRODUCT_NAME = "$(TARGET_NAME)";
				TEST_HOST = "$(BUNDLE_LOADER)";
				WRAPPER_EXTENSION = octest;
			};
			name = Debug;
		};
		A2NKMG44526NSQH3JQ7N74PL /* Release */ = {
			isa = XCBuildConfiguration;
			buildSettings = {
				BUNDLE_LOADER = "$(BUILT_PRODUCTS_DIR)/HelloWorld.app/HelloWorld";
				FRAMEWORK_SEARCH_PATHS = (
					"\"$(SDKROOT)/Developer/Library/Frameworks\"",
					"\"$(DEVELOPER_LIBRARY_DIR)/Frameworks\"",
				);
				GCC_PRECOMPILE_PREFIX_HEADER = YES;
				GCC_PREFIX_HEADER = "HelloWorld/HelloWorld-Prefix.pch";
				INFOPLIST_FILE = "HelloWorldTests/HelloWorldTests-Info.plist";
				PRODUCT_NAME = "$(TARGET_NAME)";
				TEST_HOST = "$(BUNDLE_LOADER)";
				WRAPPER_EXTENSION = octest;
			};
			name = Release;
		};
/* End XCBuildConfiguration section */

/* Begin XCConfigurationList section */
		V49TPMLACO9ODTS1M2AVIWC8 /* Build configuration list for PBXProject "HelloWorld" */ = {
			isa = XCConfigurationList;
			buildConfigurations = (
				Q70T9GXPC3T2QM2OTU8AWAM0 /* Debug */,
				IHATHBSG6CYTIZJG1BWS8E82 /* Release */,
			);
			defaultConfigurationIsVisible = 0;
			defaultConfigurationName = Release;
		};
		B59APYRN5NSSAW7LE84SF87I /* Build configuration list for PBXNativeTarget "HelloWorld" */ = {
			isa = XCConfigurationList;
			buildConfigurations = (
				5D91C0O602LMTIID4A1HFDUA /* Debug */,
				3GDRJHOUJ9VRG7E2FL1AI5WS /* Release */,
			);
			defaultConfigurationIsVisible = 0;
			defaultConfigurationName = Release;
		};
		0BJXX5U8Q33P138SGTZAF1ZR /* Build configuration list for PBXNativeTarget "HelloWorldTests" */ = {
			isa = XCConfigurationList;
			buildConfigurations = (
				O59HNMO8UFXWAYDNDJ8FCW0O /* Debug */,
				A2NKMG44526NSQH3JQ7N74PL /* Release */,
			);
			defaultConfigurationIsVisible = 0;
			defaultConfigurationName = Release;
		};
/* End XCConfigurationList section */
	};
	rootObject = LLCVDHOEJSSBEPWXT5YSMA1U /* Project object */;
}
