{
	archiveVersion = 1;
	classes = {
	};
	objectVersion = 46;
	objects = {

/* Begin PBXBuildFile section */
		3AAIJBJ56NGFLKA69B5T6TA3 /* Foundation.framework in Frameworks */ = {isa = PBXBuildFile; fileRef = L83X83TA8LGXKG5Q2UX0RF0L; };
		JY5SNZZCSZARXYVPZRDGX0AK /* Array.m in Sources */ = {isa = PBXBuildFile; fileRef = XHA75W9PAQLSRUBZ0Q5KK5OI; };
		I3ILHWKKMUO3MQBAMCGIKMYV /* Date.m in Sources */ = {isa = PBXBuildFile; fileRef = FP1WAWJSI5F70YS17ES1VKCQ; };
		69AMR9VM3A4XSS9PJAXQD1RJ /* EReg.m in Sources */ = {isa = PBXBuildFile; fileRef = B7TV1STHNM4MWIQOP5YE2YRL; };
		BEMT5A0SMTRYRXP69ZBL5P8B /* Lambda.m in Sources */ = {isa = PBXBuildFile; fileRef = N0GGLMMNTO3IWHRFKJNWZF1V; };
		EJOEGP0BTC2VGQ8Y82BGCG0W /* List.m in Sources */ = {isa = PBXBuildFile; fileRef = V0I57ARKMJPDSDNQ8Q1WL5J9; };
		KUMJ0DVOGSFF34C8SA491LIZ /* Reflect.m in Sources */ = {isa = PBXBuildFile; fileRef = K96G37EED2ZKJ2JW0UT1KZBP; };
		YKP2QRYDNU86GTEJE8MO9SCK /* Std.m in Sources */ = {isa = PBXBuildFile; fileRef = QPX6DH6FFIEYX8MX32GHFKMW; };
		X30YNPTSIPPN6VAMPDHPXS5G /* String.m in Sources */ = {isa = PBXBuildFile; fileRef = 3XXZ5257ARTGXYI8K8CFFTV9; };
		ID0CI0YD5GFJLH3T3RDA8CAO /* StringBuf.m in Sources */ = {isa = PBXBuildFile; fileRef = P34S8O2Z61B0PJDO8KMRLA5J; };
		QKHSW6XD0PIZII7CWUER9X6J /* StringTools.m in Sources */ = {isa = PBXBuildFile; fileRef = 5JVYN8M2LC5RQY9M9KNMCGGF; };
		KDDCO40LW6APIVVWIUCEKBZO /* Type.m in Sources */ = {isa = PBXBuildFile; fileRef = VJVHX39HJ303I5QG3Y7VDKIO; };
		V98TXX4T5JT4J1XN095S0DJG /* CallStack.m in Sources */ = {isa = PBXBuildFile; fileRef = 31CQKGYGQHWH73IRNURJLFBX; };
		YT4G9MUV5BUPXI9YG4MG4MOY /* Int64.m in Sources */ = {isa = PBXBuildFile; fileRef = 4UD3Q33K0PYV126EYA4RZF5N; };
		ADPDQZTYRTQSIRNKV5OFUFHY /* Json.m in Sources */ = {isa = PBXBuildFile; fileRef = NLNLVCMHP0GU1JN0NT5HGKW0; };
		O188A1ZK6RHPJ006CO3ZNETD /* Log.m in Sources */ = {isa = PBXBuildFile; fileRef = 3PBLYH2T98KYYPB2BR8OY41V; };
		67JE394KR6IYP3CDX7GX672E /* Resource.m in Sources */ = {isa = PBXBuildFile; fileRef = 8SM6K4AX6YOA60OSV3L2CDEA; };
		WZEO034Z5YO4QT7TGKB80PE9 /* Serializer.m in Sources */ = {isa = PBXBuildFile; fileRef = YGA2G0059O8ZJ3N8YWX4580M; };
		391R8S08THNBF8D2QF7KWSCC /* Template.m in Sources */ = {isa = PBXBuildFile; fileRef = 6PUTA50BTD48M0HX26R7FWOJ; };
		6BSP94F7VJMZOOMKTY1TOHL1 /* Timer.m in Sources */ = {isa = PBXBuildFile; fileRef = H0H1BWHEBAIAIGZ0UFMZ7NEL; };
		OHK5QSD7B82SDHMKMZM8AHL0 /* Unserializer.m in Sources */ = {isa = PBXBuildFile; fileRef = CH3ZYX7KV285XBR7TY3FIA8J; };
		AOACZU403P7DWLUFUY57ZG87 /* BaseCode.m in Sources */ = {isa = PBXBuildFile; fileRef = GVQ5I8G5SBY4I84PJB6NWZ9A; };
		BQRHJUC18IH5F6EZNLB8EZYF /* Md5.m in Sources */ = {isa = PBXBuildFile; fileRef = KDPQDTASWC4FTV3IBL4LP4E3; };
		74OBYLITK8QOKSDPU5631A4M /* Sha1.m in Sources */ = {isa = PBXBuildFile; fileRef = 6QEZLMWII55VJSTW183XKEPB; };
		F8D40D3649Y4PN1P6H407OL1 /* GenericStack.m in Sources */ = {isa = PBXBuildFile; fileRef = DGW1B1XCGV757J95BI7XBUUQ; };
		GNUHMR81CBGY4A7OPYKZC07Z /* HashMap.m in Sources */ = {isa = PBXBuildFile; fileRef = 3PX122USXDA1N2ZDWTKGWWZO; };
		EJVGLQSOHE445TVZ9VAOECVN /* Bytes.m in Sources */ = {isa = PBXBuildFile; fileRef = 0FXJKH70H2RK3Y165BHYJ2NK; };
		JU8AR09DIG9ZO6UVK4AAHRHE /* BytesBuffer.m in Sources */ = {isa = PBXBuildFile; fileRef = KE8JIQPKDO1JG6HCWVK51WTH; };
		T3JUBI28CR2KVI2NWFO1OJZ3 /* Input.m in Sources */ = {isa = PBXBuildFile; fileRef = AUQNKLKVZIJVESX3VTED5PW5; };
		SKSECDYMQV14MIONL6N83LSZ /* BytesInput.m in Sources */ = {isa = PBXBuildFile; fileRef = M7I9V64S0PRV4LHA0MXWABU2; };
		BKLT9V20PZFZIKIZWB3LC19J /* Output.m in Sources */ = {isa = PBXBuildFile; fileRef = YB5WGW3CCX7ATV9068FKVJEX; };
		MZO3YJAD32LPILEKIV9IPY5J /* BytesOutput.m in Sources */ = {isa = PBXBuildFile; fileRef = MHHIWA1QGPPC664WKALYQ8Q0; };
		9CIN8FUT9KV3ZJ3A3RPIRW4T /* Eof.m in Sources */ = {isa = PBXBuildFile; fileRef = ZW9NZ3WB8VGUR7VY3Y77FLOD; };
		F369CFDMJMK5SE1AQNUN8IW9 /* Meta.m in Sources */ = {isa = PBXBuildFile; fileRef = 2FYWPY9IEQ5E2JWUAG5KH326; };
		MBFT7IAT40NM0WE758IUL5JB /* Parser.m in Sources */ = {isa = PBXBuildFile; fileRef = Q7VOY8PP8VZ9LI2K2G113C0R; };
		SWL5M2YTUN4BQR5ELIIFS70M /* MyAbstract.m in Sources */ = {isa = PBXBuildFile; fileRef = 3QFFKTDZECLL0KCUPRE7KK32; };
		3IUAGULAP3N5YOQMRUMHJY7E /* MyClass.m in Sources */ = {isa = PBXBuildFile; fileRef = RE3FE98GPD2JC8J9JR95R6DA; };
		6N8WEF5SBEM71S8UIY0EHRVE /* MyMacro.m in Sources */ = {isa = PBXBuildFile; fileRef = D5HRZRPIENV3NHZRGB6E22CJ; };
		HXVLOPLMLRCMY1J2RBGZZD14 /* MySubClass.m in Sources */ = {isa = PBXBuildFile; fileRef = 479UR3ZCPIG1V72PQNBGALQC; };
		QFT77ZJXFE6YLTIFPVEXLIIM /* MyUsing1.m in Sources */ = {isa = PBXBuildFile; fileRef = FSOR8Q3BJYU4H9VXNJI34Q2V; };
		7OHQUII8VYC24WGV8WXOV2ZF /* MyUsing2.m in Sources */ = {isa = PBXBuildFile; fileRef = ULRP9S2DNC39VFTLD5IJELR0; };
		DPP4GGX8UXTNMEL2YTOYCX7T /* Test.m in Sources */ = {isa = PBXBuildFile; fileRef = W2ULPRGLJJVXMGPC9C2A7DY2; };
		APV43VCKGJH36KL4BENU1NUN /* TestBasetypes.m in Sources */ = {isa = PBXBuildFile; fileRef = RC439REO0PJUW99N0MPOQM66; };
		023PPURC4SUH46JD4K42S1NA /* TestBytes.m in Sources */ = {isa = PBXBuildFile; fileRef = 3CTJEYQRTZQ7OE29GOIUMERS; };
		LDF99Z32156WP813RU59412O /* TestEReg.m in Sources */ = {isa = PBXBuildFile; fileRef = VF10ZAYFP8TIUWCJ4NROK03P; };
		TNX6B7HQ3JD6L7LELDU4SC6L /* TestIO.m in Sources */ = {isa = PBXBuildFile; fileRef = S3O14FTXGBRM50EHLAH0B2HT; };
		1NFOHGH3275H1GNRHHV04CZO /* TestInt64.m in Sources */ = {isa = PBXBuildFile; fileRef = KQT1YUUAJ54Y3YKR2PL2KLZP; };
		PSFWL00NYDR3C2FHWFIH46FO /* TestLocals.m in Sources */ = {isa = PBXBuildFile; fileRef = 51I2QR5MXQPD5CFJ78IDUIG7; };
		MIWBLATH2JN7LQN5TINZ6HMG /* TestMatch.m in Sources */ = {isa = PBXBuildFile; fileRef = 7V5Q46R4BFTWBVUFK1NMPTUP; };
		HRB9VF6UDC6L18GQ9TJ8A0MM /* TestMeta.m in Sources */ = {isa = PBXBuildFile; fileRef = 5UERYC53K6QWDKHCVZ3WJF7Q; };
		EEER9SFWVJWSGJ4DCU7WA106 /* TestMisc.m in Sources */ = {isa = PBXBuildFile; fileRef = GRTMYBOD7JVV46ZFJDQEVLS4; };
		NYT7MPLUGQK7JZMGVGTSRFGR /* TestOps.m in Sources */ = {isa = PBXBuildFile; fileRef = QPYI4O09DOXLC1Z9CIGVUNGZ; };
		68ITFOW32OLRHZYHORY2WI9X /* TestOrder.m in Sources */ = {isa = PBXBuildFile; fileRef = BJBGZ8PEEAFON8YX7YWGQI9W; };
		BZ3C1LKI7652OUL2EM1WX0UM /* TestResource.m in Sources */ = {isa = PBXBuildFile; fileRef = W50D98FZGGGNWJM8V2I41AIM; };
		3QSOWWWLAP16LOOZANQUDSU7 /* TestSerialize.m in Sources */ = {isa = PBXBuildFile; fileRef = OAR2VGFR5TPE8TP3BRSKM2ID; };
		H3BT0MFK1PTA0K3Z9DMO9CCO /* TestSpecification.m in Sources */ = {isa = PBXBuildFile; fileRef = ST1WHFP8YDMQMF87FF7EFXLT; };
		LC3HFXRS15E8U76H4DOLAWIF /* TestType.m in Sources */ = {isa = PBXBuildFile; fileRef = DNEOYS8HFF3BSRK8ZM5ZDLCQ; };
		7DA383RM1U58AJYPRG84M1WY /* TestXML.m in Sources */ = {isa = PBXBuildFile; fileRef = NW6QT8KS0I8JO4WT9XVRFSDB; };
		TD4YPWS4XKHC4X87D1CANMLX /* haxe in Resources */ = {isa = PBXBuildFile; fileRef = KL42HVG80TOPW5P8VT9XT1X6; };
		OM892L22QHP3ADA797AQQBA9 /* unit in Resources */ = {isa = PBXBuildFile; fileRef = 3EB5W304D5OAATJDE6VH0TA8; };
		P46CZKD83GDX1U5UU6WMO0P4 /* InfoPlist.strings in Resources */ = {isa = PBXBuildFile; fileRef = QZ0N2BPI9E28PQ5QP3VMD2V1 /* InfoPlist.strings */; };
		4PUQRSOQ1EXULMZKPK0PVZZV /* InfoPlist.strings in Resources */ = {isa = PBXBuildFile; fileRef = R0UY2E6FFY8ST903SI8T9UAO /* InfoPlist.strings */; };
		D2VR6GTS048INIWG6SZGKNG2 /* main.m in Sources */ = {isa = PBXBuildFile; fileRef = 4YMWV5CPFJKL5QGO043LXZDI /* main.m */; };
/* End PBXBuildFile section */

/* Begin PBXContainerItemProxy section */
		5QX4SBO33OK5J01EV5JIYTMH /* PBXContainerItemProxy */ = {
			isa = PBXContainerItemProxy;
			containerPortal = FOYUMMGB063G5LOW83UD9TB5 /* Project object */;
			proxyType = 1;
			remoteGlobalIDString = HS5B9ZSSTGMJFQ7G9PZVQQZN;
			remoteInfo = Test;
		};
/* End PBXContainerItemProxy section */


/* Begin PBXFileReference section */
		L83X83TA8LGXKG5Q2UX0RF0L /* Foundation.framework */ = {isa = PBXFileReference; lastKnownFileType = wrapper.framework; name = Foundation.framework; path = System/Library/Frameworks/Foundation.framework; sourceTree = SDKROOT; };
		XHA75W9PAQLSRUBZ0Q5KK5OI /* Array.m */ = {isa = PBXFileReference; lastKnownFileType = sourcecode.c.objc; path = Array.m; sourceTree = "<group>"; };
		XHDQ58IJVWAOK75REPBC4FU1 /* Array.h */ = {isa = PBXFileReference; lastKnownFileType = sourcecode.c.h; path = Array.h; sourceTree = "<group>"; };
		FP1WAWJSI5F70YS17ES1VKCQ /* Date.m */ = {isa = PBXFileReference; lastKnownFileType = sourcecode.c.objc; path = Date.m; sourceTree = "<group>"; };
		SZGZ5W8KXW7566EH1U7HMQDH /* Date.h */ = {isa = PBXFileReference; lastKnownFileType = sourcecode.c.h; path = Date.h; sourceTree = "<group>"; };
		B7TV1STHNM4MWIQOP5YE2YRL /* EReg.m */ = {isa = PBXFileReference; lastKnownFileType = sourcecode.c.objc; path = EReg.m; sourceTree = "<group>"; };
		VAD3ROJ63YEFQQM21OCC4UX9 /* EReg.h */ = {isa = PBXFileReference; lastKnownFileType = sourcecode.c.h; path = EReg.h; sourceTree = "<group>"; };
		N0GGLMMNTO3IWHRFKJNWZF1V /* Lambda.m */ = {isa = PBXFileReference; lastKnownFileType = sourcecode.c.objc; path = Lambda.m; sourceTree = "<group>"; };
		X29BY3CMFTTYR56M7ER09PZL /* Lambda.h */ = {isa = PBXFileReference; lastKnownFileType = sourcecode.c.h; path = Lambda.h; sourceTree = "<group>"; };
		V0I57ARKMJPDSDNQ8Q1WL5J9 /* List.m */ = {isa = PBXFileReference; lastKnownFileType = sourcecode.c.objc; path = List.m; sourceTree = "<group>"; };
		9NJQA8PBXF0D9BS8SJ5W7UDU /* List.h */ = {isa = PBXFileReference; lastKnownFileType = sourcecode.c.h; path = List.h; sourceTree = "<group>"; };
		K96G37EED2ZKJ2JW0UT1KZBP /* Reflect.m */ = {isa = PBXFileReference; lastKnownFileType = sourcecode.c.objc; path = Reflect.m; sourceTree = "<group>"; };
		3UFRVK5VUAXK0MZBKBUNOO9Y /* Reflect.h */ = {isa = PBXFileReference; lastKnownFileType = sourcecode.c.h; path = Reflect.h; sourceTree = "<group>"; };
		QPX6DH6FFIEYX8MX32GHFKMW /* Std.m */ = {isa = PBXFileReference; lastKnownFileType = sourcecode.c.objc; path = Std.m; sourceTree = "<group>"; };
		H2TMW7PLUSX5Z5HYVEIEPWOW /* Std.h */ = {isa = PBXFileReference; lastKnownFileType = sourcecode.c.h; path = Std.h; sourceTree = "<group>"; };
		3XXZ5257ARTGXYI8K8CFFTV9 /* String.m */ = {isa = PBXFileReference; lastKnownFileType = sourcecode.c.objc; path = String.m; sourceTree = "<group>"; };
		SPS6V4HKVXPEJT3CE55AQ60K /* String.h */ = {isa = PBXFileReference; lastKnownFileType = sourcecode.c.h; path = String.h; sourceTree = "<group>"; };
		P34S8O2Z61B0PJDO8KMRLA5J /* StringBuf.m */ = {isa = PBXFileReference; lastKnownFileType = sourcecode.c.objc; path = StringBuf.m; sourceTree = "<group>"; };
		9495K7UA29JBH2G9KD9TBMCE /* StringBuf.h */ = {isa = PBXFileReference; lastKnownFileType = sourcecode.c.h; path = StringBuf.h; sourceTree = "<group>"; };
		5JVYN8M2LC5RQY9M9KNMCGGF /* StringTools.m */ = {isa = PBXFileReference; lastKnownFileType = sourcecode.c.objc; path = StringTools.m; sourceTree = "<group>"; };
		KLH8Y2FYCCNS610M4MQG8000 /* StringTools.h */ = {isa = PBXFileReference; lastKnownFileType = sourcecode.c.h; path = StringTools.h; sourceTree = "<group>"; };
		VJVHX39HJ303I5QG3Y7VDKIO /* Type.m */ = {isa = PBXFileReference; lastKnownFileType = sourcecode.c.objc; path = Type.m; sourceTree = "<group>"; };
		31CQKGYGQHWH73IRNURJLFBX /* haxe/CallStack.m */ = {isa = PBXFileReference; lastKnownFileType = sourcecode.c.objc; name = CallStack.m; path = Test/haxe/CallStack.m; sourceTree = SOURCE_ROOT; };
		4UD3Q33K0PYV126EYA4RZF5N /* haxe/Int64.m */ = {isa = PBXFileReference; lastKnownFileType = sourcecode.c.objc; name = Int64.m; path = Test/haxe/Int64.m; sourceTree = SOURCE_ROOT; };
		AEAUREYYI14MHBP54EJ6J9N1 /* haxe/Int64.h */ = {isa = PBXFileReference; lastKnownFileType = sourcecode.c.h; name = Int64.h; path = Test/haxe/Int64.h; sourceTree = SOURCE_ROOT; };
		NLNLVCMHP0GU1JN0NT5HGKW0 /* haxe/Json.m */ = {isa = PBXFileReference; lastKnownFileType = sourcecode.c.objc; name = Json.m; path = Test/haxe/Json.m; sourceTree = SOURCE_ROOT; };
		VJ2JT0NSA7RJ4E5AAW9YTF64 /* haxe/Json.h */ = {isa = PBXFileReference; lastKnownFileType = sourcecode.c.h; name = Json.h; path = Test/haxe/Json.h; sourceTree = SOURCE_ROOT; };
		3PBLYH2T98KYYPB2BR8OY41V /* haxe/Log.m */ = {isa = PBXFileReference; lastKnownFileType = sourcecode.c.objc; name = Log.m; path = Test/haxe/Log.m; sourceTree = SOURCE_ROOT; };
		D02ZGQKSIQD14ZTO63UPC76M /* haxe/Log.h */ = {isa = PBXFileReference; lastKnownFileType = sourcecode.c.h; name = Log.h; path = Test/haxe/Log.h; sourceTree = SOURCE_ROOT; };
		8SM6K4AX6YOA60OSV3L2CDEA /* haxe/Resource.m */ = {isa = PBXFileReference; lastKnownFileType = sourcecode.c.objc; name = Resource.m; path = Test/haxe/Resource.m; sourceTree = SOURCE_ROOT; };
		POV29KPGI19VAGHYS6OF4H5T /* haxe/Resource.h */ = {isa = PBXFileReference; lastKnownFileType = sourcecode.c.h; name = Resource.h; path = Test/haxe/Resource.h; sourceTree = SOURCE_ROOT; };
		YGA2G0059O8ZJ3N8YWX4580M /* haxe/Serializer.m */ = {isa = PBXFileReference; lastKnownFileType = sourcecode.c.objc; name = Serializer.m; path = Test/haxe/Serializer.m; sourceTree = SOURCE_ROOT; };
		R4WP4EUG1L7R2U6GMLPNWTS9 /* haxe/Serializer.h */ = {isa = PBXFileReference; lastKnownFileType = sourcecode.c.h; name = Serializer.h; path = Test/haxe/Serializer.h; sourceTree = SOURCE_ROOT; };
		6PUTA50BTD48M0HX26R7FWOJ /* haxe/Template.m */ = {isa = PBXFileReference; lastKnownFileType = sourcecode.c.objc; name = Template.m; path = Test/haxe/Template.m; sourceTree = SOURCE_ROOT; };
		H0H1BWHEBAIAIGZ0UFMZ7NEL /* haxe/Timer.m */ = {isa = PBXFileReference; lastKnownFileType = sourcecode.c.objc; name = Timer.m; path = Test/haxe/Timer.m; sourceTree = SOURCE_ROOT; };
		WD67MT7O1QEMOY3HFPLQ3HIL /* haxe/Timer.h */ = {isa = PBXFileReference; lastKnownFileType = sourcecode.c.h; name = Timer.h; path = Test/haxe/Timer.h; sourceTree = SOURCE_ROOT; };
		CH3ZYX7KV285XBR7TY3FIA8J /* haxe/Unserializer.m */ = {isa = PBXFileReference; lastKnownFileType = sourcecode.c.objc; name = Unserializer.m; path = Test/haxe/Unserializer.m; sourceTree = SOURCE_ROOT; };
		8PGTSHV22LI0U9WJVTG2TVCB /* haxe/Unserializer.h */ = {isa = PBXFileReference; lastKnownFileType = sourcecode.c.h; name = Unserializer.h; path = Test/haxe/Unserializer.h; sourceTree = SOURCE_ROOT; };
		GVQ5I8G5SBY4I84PJB6NWZ9A /* haxe/crypto/BaseCode.m */ = {isa = PBXFileReference; lastKnownFileType = sourcecode.c.objc; name = BaseCode.m; path = Test/haxe/crypto/BaseCode.m; sourceTree = SOURCE_ROOT; };
		C36G8AXCDKDDFHKIX7DSQHYZ /* haxe/crypto/BaseCode.h */ = {isa = PBXFileReference; lastKnownFileType = sourcecode.c.h; name = BaseCode.h; path = Test/haxe/crypto/BaseCode.h; sourceTree = SOURCE_ROOT; };
		KDPQDTASWC4FTV3IBL4LP4E3 /* haxe/crypto/Md5.m */ = {isa = PBXFileReference; lastKnownFileType = sourcecode.c.objc; name = Md5.m; path = Test/haxe/crypto/Md5.m; sourceTree = SOURCE_ROOT; };
		551XGX6SY02BHHR35QG6PJJI /* haxe/crypto/Md5.h */ = {isa = PBXFileReference; lastKnownFileType = sourcecode.c.h; name = Md5.h; path = Test/haxe/crypto/Md5.h; sourceTree = SOURCE_ROOT; };
		6QEZLMWII55VJSTW183XKEPB /* haxe/crypto/Sha1.m */ = {isa = PBXFileReference; lastKnownFileType = sourcecode.c.objc; name = Sha1.m; path = Test/haxe/crypto/Sha1.m; sourceTree = SOURCE_ROOT; };
		74IW6EMCH5UJ8GUP2F0U3767 /* haxe/crypto/Sha1.h */ = {isa = PBXFileReference; lastKnownFileType = sourcecode.c.h; name = Sha1.h; path = Test/haxe/crypto/Sha1.h; sourceTree = SOURCE_ROOT; };
		DGW1B1XCGV757J95BI7XBUUQ /* haxe/ds/GenericStack.m */ = {isa = PBXFileReference; lastKnownFileType = sourcecode.c.objc; name = GenericStack.m; path = Test/haxe/ds/GenericStack.m; sourceTree = SOURCE_ROOT; };
		JROW714WGN54YKJ5JM2FUCX8 /* haxe/ds/GenericStack.h */ = {isa = PBXFileReference; lastKnownFileType = sourcecode.c.h; name = GenericStack.h; path = Test/haxe/ds/GenericStack.h; sourceTree = SOURCE_ROOT; };
		3PX122USXDA1N2ZDWTKGWWZO /* haxe/ds/HashMap.m */ = {isa = PBXFileReference; lastKnownFileType = sourcecode.c.objc; name = HashMap.m; path = Test/haxe/ds/HashMap.m; sourceTree = SOURCE_ROOT; };
		ZFOGGJ1HKPGVOIGOSADJBSGG /* haxe/ds/HashMap.h */ = {isa = PBXFileReference; lastKnownFileType = sourcecode.c.h; name = HashMap.h; path = Test/haxe/ds/HashMap.h; sourceTree = SOURCE_ROOT; };
		0FXJKH70H2RK3Y165BHYJ2NK /* haxe/io/Bytes.m */ = {isa = PBXFileReference; lastKnownFileType = sourcecode.c.objc; name = Bytes.m; path = Test/haxe/io/Bytes.m; sourceTree = SOURCE_ROOT; };
		1CRDA0U15JD7ZVJEPB57Y5EA /* haxe/io/Bytes.h */ = {isa = PBXFileReference; lastKnownFileType = sourcecode.c.h; name = Bytes.h; path = Test/haxe/io/Bytes.h; sourceTree = SOURCE_ROOT; };
		KE8JIQPKDO1JG6HCWVK51WTH /* haxe/io/BytesBuffer.m */ = {isa = PBXFileReference; lastKnownFileType = sourcecode.c.objc; name = BytesBuffer.m; path = Test/haxe/io/BytesBuffer.m; sourceTree = SOURCE_ROOT; };
		TE4V4294K27WKWS1XD1Y2WY4 /* haxe/io/BytesBuffer.h */ = {isa = PBXFileReference; lastKnownFileType = sourcecode.c.h; name = BytesBuffer.h; path = Test/haxe/io/BytesBuffer.h; sourceTree = SOURCE_ROOT; };
		AUQNKLKVZIJVESX3VTED5PW5 /* haxe/io/Input.m */ = {isa = PBXFileReference; lastKnownFileType = sourcecode.c.objc; name = Input.m; path = Test/haxe/io/Input.m; sourceTree = SOURCE_ROOT; };
		H48PKFIXMJSHPSLW0I3WQKA4 /* haxe/io/Input.h */ = {isa = PBXFileReference; lastKnownFileType = sourcecode.c.h; name = Input.h; path = Test/haxe/io/Input.h; sourceTree = SOURCE_ROOT; };
		M7I9V64S0PRV4LHA0MXWABU2 /* haxe/io/BytesInput.m */ = {isa = PBXFileReference; lastKnownFileType = sourcecode.c.objc; name = BytesInput.m; path = Test/haxe/io/BytesInput.m; sourceTree = SOURCE_ROOT; };
		775BOL7P24H6KV4H1IXS6HS7 /* haxe/io/BytesInput.h */ = {isa = PBXFileReference; lastKnownFileType = sourcecode.c.h; name = BytesInput.h; path = Test/haxe/io/BytesInput.h; sourceTree = SOURCE_ROOT; };
		YB5WGW3CCX7ATV9068FKVJEX /* haxe/io/Output.m */ = {isa = PBXFileReference; lastKnownFileType = sourcecode.c.objc; name = Output.m; path = Test/haxe/io/Output.m; sourceTree = SOURCE_ROOT; };
		MD89CTWXD4CMGNP24BBZECWJ /* haxe/io/Output.h */ = {isa = PBXFileReference; lastKnownFileType = sourcecode.c.h; name = Output.h; path = Test/haxe/io/Output.h; sourceTree = SOURCE_ROOT; };
		MHHIWA1QGPPC664WKALYQ8Q0 /* haxe/io/BytesOutput.m */ = {isa = PBXFileReference; lastKnownFileType = sourcecode.c.objc; name = BytesOutput.m; path = Test/haxe/io/BytesOutput.m; sourceTree = SOURCE_ROOT; };
		FBF4TNTUS1LSTGWGN3TPT8HZ /* haxe/io/BytesOutput.h */ = {isa = PBXFileReference; lastKnownFileType = sourcecode.c.h; name = BytesOutput.h; path = Test/haxe/io/BytesOutput.h; sourceTree = SOURCE_ROOT; };
		ZW9NZ3WB8VGUR7VY3Y77FLOD /* haxe/io/Eof.m */ = {isa = PBXFileReference; lastKnownFileType = sourcecode.c.objc; name = Eof.m; path = Test/haxe/io/Eof.m; sourceTree = SOURCE_ROOT; };
		G7LEYPT393ARHO31RCB34WTM /* haxe/io/Eof.h */ = {isa = PBXFileReference; lastKnownFileType = sourcecode.c.h; name = Eof.h; path = Test/haxe/io/Eof.h; sourceTree = SOURCE_ROOT; };
		2FYWPY9IEQ5E2JWUAG5KH326 /* haxe/rtti/Meta.m */ = {isa = PBXFileReference; lastKnownFileType = sourcecode.c.objc; name = Meta.m; path = Test/haxe/rtti/Meta.m; sourceTree = SOURCE_ROOT; };
		WMLT0YODEJTCQ0I4ADKB6CJQ /* haxe/rtti/Meta.h */ = {isa = PBXFileReference; lastKnownFileType = sourcecode.c.h; name = Meta.h; path = Test/haxe/rtti/Meta.h; sourceTree = SOURCE_ROOT; };
		Q7VOY8PP8VZ9LI2K2G113C0R /* haxe/xml/Parser.m */ = {isa = PBXFileReference; lastKnownFileType = sourcecode.c.objc; name = Parser.m; path = Test/haxe/xml/Parser.m; sourceTree = SOURCE_ROOT; };
		UX6A7R63AFIZV45YSPPMVDC0 /* haxe/xml/Parser.h */ = {isa = PBXFileReference; lastKnownFileType = sourcecode.c.h; name = Parser.h; path = Test/haxe/xml/Parser.h; sourceTree = SOURCE_ROOT; };
		3QFFKTDZECLL0KCUPRE7KK32 /* unit/MyAbstract.m */ = {isa = PBXFileReference; lastKnownFileType = sourcecode.c.objc; name = MyAbstract.m; path = Test/unit/MyAbstract.m; sourceTree = SOURCE_ROOT; };
		L8ZRJ927FXB4PXDD2VBIKHGA /* unit/MyAbstract.h */ = {isa = PBXFileReference; lastKnownFileType = sourcecode.c.h; name = MyAbstract.h; path = Test/unit/MyAbstract.h; sourceTree = SOURCE_ROOT; };
		RE3FE98GPD2JC8J9JR95R6DA /* unit/MyClass.m */ = {isa = PBXFileReference; lastKnownFileType = sourcecode.c.objc; name = MyClass.m; path = Test/unit/MyClass.m; sourceTree = SOURCE_ROOT; };
		S1TZ8J58SO8QNFQ01N94NSK3 /* unit/MyClass.h */ = {isa = PBXFileReference; lastKnownFileType = sourcecode.c.h; name = MyClass.h; path = Test/unit/MyClass.h; sourceTree = SOURCE_ROOT; };
		JXXNKL2BL711MCX3YYG45JKT /* unit/MyInterface.h */ = {isa = PBXFileReference; lastKnownFileType = sourcecode.c.h; name = MyInterface.h; path = Test/unit/MyInterface.h; sourceTree = SOURCE_ROOT; };
		D5HRZRPIENV3NHZRGB6E22CJ /* unit/MyMacro.m */ = {isa = PBXFileReference; lastKnownFileType = sourcecode.c.objc; name = MyMacro.m; path = Test/unit/MyMacro.m; sourceTree = SOURCE_ROOT; };
		0OY4TUJKXLVFXHABL67I9BXL /* unit/MyMacro.h */ = {isa = PBXFileReference; lastKnownFileType = sourcecode.c.h; name = MyMacro.h; path = Test/unit/MyMacro.h; sourceTree = SOURCE_ROOT; };
		479UR3ZCPIG1V72PQNBGALQC /* unit/MySubClass.m */ = {isa = PBXFileReference; lastKnownFileType = sourcecode.c.objc; name = MySubClass.m; path = Test/unit/MySubClass.m; sourceTree = SOURCE_ROOT; };
		FW34IBDFOK7MRHHFVZW56IHH /* unit/MySubClass.h */ = {isa = PBXFileReference; lastKnownFileType = sourcecode.c.h; name = MySubClass.h; path = Test/unit/MySubClass.h; sourceTree = SOURCE_ROOT; };
		FSOR8Q3BJYU4H9VXNJI34Q2V /* unit/MyUsing1.m */ = {isa = PBXFileReference; lastKnownFileType = sourcecode.c.objc; name = MyUsing1.m; path = Test/unit/MyUsing1.m; sourceTree = SOURCE_ROOT; };
		HS6FOH4YE7IDPPTZDZ2S3QUT /* unit/MyUsing1.h */ = {isa = PBXFileReference; lastKnownFileType = sourcecode.c.h; name = MyUsing1.h; path = Test/unit/MyUsing1.h; sourceTree = SOURCE_ROOT; };
		ULRP9S2DNC39VFTLD5IJELR0 /* unit/MyUsing2.m */ = {isa = PBXFileReference; lastKnownFileType = sourcecode.c.objc; name = MyUsing2.m; path = Test/unit/MyUsing2.m; sourceTree = SOURCE_ROOT; };
		WY3RHF6XC7EXQBB9LW0ZUHG2 /* unit/MyUsing2.h */ = {isa = PBXFileReference; lastKnownFileType = sourcecode.c.h; name = MyUsing2.h; path = Test/unit/MyUsing2.h; sourceTree = SOURCE_ROOT; };
		W2ULPRGLJJVXMGPC9C2A7DY2 /* unit/Test.m */ = {isa = PBXFileReference; lastKnownFileType = sourcecode.c.objc; name = Test.m; path = Test/unit/Test.m; sourceTree = SOURCE_ROOT; };
		13MVGM1FJJWP6LKFXSI8RT5U /* unit/Test.h */ = {isa = PBXFileReference; lastKnownFileType = sourcecode.c.h; name = Test.h; path = Test/unit/Test.h; sourceTree = SOURCE_ROOT; };
		RC439REO0PJUW99N0MPOQM66 /* unit/TestBasetypes.m */ = {isa = PBXFileReference; lastKnownFileType = sourcecode.c.objc; name = TestBasetypes.m; path = Test/unit/TestBasetypes.m; sourceTree = SOURCE_ROOT; };
		NBOPRNYR3CMGZ6MUMVXY2RMG /* unit/TestBasetypes.h */ = {isa = PBXFileReference; lastKnownFileType = sourcecode.c.h; name = TestBasetypes.h; path = Test/unit/TestBasetypes.h; sourceTree = SOURCE_ROOT; };
		3CTJEYQRTZQ7OE29GOIUMERS /* unit/TestBytes.m */ = {isa = PBXFileReference; lastKnownFileType = sourcecode.c.objc; name = TestBytes.m; path = Test/unit/TestBytes.m; sourceTree = SOURCE_ROOT; };
		RPG8PSQIWZZWCCXUOJKFK5NL /* unit/TestBytes.h */ = {isa = PBXFileReference; lastKnownFileType = sourcecode.c.h; name = TestBytes.h; path = Test/unit/TestBytes.h; sourceTree = SOURCE_ROOT; };
		VF10ZAYFP8TIUWCJ4NROK03P /* unit/TestEReg.m */ = {isa = PBXFileReference; lastKnownFileType = sourcecode.c.objc; name = TestEReg.m; path = Test/unit/TestEReg.m; sourceTree = SOURCE_ROOT; };
		HBAC0P8ET8L83YYQAFE216CP /* unit/TestEReg.h */ = {isa = PBXFileReference; lastKnownFileType = sourcecode.c.h; name = TestEReg.h; path = Test/unit/TestEReg.h; sourceTree = SOURCE_ROOT; };
		S3O14FTXGBRM50EHLAH0B2HT /* unit/TestIO.m */ = {isa = PBXFileReference; lastKnownFileType = sourcecode.c.objc; name = TestIO.m; path = Test/unit/TestIO.m; sourceTree = SOURCE_ROOT; };
		66F9SH8PDVWWIDAFEC4V53X6 /* unit/TestIO.h */ = {isa = PBXFileReference; lastKnownFileType = sourcecode.c.h; name = TestIO.h; path = Test/unit/TestIO.h; sourceTree = SOURCE_ROOT; };
		KQT1YUUAJ54Y3YKR2PL2KLZP /* unit/TestInt64.m */ = {isa = PBXFileReference; lastKnownFileType = sourcecode.c.objc; name = TestInt64.m; path = Test/unit/TestInt64.m; sourceTree = SOURCE_ROOT; };
		ZDCNK33SH6QS5X43577NYUBE /* unit/TestInt64.h */ = {isa = PBXFileReference; lastKnownFileType = sourcecode.c.h; name = TestInt64.h; path = Test/unit/TestInt64.h; sourceTree = SOURCE_ROOT; };
		51I2QR5MXQPD5CFJ78IDUIG7 /* unit/TestLocals.m */ = {isa = PBXFileReference; lastKnownFileType = sourcecode.c.objc; name = TestLocals.m; path = Test/unit/TestLocals.m; sourceTree = SOURCE_ROOT; };
		NLDDURPU4Q0RRN8IY53DV9N3 /* unit/TestLocals.h */ = {isa = PBXFileReference; lastKnownFileType = sourcecode.c.h; name = TestLocals.h; path = Test/unit/TestLocals.h; sourceTree = SOURCE_ROOT; };
		7V5Q46R4BFTWBVUFK1NMPTUP /* unit/TestMatch.m */ = {isa = PBXFileReference; lastKnownFileType = sourcecode.c.objc; name = TestMatch.m; path = Test/unit/TestMatch.m; sourceTree = SOURCE_ROOT; };
		5UERYC53K6QWDKHCVZ3WJF7Q /* unit/TestMeta.m */ = {isa = PBXFileReference; lastKnownFileType = sourcecode.c.objc; name = TestMeta.m; path = Test/unit/TestMeta.m; sourceTree = SOURCE_ROOT; };
		GRTMYBOD7JVV46ZFJDQEVLS4 /* unit/TestMisc.m */ = {isa = PBXFileReference; lastKnownFileType = sourcecode.c.objc; name = TestMisc.m; path = Test/unit/TestMisc.m; sourceTree = SOURCE_ROOT; };
		SNHWE44V1YWCJLJX6NV0KCVX /* unit/TestMisc.h */ = {isa = PBXFileReference; lastKnownFileType = sourcecode.c.h; name = TestMisc.h; path = Test/unit/TestMisc.h; sourceTree = SOURCE_ROOT; };
		QPYI4O09DOXLC1Z9CIGVUNGZ /* unit/TestOps.m */ = {isa = PBXFileReference; lastKnownFileType = sourcecode.c.objc; name = TestOps.m; path = Test/unit/TestOps.m; sourceTree = SOURCE_ROOT; };
		GLWUSQBHNCXF99LC0PBXS0A0 /* unit/TestOps.h */ = {isa = PBXFileReference; lastKnownFileType = sourcecode.c.h; name = TestOps.h; path = Test/unit/TestOps.h; sourceTree = SOURCE_ROOT; };
		BJBGZ8PEEAFON8YX7YWGQI9W /* unit/TestOrder.m */ = {isa = PBXFileReference; lastKnownFileType = sourcecode.c.objc; name = TestOrder.m; path = Test/unit/TestOrder.m; sourceTree = SOURCE_ROOT; };
		VANM2IZRVQEZO00YAJCBVZCU /* unit/TestReflect.h */ = {isa = PBXFileReference; lastKnownFileType = sourcecode.c.h; name = TestReflect.h; path = Test/unit/TestReflect.h; sourceTree = SOURCE_ROOT; };
		W50D98FZGGGNWJM8V2I41AIM /* unit/TestResource.m */ = {isa = PBXFileReference; lastKnownFileType = sourcecode.c.objc; name = TestResource.m; path = Test/unit/TestResource.m; sourceTree = SOURCE_ROOT; };
		73NIORIVM0ON2WP4UJZQEBLT /* unit/TestResource.h */ = {isa = PBXFileReference; lastKnownFileType = sourcecode.c.h; name = TestResource.h; path = Test/unit/TestResource.h; sourceTree = SOURCE_ROOT; };
		OAR2VGFR5TPE8TP3BRSKM2ID /* unit/TestSerialize.m */ = {isa = PBXFileReference; lastKnownFileType = sourcecode.c.objc; name = TestSerialize.m; path = Test/unit/TestSerialize.m; sourceTree = SOURCE_ROOT; };
		E6YA7Z2NHIPAVKVJJQIIW1ZO /* unit/TestSerialize.h */ = {isa = PBXFileReference; lastKnownFileType = sourcecode.c.h; name = TestSerialize.h; path = Test/unit/TestSerialize.h; sourceTree = SOURCE_ROOT; };
		ST1WHFP8YDMQMF87FF7EFXLT /* unit/TestSpecification.m */ = {isa = PBXFileReference; lastKnownFileType = sourcecode.c.objc; name = TestSpecification.m; path = Test/unit/TestSpecification.m; sourceTree = SOURCE_ROOT; };
		7OCAZ9DUDUQYUQQZME7KP93Q /* unit/TestSpecification.h */ = {isa = PBXFileReference; lastKnownFileType = sourcecode.c.h; name = TestSpecification.h; path = Test/unit/TestSpecification.h; sourceTree = SOURCE_ROOT; };
		DNEOYS8HFF3BSRK8ZM5ZDLCQ /* unit/TestType.m */ = {isa = PBXFileReference; lastKnownFileType = sourcecode.c.objc; name = TestType.m; path = Test/unit/TestType.m; sourceTree = SOURCE_ROOT; };
		OZ75TIEJX872AEGZFACITS6M /* unit/TestType.h */ = {isa = PBXFileReference; lastKnownFileType = sourcecode.c.h; name = TestType.h; path = Test/unit/TestType.h; sourceTree = SOURCE_ROOT; };
		NW6QT8KS0I8JO4WT9XVRFSDB /* unit/TestXML.m */ = {isa = PBXFileReference; lastKnownFileType = sourcecode.c.objc; name = TestXML.m; path = Test/unit/TestXML.m; sourceTree = SOURCE_ROOT; };
		OJXX8FEW7GRRYAO2ZPH3UDHE /* unit/TestXML.h */ = {isa = PBXFileReference; lastKnownFileType = sourcecode.c.h; name = TestXML.h; path = Test/unit/TestXML.h; sourceTree = SOURCE_ROOT; };
		KL42HVG80TOPW5P8VT9XT1X6 /* haxe/ */ = {isa = PBXFileReference; lastKnownFileType = folder; path = haxe; sourceTree = "<group>"; };
		3EB5W304D5OAATJDE6VH0TA8 /* unit/ */ = {isa = PBXFileReference; lastKnownFileType = folder; path = unit; sourceTree = "<group>"; };
		A93JM03FDF1VLSRFKD30WHFI /* en */ = {isa = PBXFileReference; lastKnownFileType = text.plist.strings; name = en; path = en.lproj/InfoPlist.strings; sourceTree = "<group>"; };
		MCX57RD8GXD88NTPY0IWWA2A /* en */ = {isa = PBXFileReference; lastKnownFileType = text.plist.strings; name = en; path = en.lproj/InfoPlist.strings; sourceTree = "<group>"; };
		NOCTKQGVQJ7FU8P8C92J4Z2P /* Test-Info.plist */ = {isa = PBXFileReference; lastKnownFileType = text.plist.xml; path = "Test-Info.plist"; sourceTree = "<group>"; };
		WXUVX3M5OLFHYBR1ZI6N6MC7 /* Test-Prefix.pch */ = {isa = PBXFileReference; lastKnownFileType = sourcecode.c.h; path = "Test-Prefix.pch"; sourceTree = "<group>"; };
		4YMWV5CPFJKL5QGO043LXZDI /* main.m */ = {isa = PBXFileReference; lastKnownFileType = sourcecode.c.objc; path = main.m; sourceTree = "<group>"; };
		JCBJMX5CCDH1BZODV63AUXD4 /* Test.app */ = {isa = PBXFileReference; explicitFileType = wrapper.application; includeInIndex = 0; path = Test.app; sourceTree = BUILT_PRODUCTS_DIR; };
		K4FCNAW2PVOC1SUV2EWEYA4R /* TestTests.octest */ = {isa = PBXFileReference; explicitFileType = wrapper.cfbundle; includeInIndex = 0; path = TestTests.octest; sourceTree = BUILT_PRODUCTS_DIR; };
/* End PBXFileReference section */


/* Begin PBXFrameworksBuildPhase section */
		E1EGBJH2L2Y8520LYBE6PITF /* Frameworks */ = {
			isa = PBXFrameworksBuildPhase;
			buildActionMask = 2147483647;
			files = (
				3AAIJBJ56NGFLKA69B5T6TA3 /* Foundation.framework in Frameworks */,
			);
			runOnlyForDeploymentPostprocessing = 0;
		};
		NSG36IZKLQU0BWWCI9BSY48V /* Frameworks */ = {
			isa = PBXFrameworksBuildPhase;
			buildActionMask = 2147483647;
			files = (
				3AAIJBJ56NGFLKA69B5T6TA3 /* Foundation.framework in Frameworks */,
			);
			runOnlyForDeploymentPostprocessing = 0;
		};
/* End PBXFrameworksBuildPhase section */

/* Begin PBXGroup section */
		2CBY5RXZXPBOC964N0I0TYN9 = {
			isa = PBXGroup;
			children = (
				N7RVF48AKIW2HF46AM3XAHVD /* Test */,
				LOH7Z3JKVK3UKXC79TKJ92M9 /* TestTests */,
				USUI3LWRXLCHFR9DW7LTABC6 /* Frameworks */,
				YOUK8259QINDQECHY43R8AGR /* Products */,
			);
			sourceTree = "<group>";
		};
		YOUK8259QINDQECHY43R8AGR /* Products */ = {
			isa = PBXGroup;
			children = (
				JCBJMX5CCDH1BZODV63AUXD4 /* Test.app */,
				K4FCNAW2PVOC1SUV2EWEYA4R /* TestTests.octest */,
			);
			name = Products;
			sourceTree = "<group>";
		};
		USUI3LWRXLCHFR9DW7LTABC6 /* Frameworks */ = {
			isa = PBXGroup;
			children = (
				L83X83TA8LGXKG5Q2UX0RF0L /* Foundation.framework in Frameworks */,
			);
			name = Frameworks;
			sourceTree = "<group>";
		};
		N7RVF48AKIW2HF46AM3XAHVD /* Test */ = {
			isa = PBXGroup;
			children = (
				XHA75W9PAQLSRUBZ0Q5KK5OI /* Array.m */,
				XHDQ58IJVWAOK75REPBC4FU1 /* Array.h */,
				FP1WAWJSI5F70YS17ES1VKCQ /* Date.m */,
				SZGZ5W8KXW7566EH1U7HMQDH /* Date.h */,
				B7TV1STHNM4MWIQOP5YE2YRL /* EReg.m */,
				VAD3ROJ63YEFQQM21OCC4UX9 /* EReg.h */,
				N0GGLMMNTO3IWHRFKJNWZF1V /* Lambda.m */,
				X29BY3CMFTTYR56M7ER09PZL /* Lambda.h */,
				V0I57ARKMJPDSDNQ8Q1WL5J9 /* List.m */,
				9NJQA8PBXF0D9BS8SJ5W7UDU /* List.h */,
				K96G37EED2ZKJ2JW0UT1KZBP /* Reflect.m */,
				3UFRVK5VUAXK0MZBKBUNOO9Y /* Reflect.h */,
				QPX6DH6FFIEYX8MX32GHFKMW /* Std.m */,
				H2TMW7PLUSX5Z5HYVEIEPWOW /* Std.h */,
				3XXZ5257ARTGXYI8K8CFFTV9 /* String.m */,
				SPS6V4HKVXPEJT3CE55AQ60K /* String.h */,
				P34S8O2Z61B0PJDO8KMRLA5J /* StringBuf.m */,
				9495K7UA29JBH2G9KD9TBMCE /* StringBuf.h */,
				5JVYN8M2LC5RQY9M9KNMCGGF /* StringTools.m */,
				KLH8Y2FYCCNS610M4MQG8000 /* StringTools.h */,
				VJVHX39HJ303I5QG3Y7VDKIO /* Type.m */,
				KL42HVG80TOPW5P8VT9XT1X6 /* haxe/ */,
				3EB5W304D5OAATJDE6VH0TA8 /* unit/ */,
				5LNZNTLRT46HPLZ0K8K555R9 /* Supporting Files */,
			);
			path = Test;
			sourceTree = "<group>";
		};
		5LNZNTLRT46HPLZ0K8K555R9 /* Supporting Files */ = {
			isa = PBXGroup;
			children = (
				NOCTKQGVQJ7FU8P8C92J4Z2P /* Test-Info.plist */,
				QZ0N2BPI9E28PQ5QP3VMD2V1 /* InfoPlist.strings */,
				4YMWV5CPFJKL5QGO043LXZDI /* main.m */,
				WXUVX3M5OLFHYBR1ZI6N6MC7 /* Test-Prefix.pch */,
			);
			name = "Supporting Files";
			sourceTree = "<group>";
		};
		LOH7Z3JKVK3UKXC79TKJ92M9 /* TestTests */ = {
			isa = PBXGroup;
			children = (
				/* 28BFDA091628A95900882B34 TestTests.h ,*/
				/* 28BFDA0A1628A95900882B34 TestTests.m ,*/
				HHJQ70VCPX2JAWVYWN91Q5W8 /* Supporting Files */,
			);
			path = TestTests;
			sourceTree = "<group>";
		};
		HHJQ70VCPX2JAWVYWN91Q5W8 /* Supporting Files */ = {
			isa = PBXGroup;
			children = (
				/* 28BFDA051628A95900882B34 TestTests-Info.plist ,*/
				R0UY2E6FFY8ST903SI8T9UAO /* InfoPlist.strings */,
			);
			name = "Supporting Files";
			sourceTree = "<group>";
		};
/* End PBXGroup section */

/* Begin PBXNativeTarget section */
		HS5B9ZSSTGMJFQ7G9PZVQQZN /* Test */ = {
			isa = PBXNativeTarget;
			buildConfigurationList = SALDLZOX07HKNWFLGUGOR3TK /* Build configuration list for PBXNativeTarget "Test" */;
			buildPhases = (
				NSN5C1GCK174Q3KWP83BQDXE /* Sources */,
				E1EGBJH2L2Y8520LYBE6PITF /* Frameworks */,
				GKZ7MKHJN5302N3V0CDPEISA /* Resources */,
			);
			buildRules = (
			);
			dependencies = (
			);
			name = Test;
			productName = Test;
			productReference = JCBJMX5CCDH1BZODV63AUXD4 /* Test.app */;
			productType = "com.apple.product-type.application";
		};
		6N620OUM49BFC033C9ZYURNL /* TestTests */ = {
			isa = PBXNativeTarget;
			buildConfigurationList = XJ75ZUDAWX2A7TNSB92LVWN5 /* Build configuration list for PBXNativeTarget "TestTests" */;
			buildPhases = (
				EGPNE6T427V5A697U4HYX7ZL /* Sources */,
				NSG36IZKLQU0BWWCI9BSY48V /* Frameworks */,
				FOY9FRDHFD7G6A2R20DUH8UF /* Resources */,
				TTRYZBBGIICO2VKNZHT7L9PN /* ShellScript */,
			);
			buildRules = (
			);
			dependencies = (
				8SH8YH0UVWTYG0JYKEMWIR6T /* PBXTargetDependency */,
			);
			name = TestTests;
			productName = TestTests;
			productReference = K4FCNAW2PVOC1SUV2EWEYA4R /* TestTests.octest */;
			productType = "com.apple.product-type.bundle";
		};
/* End PBXNativeTarget section */

/* Begin PBXProject section */
		FOYUMMGB063G5LOW83UD9TB5 /* Project object */ = {
			isa = PBXProject;
			attributes = {
				LastUpgradeCheck = 0450;
				ORGANIZATIONNAME = "You";
			};
			buildConfigurationList = MQ0KTB8EFCE3ALSW2I27LH6I /* Build configuration list for PBXProject "Test" */;
			compatibilityVersion = "Xcode 3.2";
			developmentRegion = English;
			hasScannedForEncodings = 0;
			knownRegions = (
				en,
			);
			mainGroup = 2CBY5RXZXPBOC964N0I0TYN9;
			productRefGroup = YOUK8259QINDQECHY43R8AGR /* Products */;
			projectDirPath = "";
			projectRoot = "";
			targets = (
				HS5B9ZSSTGMJFQ7G9PZVQQZN /* Test */,
				6N620OUM49BFC033C9ZYURNL /* TestTests */,
			);
		};
/* End PBXProject section */

/* Begin PBXResourcesBuildPhase section */
		GKZ7MKHJN5302N3V0CDPEISA /* Resources */ = {
			isa = PBXResourcesBuildPhase;
			buildActionMask = 2147483647;
			files = (
				P46CZKD83GDX1U5UU6WMO0P4 /* InfoPlist.strings in Resources */,
		TD4YPWS4XKHC4X87D1CANMLX /* haxe/ in Resoures */,
		OM892L22QHP3ADA797AQQBA9 /* unit/ in Resoures */,
			);
			runOnlyForDeploymentPostprocessing = 0;
		};
		FOY9FRDHFD7G6A2R20DUH8UF /* Resources */ = {
			isa = PBXResourcesBuildPhase;
			buildActionMask = 2147483647;
			files = (
				4PUQRSOQ1EXULMZKPK0PVZZV /* InfoPlist.strings in Resources */,
			);
			runOnlyForDeploymentPostprocessing = 0;
		};
/* End PBXResourcesBuildPhase section */

/* Begin PBXShellScriptBuildPhase section */
		TTRYZBBGIICO2VKNZHT7L9PN /* ShellScript */ = {
			isa = PBXShellScriptBuildPhase;
			buildActionMask = 2147483647;
			files = (
			);
			inputPaths = (
			);
			outputPaths = (
			);
			runOnlyForDeploymentPostprocessing = 0;
			shellPath = /bin/sh;
			shellScript = "# Run the unit tests in this test bundle.\
\"${SYSTEM_DEVELOPER_DIR}/Tools/RunUnitTests\"\
";
		};
/* End PBXShellScriptBuildPhase section */

/* Begin PBXSourcesBuildPhase section */
		NSN5C1GCK174Q3KWP83BQDXE /* Sources */ = {
			isa = PBXSourcesBuildPhase;
			buildActionMask = 2147483647;
			files = (
D2VR6GTS048INIWG6SZGKNG2 /* main.m in Sources */,
				JY5SNZZCSZARXYVPZRDGX0AK /* Array.m in Sources */,
				I3ILHWKKMUO3MQBAMCGIKMYV /* Date.m in Sources */,
				69AMR9VM3A4XSS9PJAXQD1RJ /* EReg.m in Sources */,
				BEMT5A0SMTRYRXP69ZBL5P8B /* Lambda.m in Sources */,
				EJOEGP0BTC2VGQ8Y82BGCG0W /* List.m in Sources */,
				KUMJ0DVOGSFF34C8SA491LIZ /* Reflect.m in Sources */,
				YKP2QRYDNU86GTEJE8MO9SCK /* Std.m in Sources */,
				X30YNPTSIPPN6VAMPDHPXS5G /* String.m in Sources */,
				ID0CI0YD5GFJLH3T3RDA8CAO /* StringBuf.m in Sources */,
				QKHSW6XD0PIZII7CWUER9X6J /* StringTools.m in Sources */,
				KDDCO40LW6APIVVWIUCEKBZO /* Type.m in Sources */,
				V98TXX4T5JT4J1XN095S0DJG /* haxe/CallStack.m in Sources */,
				YT4G9MUV5BUPXI9YG4MG4MOY /* haxe/Int64.m in Sources */,
				ADPDQZTYRTQSIRNKV5OFUFHY /* haxe/Json.m in Sources */,
				O188A1ZK6RHPJ006CO3ZNETD /* haxe/Log.m in Sources */,
				67JE394KR6IYP3CDX7GX672E /* haxe/Resource.m in Sources */,
				WZEO034Z5YO4QT7TGKB80PE9 /* haxe/Serializer.m in Sources */,
				391R8S08THNBF8D2QF7KWSCC /* haxe/Template.m in Sources */,
				6BSP94F7VJMZOOMKTY1TOHL1 /* haxe/Timer.m in Sources */,
				OHK5QSD7B82SDHMKMZM8AHL0 /* haxe/Unserializer.m in Sources */,
				AOACZU403P7DWLUFUY57ZG87 /* haxe/crypto/BaseCode.m in Sources */,
				BQRHJUC18IH5F6EZNLB8EZYF /* haxe/crypto/Md5.m in Sources */,
				74OBYLITK8QOKSDPU5631A4M /* haxe/crypto/Sha1.m in Sources */,
				F8D40D3649Y4PN1P6H407OL1 /* haxe/ds/GenericStack.m in Sources */,
				GNUHMR81CBGY4A7OPYKZC07Z /* haxe/ds/HashMap.m in Sources */,
				EJVGLQSOHE445TVZ9VAOECVN /* haxe/io/Bytes.m in Sources */,
				JU8AR09DIG9ZO6UVK4AAHRHE /* haxe/io/BytesBuffer.m in Sources */,
				T3JUBI28CR2KVI2NWFO1OJZ3 /* haxe/io/Input.m in Sources */,
				SKSECDYMQV14MIONL6N83LSZ /* haxe/io/BytesInput.m in Sources */,
				BKLT9V20PZFZIKIZWB3LC19J /* haxe/io/Output.m in Sources */,
				MZO3YJAD32LPILEKIV9IPY5J /* haxe/io/BytesOutput.m in Sources */,
				9CIN8FUT9KV3ZJ3A3RPIRW4T /* haxe/io/Eof.m in Sources */,
				F369CFDMJMK5SE1AQNUN8IW9 /* haxe/rtti/Meta.m in Sources */,
				MBFT7IAT40NM0WE758IUL5JB /* haxe/xml/Parser.m in Sources */,
				SWL5M2YTUN4BQR5ELIIFS70M /* unit/MyAbstract.m in Sources */,
				3IUAGULAP3N5YOQMRUMHJY7E /* unit/MyClass.m in Sources */,
				6N8WEF5SBEM71S8UIY0EHRVE /* unit/MyMacro.m in Sources */,
				HXVLOPLMLRCMY1J2RBGZZD14 /* unit/MySubClass.m in Sources */,
				QFT77ZJXFE6YLTIFPVEXLIIM /* unit/MyUsing1.m in Sources */,
				7OHQUII8VYC24WGV8WXOV2ZF /* unit/MyUsing2.m in Sources */,
				DPP4GGX8UXTNMEL2YTOYCX7T /* unit/Test.m in Sources */,
				APV43VCKGJH36KL4BENU1NUN /* unit/TestBasetypes.m in Sources */,
				023PPURC4SUH46JD4K42S1NA /* unit/TestBytes.m in Sources */,
				LDF99Z32156WP813RU59412O /* unit/TestEReg.m in Sources */,
				TNX6B7HQ3JD6L7LELDU4SC6L /* unit/TestIO.m in Sources */,
				1NFOHGH3275H1GNRHHV04CZO /* unit/TestInt64.m in Sources */,
				PSFWL00NYDR3C2FHWFIH46FO /* unit/TestLocals.m in Sources */,
				MIWBLATH2JN7LQN5TINZ6HMG /* unit/TestMatch.m in Sources */,
				HRB9VF6UDC6L18GQ9TJ8A0MM /* unit/TestMeta.m in Sources */,
				EEER9SFWVJWSGJ4DCU7WA106 /* unit/TestMisc.m in Sources */,
				NYT7MPLUGQK7JZMGVGTSRFGR /* unit/TestOps.m in Sources */,
				68ITFOW32OLRHZYHORY2WI9X /* unit/TestOrder.m in Sources */,
				BZ3C1LKI7652OUL2EM1WX0UM /* unit/TestResource.m in Sources */,
				3QSOWWWLAP16LOOZANQUDSU7 /* unit/TestSerialize.m in Sources */,
				H3BT0MFK1PTA0K3Z9DMO9CCO /* unit/TestSpecification.m in Sources */,
				LC3HFXRS15E8U76H4DOLAWIF /* unit/TestType.m in Sources */,
				7DA383RM1U58AJYPRG84M1WY /* unit/TestXML.m in Sources */,
			);
			runOnlyForDeploymentPostprocessing = 0;
		};
		EGPNE6T427V5A697U4HYX7ZL /* Sources */ = {
			isa = PBXSourcesBuildPhase;
			buildActionMask = 2147483647;
			files = (
				/* 28BFDA0B1628A95900882B34  TestTests.m in Sources ,*/
			);
			runOnlyForDeploymentPostprocessing = 0;
		};
/* End PBXSourcesBuildPhase section */

/* Begin PBXTargetDependency section */
		8SH8YH0UVWTYG0JYKEMWIR6T /* PBXTargetDependency */ = {
			isa = PBXTargetDependency;
			target = HS5B9ZSSTGMJFQ7G9PZVQQZN /* Test */;
			targetProxy = 5QX4SBO33OK5J01EV5JIYTMH /* PBXContainerItemProxy */;
		};
/* End PBXTargetDependency section */

/* Begin PBXVariantGroup section */
		QZ0N2BPI9E28PQ5QP3VMD2V1 /* InfoPlist.strings */ = {
			isa = PBXVariantGroup;
			children = (
				A93JM03FDF1VLSRFKD30WHFI /* en */,
			);
			name = InfoPlist.strings;
			sourceTree = "<group>";
		};
		R0UY2E6FFY8ST903SI8T9UAO /* InfoPlist.strings */ = {
			isa = PBXVariantGroup;
			children = (
				MCX57RD8GXD88NTPY0IWWA2A /* en */,
			);
			name = InfoPlist.strings;
			sourceTree = "<group>";
		};
/* End PBXVariantGroup section */

/* Begin XCBuildConfiguration section */
		H19BG31QP7GPF9O0OA5GXCRA /* Debug */ = {
			isa = XCBuildConfiguration;
			buildSettings = {
				ALWAYS_SEARCH_USER_PATHS = NO;
				CLANG_CXX_LANGUAGE_STANDARD = "gnu++0x";
				CLANG_CXX_LIBRARY = "libc++";
				CLANG_ENABLE_OBJC_ARC = YES;
				CLANG_WARN_EMPTY_BODY = YES;
				CLANG_WARN__DUPLICATE_METHOD_MATCH = YES;
				"CODE_SIGN_IDENTITY[sdk=iphoneos*]" = "iPhone Developer";
				COPY_PHASE_STRIP = NO;
				GCC_C_LANGUAGE_STANDARD = gnu99;
				GCC_DYNAMIC_NO_PIC = NO;
				GCC_OPTIMIZATION_LEVEL = 0;
				GCC_PREPROCESSOR_DEFINITIONS = (
					"DEBUG=1",
					"$(inherited)",
				);
				GCC_SYMBOLS_PRIVATE_EXTERN = NO;
				GCC_WARN_ABOUT_RETURN_TYPE = YES;
				GCC_WARN_UNINITIALIZED_AUTOS = YES;
				GCC_WARN_UNUSED_VARIABLE = YES;
				IPHONEOS_DEPLOYMENT_TARGET = 6.0;
				ONLY_ACTIVE_ARCH = YES;
				SDKROOT = iphoneos;
			};
			name = Debug;
		};
		T4MKX9RR6Y5LC6ND7WNNEO92 /* Release */ = {
			isa = XCBuildConfiguration;
			buildSettings = {
				ALWAYS_SEARCH_USER_PATHS = NO;
				CLANG_CXX_LANGUAGE_STANDARD = "gnu++0x";
				CLANG_CXX_LIBRARY = "libc++";
				CLANG_ENABLE_OBJC_ARC = YES;
				CLANG_WARN_EMPTY_BODY = YES;
				CLANG_WARN__DUPLICATE_METHOD_MATCH = YES;
				"CODE_SIGN_IDENTITY[sdk=iphoneos*]" = "iPhone Developer";
				COPY_PHASE_STRIP = YES;
				GCC_C_LANGUAGE_STANDARD = gnu99;
				GCC_WARN_ABOUT_RETURN_TYPE = YES;
				GCC_WARN_UNINITIALIZED_AUTOS = YES;
				GCC_WARN_UNUSED_VARIABLE = YES;
				IPHONEOS_DEPLOYMENT_TARGET = 6.0;
				OTHER_CFLAGS = "-DNS_BLOCK_ASSERTIONS=1";
				SDKROOT = iphoneos;
				VALIDATE_PRODUCT = YES;
			};
			name = Release;
		};
		3VMCCSAU14CGAKF489QIH3P9 /* Debug */ = {
			isa = XCBuildConfiguration;
			buildSettings = {
				CODE_SIGN_IDENTITY = "iPhone Developer";
				GCC_PRECOMPILE_PREFIX_HEADER = YES;
				GCC_PREFIX_HEADER = "Test/Test-Prefix.pch";
				INFOPLIST_FILE = "Test/Test-Info.plist";
				PRODUCT_NAME = "$(TARGET_NAME)";
				PROVISIONING_PROFILE = "";
				WRAPPER_EXTENSION = app;
			};
			name = Debug;
		};
		AJ2DKKOEORA8UMG62JLNCWQ9 /* Release */ = {
			isa = XCBuildConfiguration;
			buildSettings = {
				GCC_PRECOMPILE_PREFIX_HEADER = YES;
				GCC_PREFIX_HEADER = "Test/Test-Prefix.pch";
				INFOPLIST_FILE = "Test/Test-Info.plist";
				PRODUCT_NAME = "$(TARGET_NAME)";
				WRAPPER_EXTENSION = app;
			};
			name = Release;
		};
		306QFXAXGLUXCPZW20LIUR9F /* Debug */ = {
			isa = XCBuildConfiguration;
			buildSettings = {
				BUNDLE_LOADER = "$(BUILT_PRODUCTS_DIR)/Test.app/Test";
				FRAMEWORK_SEARCH_PATHS = (
					"\"$(SDKROOT)/Developer/Library/Frameworks\"",
					"\"$(DEVELOPER_LIBRARY_DIR)/Frameworks\"",
				);
				GCC_PRECOMPILE_PREFIX_HEADER = YES;
				GCC_PREFIX_HEADER = "Test/Test-Prefix.pch";
				INFOPLIST_FILE = "TestTests/TestTests-Info.plist";
				PRODUCT_NAME = "$(TARGET_NAME)";
				TEST_HOST = "$(BUNDLE_LOADER)";
				WRAPPER_EXTENSION = octest;
			};
			name = Debug;
		};
		5KN8TWI0C7L3BT14C48LXFFF /* Release */ = {
			isa = XCBuildConfiguration;
			buildSettings = {
				BUNDLE_LOADER = "$(BUILT_PRODUCTS_DIR)/Test.app/Test";
				FRAMEWORK_SEARCH_PATHS = (
					"\"$(SDKROOT)/Developer/Library/Frameworks\"",
					"\"$(DEVELOPER_LIBRARY_DIR)/Frameworks\"",
				);
				GCC_PRECOMPILE_PREFIX_HEADER = YES;
				GCC_PREFIX_HEADER = "Test/Test-Prefix.pch";
				INFOPLIST_FILE = "TestTests/TestTests-Info.plist";
				PRODUCT_NAME = "$(TARGET_NAME)";
				TEST_HOST = "$(BUNDLE_LOADER)";
				WRAPPER_EXTENSION = octest;
			};
			name = Release;
		};
/* End XCBuildConfiguration section */

/* Begin XCConfigurationList section */
		MQ0KTB8EFCE3ALSW2I27LH6I /* Build configuration list for PBXProject "Test" */ = {
			isa = XCConfigurationList;
			buildConfigurations = (
				H19BG31QP7GPF9O0OA5GXCRA /* Debug */,
				T4MKX9RR6Y5LC6ND7WNNEO92 /* Release */,
			);
			defaultConfigurationIsVisible = 0;
			defaultConfigurationName = Release;
		};
		SALDLZOX07HKNWFLGUGOR3TK /* Build configuration list for PBXNativeTarget "Test" */ = {
			isa = XCConfigurationList;
			buildConfigurations = (
				3VMCCSAU14CGAKF489QIH3P9 /* Debug */,
				AJ2DKKOEORA8UMG62JLNCWQ9 /* Release */,
			);
			defaultConfigurationIsVisible = 0;
			defaultConfigurationName = Release;
		};
		XJ75ZUDAWX2A7TNSB92LVWN5 /* Build configuration list for PBXNativeTarget "TestTests" */ = {
			isa = XCConfigurationList;
			buildConfigurations = (
				306QFXAXGLUXCPZW20LIUR9F /* Debug */,
				5KN8TWI0C7L3BT14C48LXFFF /* Release */,
			);
			defaultConfigurationIsVisible = 0;
			defaultConfigurationName = Release;
		};
/* End XCConfigurationList section */
	};
	rootObject = FOYUMMGB063G5LOW83UD9TB5 /* Project object */;
}
