{
	archiveVersion = 1;
	classes = {
	};
	objectVersion = 46;
	objects = {
/* Begin PBXBuildFile section */
		73BTIH1IXV61L43ZNV4ZCAAT /* Foundation.framework in Frameworks */ = {isa = PBXBuildFile; fileRef = 9FNUMIXDCHA42TXTMWKY0NUJ; };
		ORZDUEDSB5Y3LBLBG13QY2UW /* MapKit.framework in Frameworks */ = {isa = PBXBuildFile; fileRef = 8WI07AH8UJQ6I7Z6X3GATV6K; };
		RJOW7UNSG4K2BLR2MZW3N5S6 /* UIKit.framework in Frameworks */ = {isa = PBXBuildFile; fileRef = 2NE9RH88S17YHBNXDJP4RWIC; };
		1K4GQ7EIYL5XO0M4BF0IJBTS /* Array.m in Sources */ = {isa = PBXBuildFile; fileRef = Y3WD9B37NA62W12SHSR3XZ5Z; };
		UX7TM1N1VUKN6LFPQDR8T1IX /* Date.m in Sources */ = {isa = PBXBuildFile; fileRef = PXY0P0UMIRJIJ7MNPWO7FPSE; };
		BOSOUSF88JWM853YIACT3BXF /* DateTools.m in Sources */ = {isa = PBXBuildFile; fileRef = SA4N5CVC3OTVVEVDEW157G5X; };
		X5EZ4I6RUG1RQXTQVA2O087B /* Hash.m in Sources */ = {isa = PBXBuildFile; fileRef = 72FUN1934S17FC529SBOJ19G; };
		EPJUMD3OUGDZSXCMSG2VSE6O /* IntHash.m in Sources */ = {isa = PBXBuildFile; fileRef = TNIWJCYD99DT79YX5Y9HZ6D9; };
		4HM0ZIDVFMREMEWCGTY4TZXI /* IntIter.m in Sources */ = {isa = PBXBuildFile; fileRef = NHZH2BR52S3PSAVET6LQA53P; };
		70TZWTV97RVGYRZZVNTH05N0 /* Interface1.m in Sources */ = {isa = PBXBuildFile; fileRef = 5KC9VJ2LS2ANFM5N1FYI80SW; };
		AQK7TZ55OE81B264L2TCAZCC /* Interface2.m in Sources */ = {isa = PBXBuildFile; fileRef = SY5X34KO67D2LC3V9KXSHAXH; };
		HX5QUWHF7WP6RKTVCPJMGOOC /* Reflect.m in Sources */ = {isa = PBXBuildFile; fileRef = OOLKRD8ZTC21NHZ4VHDE2GN4; };
		7YYTOPFQ5J6NPIM9INYPKBZK /* SEL.m in Sources */ = {isa = PBXBuildFile; fileRef = 4PXLQVVYBP0BB665OAZ9SKH1; };
		GYAFOOACXECIGBNQQNC4X598 /* Std.m in Sources */ = {isa = PBXBuildFile; fileRef = YEHFPT1WI8RMDB4W8SSZYWMD; };
		ZJSOKQXUKW3SP0HV4VQ8J9R1 /* StringBuf.m in Sources */ = {isa = PBXBuildFile; fileRef = PDLFUAUSDN7LCYF4GE8S6B56; };
		FO4QXQQ2XTZEKWNGHHIG1SD2 /* StringTools.m in Sources */ = {isa = PBXBuildFile; fileRef = NO87CCYMIFY643WSFB6BWEVR; };
		SFIQDINWUB4DKYH2LXEA0D7Y /* Tests.m in Sources */ = {isa = PBXBuildFile; fileRef = INPIF2W9D0G8CVMRQPKBVJQ7; };
		9KR9QC10DRNY04A6N1CMOHMS /* Log.m in Sources */ = {isa = PBXBuildFile; fileRef = NK3CAJ05Q64X2TWNDTKOHVHY; };
		LA4ZE2XMRL9UDI90OZ9RWYHT /* Lib.m in Sources */ = {isa = PBXBuildFile; fileRef = YWC1T6DX2T3HL69G8NLHGKRD; };
/* End PBXBuildFile section */

/* Begin PBXContainerItemProxy section */
		O7SNRLAINHHYJ4YC3JT2GB90 /* PBXContainerItemProxy */ = {
			isa = PBXContainerItemProxy;
			containerPortal = 1JCO0BH1GYDV2VM5PZEUBBJ7 /* Project object */;
			proxyType = 1;
			remoteGlobalIDString = Tests;
			remoteInfo = Tests;
		};
/* End PBXContainerItemProxy section */

/* Begin PBXFileReference section */
		8GZWQ3RNMGAA68NIA7PE2F3D /* Tests.app */ = {isa = PBXFileReference; explicitFileType = wrapper.application; includeInIndex = 0; path = Tests.app; sourceTree = BUILT_PRODUCTS_DIR; };
		9FNUMIXDCHA42TXTMWKY0NUJ /* Foundation.framework */ = {isa = PBXFileReference; lastKnownFileType = wrapper.framework; name = Foundation.framework; path = System/Library/Frameworks/Foundation.framework; sourceTree = SDKROOT; };
		8WI07AH8UJQ6I7Z6X3GATV6K /* MapKit.framework */ = {isa = PBXFileReference; lastKnownFileType = wrapper.framework; name = MapKit.framework; path = System/Library/Frameworks/MapKit.framework; sourceTree = SDKROOT; };
		2NE9RH88S17YHBNXDJP4RWIC /* UIKit.framework */ = {isa = PBXFileReference; lastKnownFileType = wrapper.framework; name = UIKit.framework; path = System/Library/Frameworks/UIKit.framework; sourceTree = SDKROOT; };
		Y3WD9B37NA62W12SHSR3XZ5Z /* Array.m */ = {isa = PBXFileReference; lastKnownFileType = sourcecode.c.objc; path = Array.m; sourceTree = "<group>"; };
		FRQVM5X7INJK01HBNPXVFPI6 /* Array.h */ = {isa = PBXFileReference; lastKnownFileType = sourcecode.c.h; path = Array.h; sourceTree = "<group>"; };
		PXY0P0UMIRJIJ7MNPWO7FPSE /* Date.m */ = {isa = PBXFileReference; lastKnownFileType = sourcecode.c.objc; path = Date.m; sourceTree = "<group>"; };
		AAZW2XN3UMUEU9JAJ4WGBNDQ /* Date.h */ = {isa = PBXFileReference; lastKnownFileType = sourcecode.c.h; path = Date.h; sourceTree = "<group>"; };
		SA4N5CVC3OTVVEVDEW157G5X /* DateTools.m */ = {isa = PBXFileReference; lastKnownFileType = sourcecode.c.objc; path = DateTools.m; sourceTree = "<group>"; };
		WC2IRO2IQZ1FXOMB94300AQV /* DateTools.h */ = {isa = PBXFileReference; lastKnownFileType = sourcecode.c.h; path = DateTools.h; sourceTree = "<group>"; };
		72FUN1934S17FC529SBOJ19G /* Hash.m */ = {isa = PBXFileReference; lastKnownFileType = sourcecode.c.objc; path = Hash.m; sourceTree = "<group>"; };
		HNP5QG3P5M5VO77RFRK5VCJN /* Hash.h */ = {isa = PBXFileReference; lastKnownFileType = sourcecode.c.h; path = Hash.h; sourceTree = "<group>"; };
		TNIWJCYD99DT79YX5Y9HZ6D9 /* IntHash.m */ = {isa = PBXFileReference; lastKnownFileType = sourcecode.c.objc; path = IntHash.m; sourceTree = "<group>"; };
		A4MFOEVT2HRU0LX1LH53SSUP /* IntHash.h */ = {isa = PBXFileReference; lastKnownFileType = sourcecode.c.h; path = IntHash.h; sourceTree = "<group>"; };
		NHZH2BR52S3PSAVET6LQA53P /* IntIter.m */ = {isa = PBXFileReference; lastKnownFileType = sourcecode.c.objc; path = IntIter.m; sourceTree = "<group>"; };
		RZI7WTS8U1H4U15H7IQLPPOZ /* IntIter.h */ = {isa = PBXFileReference; lastKnownFileType = sourcecode.c.h; path = IntIter.h; sourceTree = "<group>"; };
		5KC9VJ2LS2ANFM5N1FYI80SW /* Interface1.m */ = {isa = PBXFileReference; lastKnownFileType = sourcecode.c.objc; path = Interface1.m; sourceTree = "<group>"; };
		S37CZR7BIFJNESFXIKYF15HY /* Interface1.h */ = {isa = PBXFileReference; lastKnownFileType = sourcecode.c.h; path = Interface1.h; sourceTree = "<group>"; };
		SY5X34KO67D2LC3V9KXSHAXH /* Interface2.m */ = {isa = PBXFileReference; lastKnownFileType = sourcecode.c.objc; path = Interface2.m; sourceTree = "<group>"; };
		ZI4T0XZVD09UXBVM4NKIP389 /* Interface2.h */ = {isa = PBXFileReference; lastKnownFileType = sourcecode.c.h; path = Interface2.h; sourceTree = "<group>"; };
		OOLKRD8ZTC21NHZ4VHDE2GN4 /* Reflect.m */ = {isa = PBXFileReference; lastKnownFileType = sourcecode.c.objc; path = Reflect.m; sourceTree = "<group>"; };
		D96RP8VFYNBP1GAK0NMHMCAR /* Reflect.h */ = {isa = PBXFileReference; lastKnownFileType = sourcecode.c.h; path = Reflect.h; sourceTree = "<group>"; };
		4PXLQVVYBP0BB665OAZ9SKH1 /* SEL.m */ = {isa = PBXFileReference; lastKnownFileType = sourcecode.c.objc; path = SEL.m; sourceTree = "<group>"; };
		CROGBDK05LF5O7E16EVZSLWU /* SEL.h */ = {isa = PBXFileReference; lastKnownFileType = sourcecode.c.h; path = SEL.h; sourceTree = "<group>"; };
		YEHFPT1WI8RMDB4W8SSZYWMD /* Std.m */ = {isa = PBXFileReference; lastKnownFileType = sourcecode.c.objc; path = Std.m; sourceTree = "<group>"; };
		0V05O0NO4MXLRKFR69YPPJ7R /* Std.h */ = {isa = PBXFileReference; lastKnownFileType = sourcecode.c.h; path = Std.h; sourceTree = "<group>"; };
		PDLFUAUSDN7LCYF4GE8S6B56 /* StringBuf.m */ = {isa = PBXFileReference; lastKnownFileType = sourcecode.c.objc; path = StringBuf.m; sourceTree = "<group>"; };
		1PV0GMJYXGLCURF4681HSOH1 /* StringBuf.h */ = {isa = PBXFileReference; lastKnownFileType = sourcecode.c.h; path = StringBuf.h; sourceTree = "<group>"; };
		NO87CCYMIFY643WSFB6BWEVR /* StringTools.m */ = {isa = PBXFileReference; lastKnownFileType = sourcecode.c.objc; path = StringTools.m; sourceTree = "<group>"; };
		1F0IBMDPL6EZ2JV3Y7GVWRDI /* StringTools.h */ = {isa = PBXFileReference; lastKnownFileType = sourcecode.c.h; path = StringTools.h; sourceTree = "<group>"; };
		INPIF2W9D0G8CVMRQPKBVJQ7 /* Tests.m */ = {isa = PBXFileReference; lastKnownFileType = sourcecode.c.objc; path = Tests.m; sourceTree = "<group>"; };
		EGIQCAF09649KFE9ICFS9LTE /* Tests.h */ = {isa = PBXFileReference; lastKnownFileType = sourcecode.c.h; path = Tests.h; sourceTree = "<group>"; };
		NK3CAJ05Q64X2TWNDTKOHVHY /* Log.m */ = {isa = PBXFileReference; lastKnownFileType = sourcecode.c.objc; path = haxe/Log.m; sourceTree = "<group>"; };
		UP4B0UZHTH80QV2JPMIKDKPU /* Log.h */ = {isa = PBXFileReference; lastKnownFileType = sourcecode.c.h; path = haxe/Log.h; sourceTree = "<group>"; };
		YWC1T6DX2T3HL69G8NLHGKRD /* Lib.m */ = {isa = PBXFileReference; lastKnownFileType = sourcecode.c.objc; path = objc/ios/Lib.m; sourceTree = "<group>"; };
		UI34RLO93R62ZGKJCTCOY340 /* Lib.h */ = {isa = PBXFileReference; lastKnownFileType = sourcecode.c.h; path = objc/ios/Lib.h; sourceTree = "<group>"; };
/* End PBXFileReference section */

/* Begin PBXFrameworksBuildPhase section */
		VCB6DOPDAEM4I4GWCWS5WPJL /* Frameworks */ = {
			isa = PBXFrameworksBuildPhase;
			buildActionMask = 2147483647;
			files = (
				73BTIH1IXV61L43ZNV4ZCAAT /* Foundation.framework in Frameworks */,
				ORZDUEDSB5Y3LBLBG13QY2UW /* MapKit.framework in Frameworks */,
				RJOW7UNSG4K2BLR2MZW3N5S6 /* UIKit.framework in Frameworks */,
			);
			runOnlyForDeploymentPostprocessing = 0;
		};
		014712RPQTWVL4QUXVP71FAM /* Frameworks */ = {
			isa = PBXFrameworksBuildPhase;
			buildActionMask = 2147483647;
			files = (
				73BTIH1IXV61L43ZNV4ZCAAT /* Foundation.framework in Frameworks */,
				ORZDUEDSB5Y3LBLBG13QY2UW /* MapKit.framework in Frameworks */,
				RJOW7UNSG4K2BLR2MZW3N5S6 /* UIKit.framework in Frameworks */,
			);
			runOnlyForDeploymentPostprocessing = 0;
		};
/* End PBXFrameworksBuildPhase section */
/* Begin PBXGroup section */
		5LUVKEK57MRMOWTYEZ5ATX5I = {
			isa = PBXGroup;
			children = (
				WOYZ46Z657X1VLTWW59DJ64F /* Tests */,
				ZVI1C19G5USFHQ12BKCUI5HN /* TestsTests */,
				MF4ADSIJETSVVY27NK6MBO1E /* Frameworks */,
				B1J15CRYC8XODBGMCXGB0N0C /* Products */,
			);
			sourceTree = "<group>";
		};
		B1J15CRYC8XODBGMCXGB0N0C /* Products */ = {
			isa = PBXGroup;
			children = (
				9G4T5K9QFCAJMCWOSM1LSWNV /* Tests.app */,
				YLKY89O5XP321LW5WLAS0QS8 /* TestsTests.octest */,
			);
			name = Products;
			sourceTree = "<group>";
		};
		MF4ADSIJETSVVY27NK6MBO1E /* Frameworks */ = {
			isa = PBXGroup;
			children = (
				73BTIH1IXV61L43ZNV4ZCAAT /* Foundation.framework in Frameworks */,
				ORZDUEDSB5Y3LBLBG13QY2UW /* MapKit.framework in Frameworks */,
				RJOW7UNSG4K2BLR2MZW3N5S6 /* UIKit.framework in Frameworks */,
			);
			name = Frameworks;
			sourceTree = "<group>";
		};
		WOYZ46Z657X1VLTWW59DJ64F /* Tests */ = {
			isa = PBXGroup;
			children = (
				28BFD9E81628A95900882B34 /* AppDelegate.h */,
				28BFD9E91628A95900882B34 /* AppDelegate.m */,
				28BFDA211638866C00882B34 /* CustomMapView.h */,
				28BFDA221638866C00882B34 /* CustomMapView.m */,
				16VJ4CQMPL0K38KTKFCUYTV7 /* Supporting Files */,
			);
			path = Tests;
			sourceTree = "<group>";
		};
		16VJ4CQMPL0K38KTKFCUYTV7 /* Supporting Files */ = {
			isa = PBXGroup;
			children = (
				28BFD9E11628A95900882B34 /* Tests-Info.plist */,
				28BFD9E21628A95900882B34 /* InfoPlist.strings */,
				28BFD9E51628A95900882B34 /* main.m */,
				28BFD9E71628A95900882B34 /* Tests-Prefix.pch */,
			);
			name = "Supporting Files";
			sourceTree = "<group>";
		};
		ZVI1C19G5USFHQ12BKCUI5HN /* TestsTests */ = {
			isa = PBXGroup;
			children = (
				28BFDA091628A95900882B34 /* TestsTests.h */,
				28BFDA0A1628A95900882B34 /* TestsTests.m */,
				UE4F6N9LLKBYCFS5HGDDFZ0P /* Supporting Files */,
			);
			path = TestsTests;
			sourceTree = "<group>";
		};
		UE4F6N9LLKBYCFS5HGDDFZ0P /* Supporting Files */ = {
			isa = PBXGroup;
			children = (
				28BFDA051628A95900882B34 /* TestsTests-Info.plist */,
				28BFDA061628A95900882B34 /* InfoPlist.strings */,
			);
			name = "Supporting Files";
			sourceTree = "<group>";
		};
/* End PBXGroup section */
/* Begin PBXNativeTarget section */
		Tests /* Tests */ = {
			isa = PBXNativeTarget;
			buildConfigurationList = VTQOZJ1QN0RAYR1Y1KRWTLX0 /* Build configuration list for PBXNativeTarget "Tests" */;
			buildPhases = (
				G87XYCYJA7SKUDTBS1GXNWZ8 /* Sources */,
				VCB6DOPDAEM4I4GWCWS5WPJL /* Frameworks */,
				NTP0X8N1I3CQGVOLPICHBK34 /* Resources */,
			);
			buildRules = (
			);
			dependencies = (
			);
			name = Tests;
			productName = Tests;
			productReference = 9G4T5K9QFCAJMCWOSM1LSWNV /* Tests.app */;
			productType = "com.apple.product-type.application";
		};
		7OW1I9NHYTNK4RJU8ZV0CYKA /* TestsTests */ = {
			isa = PBXNativeTarget;
			buildConfigurationList = TWKEBDYDFJMHLJUV4K8RIAP3 /* Build configuration list for PBXNativeTarget "TestsTests" */;
			buildPhases = (
				PR57PGYULXSRW2TPFZYB9T0E /* Sources */,
				014712RPQTWVL4QUXVP71FAM /* Frameworks */,
				YW95Q3LNHM6CKIC04SA36GMH /* Resources */,
				CNEKFN5TSA7WH43SGKTXGHS6 /* ShellScript */,
			);
			buildRules = (
			);
			dependencies = (
				L6S814P6651GBN9MMHS1TZOJ /* PBXTargetDependency */,
			);
			name = TestsTests;
			productName = TestsTests;
			productReference = YLKY89O5XP321LW5WLAS0QS8 /* TestsTests.octest */;
			productType = "com.apple.product-type.bundle";
		};
/* End PBXNativeTarget section */
/* Begin PBXProject section */
		1JCO0BH1GYDV2VM5PZEUBBJ7 /* Project object */ = {
			isa = PBXProject;
			attributes = {
				LastUpgradeCheck = 0450;
				ORGANIZATIONNAME = "Baluta Cristian";
			};
			buildConfigurationList = KM0Q2NI7KMK0JHV3Q79MJZW9 /* Build configuration list for PBXProject "Tests" */;
			compatibilityVersion = "Xcode 3.2";
			developmentRegion = English;
			hasScannedForEncodings = 0;
			knownRegions = (
				en,
			);
			mainGroup = 5LUVKEK57MRMOWTYEZ5ATX5I;
			productRefGroup = B1J15CRYC8XODBGMCXGB0N0C /* Products */;
			projectDirPath = "";
			projectRoot = "";
			targets = (
				Tests /* Tests */,
				7OW1I9NHYTNK4RJU8ZV0CYKA /* TestsTests */,
			);
		};
/* End PBXProject section */
/* Begin PBXResourcesBuildPhase section */
		NTP0X8N1I3CQGVOLPICHBK34 /* Resources */ = {
			isa = PBXResourcesBuildPhase;
			buildActionMask = 2147483647;
			files = (
				28BFD9E41628A95900882B34 /* InfoPlist.strings in Resources */,
			);
			runOnlyForDeploymentPostprocessing = 0;
		};
		YW95Q3LNHM6CKIC04SA36GMH /* Resources */ = {
			isa = PBXResourcesBuildPhase;
			buildActionMask = 2147483647;
			files = (
				28BFDA081628A95900882B34 /* InfoPlist.strings in Resources */,
			);
			runOnlyForDeploymentPostprocessing = 0;
		};
/* End PBXResourcesBuildPhase section */
/* Begin PBXShellScriptBuildPhase section */
		CNEKFN5TSA7WH43SGKTXGHS6 /* ShellScript */ = {
			isa = PBXShellScriptBuildPhase;
			buildActionMask = 2147483647;
			files = (
			);
			inputPaths = (
			);
			outputPaths = (
			);
			runOnlyForDeploymentPostprocessing = 0;
			shellPath = /bin/sh;
			shellScript = "# Run the unit tests in this test bundle.\
\"${SYSTEM_DEVELOPER_DIR}/Tools/RunUnitTests\"\
";
		};
/* End PBXShellScriptBuildPhase section */
/* Begin PBXSourcesBuildPhase section */
		G87XYCYJA7SKUDTBS1GXNWZ8 /* Sources */ = {
			isa = PBXSourcesBuildPhase;
			buildActionMask = 2147483647;
			files = (
				1K4GQ7EIYL5XO0M4BF0IJBTS /* Array.m in Sources */,
				UX7TM1N1VUKN6LFPQDR8T1IX /* Date.m in Sources */,
				BOSOUSF88JWM853YIACT3BXF /* DateTools.m in Sources */,
				X5EZ4I6RUG1RQXTQVA2O087B /* Hash.m in Sources */,
				EPJUMD3OUGDZSXCMSG2VSE6O /* IntHash.m in Sources */,
				4HM0ZIDVFMREMEWCGTY4TZXI /* IntIter.m in Sources */,
				70TZWTV97RVGYRZZVNTH05N0 /* Interface1.m in Sources */,
				AQK7TZ55OE81B264L2TCAZCC /* Interface2.m in Sources */,
				HX5QUWHF7WP6RKTVCPJMGOOC /* Reflect.m in Sources */,
				7YYTOPFQ5J6NPIM9INYPKBZK /* SEL.m in Sources */,
				GYAFOOACXECIGBNQQNC4X598 /* Std.m in Sources */,
				ZJSOKQXUKW3SP0HV4VQ8J9R1 /* StringBuf.m in Sources */,
				FO4QXQQ2XTZEKWNGHHIG1SD2 /* StringTools.m in Sources */,
				SFIQDINWUB4DKYH2LXEA0D7Y /* Tests.m in Sources */,
				9KR9QC10DRNY04A6N1CMOHMS /* Log.m in Sources */,
				LA4ZE2XMRL9UDI90OZ9RWYHT /* Lib.m in Sources */,
			);
			runOnlyForDeploymentPostprocessing = 0;
		};
		PR57PGYULXSRW2TPFZYB9T0E /* Sources */ = {
			isa = PBXSourcesBuildPhase;
			buildActionMask = 2147483647;
			files = (
				28BFDA0B1628A95900882B34 /* TestsTests.m in Sources */,
			);
			runOnlyForDeploymentPostprocessing = 0;
		};
/* End PBXSourcesBuildPhase section */
/* Begin PBXTargetDependency section */
		L6S814P6651GBN9MMHS1TZOJ /* PBXTargetDependency */ = {
			isa = PBXTargetDependency;
			target = Tests /* Tests */;
			targetProxy = O7SNRLAINHHYJ4YC3JT2GB90 /* PBXContainerItemProxy */;
		};
/* End PBXTargetDependency section */
/* Begin PBXVariantGroup section */
		28BFD9E21628A95900882B34 /* InfoPlist.strings */ = {
			isa = PBXVariantGroup;
			children = (
				28BFD9E31628A95900882B34 /* en */,
			);
			name = InfoPlist.strings;
			sourceTree = "<group>";
		};
		28BFDA061628A95900882B34 /* InfoPlist.strings */ = {
			isa = PBXVariantGroup;
			children = (
				28BFDA071628A95900882B34 /* en */,
			);
			name = InfoPlist.strings;
			sourceTree = "<group>";
		};
/* End PBXVariantGroup section */
/* Begin XCBuildConfiguration section */
		81IPCETBFFXPPEOY4QJPEFSB /* Debug */ = {
			isa = XCBuildConfiguration;
			buildSettings = {
				ALWAYS_SEARCH_USER_PATHS = NO;
				CLANG_CXX_LANGUAGE_STANDARD = "gnu++0x";
				CLANG_CXX_LIBRARY = "libc++";
				CLANG_ENABLE_OBJC_ARC = YES;
				CLANG_WARN_EMPTY_BODY = YES;
				CLANG_WARN__DUPLICATE_METHOD_MATCH = YES;
				"CODE_SIGN_IDENTITY[sdk=iphoneos*]" = "iPhone Developer";
				COPY_PHASE_STRIP = NO;
				GCC_C_LANGUAGE_STANDARD = gnu99;
				GCC_DYNAMIC_NO_PIC = NO;
				GCC_OPTIMIZATION_LEVEL = 0;
				GCC_PREPROCESSOR_DEFINITIONS = (
					"DEBUG=1",
					"$(inherited)",
				);
				GCC_SYMBOLS_PRIVATE_EXTERN = NO;
				GCC_WARN_ABOUT_RETURN_TYPE = YES;
				GCC_WARN_UNINITIALIZED_AUTOS = YES;
				GCC_WARN_UNUSED_VARIABLE = YES;
				IPHONEOS_DEPLOYMENT_TARGET = 6.0;
				SDKROOT = iphoneos;
			};
			name = Debug;
		};
		5E3T65GLX2Y8EBR5SCFBY2GR /* Release */ = {
			isa = XCBuildConfiguration;
			buildSettings = {
				ALWAYS_SEARCH_USER_PATHS = NO;
				CLANG_CXX_LANGUAGE_STANDARD = "gnu++0x";
				CLANG_CXX_LIBRARY = "libc++";
				CLANG_ENABLE_OBJC_ARC = YES;
				CLANG_WARN_EMPTY_BODY = YES;
				CLANG_WARN__DUPLICATE_METHOD_MATCH = YES;
				"CODE_SIGN_IDENTITY[sdk=iphoneos*]" = "iPhone Developer";
				COPY_PHASE_STRIP = YES;
				GCC_C_LANGUAGE_STANDARD = gnu99;
				GCC_WARN_ABOUT_RETURN_TYPE = YES;
				GCC_WARN_UNINITIALIZED_AUTOS = YES;
				GCC_WARN_UNUSED_VARIABLE = YES;
				IPHONEOS_DEPLOYMENT_TARGET = 6.0;
				OTHER_CFLAGS = "-DNS_BLOCK_ASSERTIONS=1";
				SDKROOT = iphoneos;
				VALIDATE_PRODUCT = YES;
			};
			name = Release;
		};
		QO2WFPN08MJ20QPP9YF4OR3H /* Debug */ = {
			isa = XCBuildConfiguration;
			buildSettings = {
				GCC_PRECOMPILE_PREFIX_HEADER = YES;
				GCC_PREFIX_HEADER = "Tests/Tests-Prefix.pch";
				INFOPLIST_FILE = "Tests/Tests-Info.plist";
				PRODUCT_NAME = "$(TARGET_NAME)";
				WRAPPER_EXTENSION = app;
			};
			name = Debug;
		};
		EU0Z2OWTNSO5GOK8M75MQ9C0 /* Release */ = {
			isa = XCBuildConfiguration;
			buildSettings = {
				GCC_PRECOMPILE_PREFIX_HEADER = YES;
				GCC_PREFIX_HEADER = "Tests/Tests-Prefix.pch";
				INFOPLIST_FILE = "Tests/Tests-Info.plist";
				PRODUCT_NAME = "$(TARGET_NAME)";
				WRAPPER_EXTENSION = app;
			};
			name = Release;
		};
		R9FUMDH0VTGAJNQOXFOFJWHO /* Debug */ = {
			isa = XCBuildConfiguration;
			buildSettings = {
				BUNDLE_LOADER = "$(BUILT_PRODUCTS_DIR)/Tests.app/Tests";
				FRAMEWORK_SEARCH_PATHS = (
					"\"$(SDKROOT)/Developer/Library/Frameworks\"",
					"\"$(DEVELOPER_LIBRARY_DIR)/Frameworks\"",
				);
				GCC_PRECOMPILE_PREFIX_HEADER = YES;
				GCC_PREFIX_HEADER = "Tests/Tests-Prefix.pch";
				INFOPLIST_FILE = "TestsTests/TestsTests-Info.plist";
				PRODUCT_NAME = "$(TARGET_NAME)";
				TEST_HOST = "$(BUNDLE_LOADER)";
				WRAPPER_EXTENSION = octest;
			};
			name = Debug;
		};
		4NMSSDG2XGQ5B33VM2JJ8CI1 /* Release */ = {
			isa = XCBuildConfiguration;
			buildSettings = {
				BUNDLE_LOADER = "$(BUILT_PRODUCTS_DIR)/Tests.app/Tests";
				FRAMEWORK_SEARCH_PATHS = (
					"\"$(SDKROOT)/Developer/Library/Frameworks\"",
					"\"$(DEVELOPER_LIBRARY_DIR)/Frameworks\"",
				);
				GCC_PRECOMPILE_PREFIX_HEADER = YES;
				GCC_PREFIX_HEADER = "Tests/Tests-Prefix.pch";
				INFOPLIST_FILE = "TestsTests/TestsTests-Info.plist";
				PRODUCT_NAME = "$(TARGET_NAME)";
				TEST_HOST = "$(BUNDLE_LOADER)";
				WRAPPER_EXTENSION = octest;
			};
			name = Release;
		};
/* End XCBuildConfiguration section */
/* Begin XCConfigurationList section */
		KM0Q2NI7KMK0JHV3Q79MJZW9 /* Build configuration list for PBXProject "Tests" */ = {
			isa = XCConfigurationList;
			buildConfigurations = (
				81IPCETBFFXPPEOY4QJPEFSB /* Debug */,
				5E3T65GLX2Y8EBR5SCFBY2GR /* Release */,
			);
			defaultConfigurationIsVisible = 0;
			defaultConfigurationName = Release;
		};
		VTQOZJ1QN0RAYR1Y1KRWTLX0 /* Build configuration list for PBXNativeTarget "Tests" */ = {
			isa = XCConfigurationList;
			buildConfigurations = (
				QO2WFPN08MJ20QPP9YF4OR3H /* Debug */,
				EU0Z2OWTNSO5GOK8M75MQ9C0 /* Release */,
			);
			defaultConfigurationIsVisible = 0;
			defaultConfigurationName = Release;
		};
		TWKEBDYDFJMHLJUV4K8RIAP3 /* Build configuration list for PBXNativeTarget "TestsTests" */ = {
			isa = XCConfigurationList;
			buildConfigurations = (
				R9FUMDH0VTGAJNQOXFOFJWHO /* Debug */,
				4NMSSDG2XGQ5B33VM2JJ8CI1 /* Release */,
			);
			defaultConfigurationIsVisible = 0;
			defaultConfigurationName = Release;
		};
/* End XCConfigurationList section */	};
	rootObject = 1JCO0BH1GYDV2VM5PZEUBBJ7 /* Project object */;
}
