{
	archiveVersion = 1;
	classes = {
	};
	objectVersion = 46;
	objects = {

/* Begin PBXBuildFile section */
		MEQFY5AVV75E95L1UBJCLZGG /* Foundation.framework in Frameworks */ = {isa = PBXBuildFile; fileRef = 3IE5GN3I6H98EI6T1HTLVG3J; };
		H3NJDMJ2YLXC0WBQJPLQUMR2 /* CoreGraphics.framework in Frameworks */ = {isa = PBXBuildFile; fileRef = 61FIJZHBD4RBDT8N81FZQAHP; };
		UIO87LPGGSPLE03US5GIMG38 /* CoreLocation.framework in Frameworks */ = {isa = PBXBuildFile; fileRef = FGHJKYOXRJRGLQ5IQIE1C5GC; };
		0L9RKCQ3M63IH1BFQ6X6L5LZ /* Array.m in Sources */ = {isa = PBXBuildFile; fileRef = TDJ2G52GJ0AA7PEATAW1CHGN; };
		HVJC59QES4MNCUGOBHMKAWIO /* Date.m in Sources */ = {isa = PBXBuildFile; fileRef = IU72BD2U0DCLFBXVB116FTOQ; };
		Q1QW2PVRDGXKWGXVDEB9O28G /* DateTools.m in Sources */ = {isa = PBXBuildFile; fileRef = B2OTAXA8LQYPQFZNBPG1PJ3E; };
		RLE61GP7W6UK2KUKCAL8AYI2 /* EReg.m in Sources */ = {isa = PBXBuildFile; fileRef = QXMRN05T991DBLKRR04YLX59; };
		TJ9VIFVOBW5ZV8ZKEYZ0272T /* Hash.m in Sources */ = {isa = PBXBuildFile; fileRef = PBCCBJCR1C6TT2HGJRXKJRUF; };
		2VOMDGSJVIJFUQBDHNSHKCXB /* IntHash.m in Sources */ = {isa = PBXBuildFile; fileRef = MWAS5YV10GRYLZG5P3CQMBDX; };
		6JWDMXYCRJLCDYU2TUFHEPW7 /* IntIterator.m in Sources */ = {isa = PBXBuildFile; fileRef = XBJW9MYXO78MADDTJ5AQ03TO; };
		A9XY9C7V2C6M3YG9C77WKY1R /* Lambda.m in Sources */ = {isa = PBXBuildFile; fileRef = FCL0AQHKVX8JCBTMEEY47M6X; };
		RG16FX7Z1NCWOLY57EFWREE4 /* List.m in Sources */ = {isa = PBXBuildFile; fileRef = 02PY0HMZ96JW0TT3U8DNG10A; };
		IFS2E7U7LZOV89V4G8YA5XKN /* Reflect.m in Sources */ = {isa = PBXBuildFile; fileRef = ZQSZYUGURWO72I2SWMID3H12; };
		NZNGMZL3HT7LX1Y8QSGIKNQP /* Std.m in Sources */ = {isa = PBXBuildFile; fileRef = 076KBJDYHH1WLR8YH5OQ1T7F; };
		0NRHU8LOB7W0QU5PVN304ZE7 /* String.m in Sources */ = {isa = PBXBuildFile; fileRef = 7R68Z4OL2RQM7OYD7J2N9JDW; };
		ACUPSRS9XASFBBSO137DAE64 /* StringBuf.m in Sources */ = {isa = PBXBuildFile; fileRef = 3LM2BVJ2ARCMKI227XOB0ZEN; };
		4XFF4RW10ABMWIW88T9SJE7I /* StringTools.m in Sources */ = {isa = PBXBuildFile; fileRef = 45VXCK1MYRV1M9SVCMC4G22E; };
		9TYP0W5YTR649FV6N3DMVCDC /* Sys.m in Sources */ = {isa = PBXBuildFile; fileRef = 0MF49FX13O3GYRAT5C73B0VO; };
		G1Q2Q5FBWQ9OY59RCJ7TB23Q /* TestC.m in Sources */ = {isa = PBXBuildFile; fileRef = 6XQH6HYDP67D9RZ5GXP7931S; };
		60LVF0WADZQY5WV9YLELTJDR /* TestHaxePack.m in Sources */ = {isa = PBXBuildFile; fileRef = ISQGE8PP5TH6ZC609CNT1ZCF; };
		BCKWXJDNX0MSCGKB18H2BMAE /* Tests.m in Sources */ = {isa = PBXBuildFile; fileRef = WTY2F9M2WJK9TY9NIM7IY8DH; };
		YNFQ146VUNYZZ10WGBLJCPJT /* Tests3.m in Sources */ = {isa = PBXBuildFile; fileRef = YIVKBKJWBNBZAMMREBSCSWL6; };
		ADLDUSXY3LVZNKTW3M03HM2W /* Type.m in Sources */ = {isa = PBXBuildFile; fileRef = HH5X8VC03DY79KZ7DEWBL39D; };
		A5JFT1ZZ3J9K83WZSZNUV5DS /* CallStack.m in Sources */ = {isa = PBXBuildFile; fileRef = FCZ2O25KEW7U3J9AAL3RRY9A; };
		0K3QV46XEQDKYZ6MJ015LZHU /* FastList.m in Sources */ = {isa = PBXBuildFile; fileRef = ILK5PKWHGC2QNX0JYA0W4GJ3; };
		U4HBBRX1XN95L26Z2029P7QR /* Json.m in Sources */ = {isa = PBXBuildFile; fileRef = B8DU9D6R9UMLH3594K5PR64G; };
		IKD76C2NJFHITGSYL36BIK4J /* Log.m in Sources */ = {isa = PBXBuildFile; fileRef = 9KFI3GOV391UIV6ZH2VAGZ0W; };
		H26AZGPXYS5L7Z1UX9Q3JQ1E /* Resource.m in Sources */ = {isa = PBXBuildFile; fileRef = JD757SXBO24WSWQX7MOSTQ3W; };
		GSFSI2V5HV6KP8T4WQSH7L3X /* Serializer.m in Sources */ = {isa = PBXBuildFile; fileRef = WVJ1FMAKG67YK0SHC0ZSZ3FV; };
		Q69PNP5NR6ICAV8MT8PWC5TT /* Template.m in Sources */ = {isa = PBXBuildFile; fileRef = SJFHRV99WZERXH9KQGNXXNVJ; };
		WRVDVAVBTZU67N320I5JFCT6 /* Timer.m in Sources */ = {isa = PBXBuildFile; fileRef = 3Q44VH1HL469YE8586ZJUKWG; };
		EP19K3CAN470YCT7KJ4O9G2H /* Unserializer.m in Sources */ = {isa = PBXBuildFile; fileRef = 1S4Q2OA1XVFXQX5U3AEBU7N7; };
		I11TKAV34S4ADR6PBQ7J30TN /* Md5.m in Sources */ = {isa = PBXBuildFile; fileRef = LYCL5LX1V9KKZF4NM4TB8HFG; };
		M0VUSUZPRG0RPDL4KWF3X58G /* Sha1.m in Sources */ = {isa = PBXBuildFile; fileRef = JWNH32TN8UFBIY7ZGXPYJJYX; };
		GJK4LU6QP2BGRSWRTO27MB1N /* Bytes.m in Sources */ = {isa = PBXBuildFile; fileRef = A1AR90NNIPG4WL02S950NSVO; };
		7DZU1YG0SFO7ZGXGWNY5DNQJ /* BytesBuffer.m in Sources */ = {isa = PBXBuildFile; fileRef = TIUNJNE2Z64O9C4GYGJ4J2SZ; };
		BAKL0ZCT8DV5UTDEPDN460V4 /* Eof.m in Sources */ = {isa = PBXBuildFile; fileRef = MPNKUXROZFAQNB5EGW3GUIG1; };
		IXQYLWZYP1TAX8UGG1B45GIY /* Input.m in Sources */ = {isa = PBXBuildFile; fileRef = 9KMK5FFPD121FWWF6P0OPA67; };
		8GFL0R6ULA7JLQX1BZQH0LWW /* Output.m in Sources */ = {isa = PBXBuildFile; fileRef = 1ESETF9UWQA00URW3VHYTSS1; };
		QXSSS3IHQWNO4XQTGFIGFN3Q /* Lib.m in Sources */ = {isa = PBXBuildFile; fileRef = OG4GKOP9M24X4QX6309EAOOI; };
		2IAW7XWBRZLR1ECCZO4QE88X /* FileInput.m in Sources */ = {isa = PBXBuildFile; fileRef = 53KICP0E4DUZJ5D2CZXKWRNM; };
		WBSOC691OFTI5FLRJYGVCKIU /* FileOutput.m in Sources */ = {isa = PBXBuildFile; fileRef = MY1K0AP22VGKHDZVIDV5113A; };
		GZAZ3JFMRAAM7CAZEMZYCBAS /* haxe in Resources */ = {isa = PBXBuildFile; fileRef = UPKK543W323V8BZ63894SF2F; };
		X3T3PHXERL3JRRSWVG1NM2CK /* objc in Resources */ = {isa = PBXBuildFile; fileRef = 1TA0WNIDDOBVRPESLQEBH0V9; };
		46RJ5ARA3BS5K4XJ6U0HV54N /* sys in Resources */ = {isa = PBXBuildFile; fileRef = 651OQ53NFVLND9FOXUGB0G6M; };
		UEWTOW0UKVWW0VF3Y6H8JPG2 /* InfoPlist.strings in Resources */ = {isa = PBXBuildFile; fileRef = 5I55UZ56MIIK3VGQOV72J6K6 /* InfoPlist.strings */; };
		FGZ21N6EATUD5TYZWWQWCS83 /* InfoPlist.strings in Resources */ = {isa = PBXBuildFile; fileRef = 1HNSKOSLA55GI94L13HZ6EKF /* InfoPlist.strings */; };
		X3K36NQZ8H7FLEXFU8B8YJR5 /* main.m in Sources */ = {isa = PBXBuildFile; fileRef = Y4QKP95N2I1F3Q729EH9J5VY /* main.m */; };
/* End PBXBuildFile section */

/* Begin PBXContainerItemProxy section */
		POUSFE1U5SG8ESNGXJNCOO8C /* PBXContainerItemProxy */ = {
			isa = PBXContainerItemProxy;
			containerPortal = A5DC66G5ZVU9CELBDWV5RAUY /* Project object */;
			proxyType = 1;
			remoteGlobalIDString = EANHNCH57YDYS17UY5UHTRZT;
			remoteInfo = Tests;
		};
/* End PBXContainerItemProxy section */


/* Begin PBXFileReference section */
		3IE5GN3I6H98EI6T1HTLVG3J /* Foundation.framework */ = {isa = PBXFileReference; lastKnownFileType = wrapper.framework; name = Foundation.framework; path = System/Library/Frameworks/Foundation.framework; sourceTree = SDKROOT; };
		61FIJZHBD4RBDT8N81FZQAHP /* CoreGraphics.framework */ = {isa = PBXFileReference; lastKnownFileType = wrapper.framework; name = CoreGraphics.framework; path = System/Library/Frameworks/CoreGraphics.framework; sourceTree = SDKROOT; };
		FGHJKYOXRJRGLQ5IQIE1C5GC /* CoreLocation.framework */ = {isa = PBXFileReference; lastKnownFileType = wrapper.framework; name = CoreLocation.framework; path = System/Library/Frameworks/CoreLocation.framework; sourceTree = SDKROOT; };
		TDJ2G52GJ0AA7PEATAW1CHGN /* Array.m */ = {isa = PBXFileReference; lastKnownFileType = sourcecode.c.objc; path = Array.m; sourceTree = "<group>"; };
		XGTFQ0AHIAIX20AYDWGRIY96 /* Array.h */ = {isa = PBXFileReference; lastKnownFileType = sourcecode.c.h; path = Array.h; sourceTree = "<group>"; };
		IU72BD2U0DCLFBXVB116FTOQ /* Date.m */ = {isa = PBXFileReference; lastKnownFileType = sourcecode.c.objc; path = Date.m; sourceTree = "<group>"; };
		WJ9J3ENENQB63L23V38JV557 /* Date.h */ = {isa = PBXFileReference; lastKnownFileType = sourcecode.c.h; path = Date.h; sourceTree = "<group>"; };
		B2OTAXA8LQYPQFZNBPG1PJ3E /* DateTools.m */ = {isa = PBXFileReference; lastKnownFileType = sourcecode.c.objc; path = DateTools.m; sourceTree = "<group>"; };
		29VFZDVDI3N6HI4KNB0BEYZU /* DateTools.h */ = {isa = PBXFileReference; lastKnownFileType = sourcecode.c.h; path = DateTools.h; sourceTree = "<group>"; };
		QXMRN05T991DBLKRR04YLX59 /* EReg.m */ = {isa = PBXFileReference; lastKnownFileType = sourcecode.c.objc; path = EReg.m; sourceTree = "<group>"; };
		8SZMCCOFMOWJIKU5WAU7OXT7 /* EReg.h */ = {isa = PBXFileReference; lastKnownFileType = sourcecode.c.h; path = EReg.h; sourceTree = "<group>"; };
		PBCCBJCR1C6TT2HGJRXKJRUF /* Hash.m */ = {isa = PBXFileReference; lastKnownFileType = sourcecode.c.objc; path = Hash.m; sourceTree = "<group>"; };
		G3GZAH3GIY4JCROE9TF7OHWW /* Hash.h */ = {isa = PBXFileReference; lastKnownFileType = sourcecode.c.h; path = Hash.h; sourceTree = "<group>"; };
		MWAS5YV10GRYLZG5P3CQMBDX /* IntHash.m */ = {isa = PBXFileReference; lastKnownFileType = sourcecode.c.objc; path = IntHash.m; sourceTree = "<group>"; };
		I09PJL2413TDHNYU2V38QEYL /* IntHash.h */ = {isa = PBXFileReference; lastKnownFileType = sourcecode.c.h; path = IntHash.h; sourceTree = "<group>"; };
		XBJW9MYXO78MADDTJ5AQ03TO /* IntIterator.m */ = {isa = PBXFileReference; lastKnownFileType = sourcecode.c.objc; path = IntIterator.m; sourceTree = "<group>"; };
		POBH2EV16KWJZU6C9RZMRCRX /* IntIterator.h */ = {isa = PBXFileReference; lastKnownFileType = sourcecode.c.h; path = IntIterator.h; sourceTree = "<group>"; };
		FCL0AQHKVX8JCBTMEEY47M6X /* Lambda.m */ = {isa = PBXFileReference; lastKnownFileType = sourcecode.c.objc; path = Lambda.m; sourceTree = "<group>"; };
		E231RMQSS2VTGP3S443S4BX2 /* Lambda.h */ = {isa = PBXFileReference; lastKnownFileType = sourcecode.c.h; path = Lambda.h; sourceTree = "<group>"; };
		02PY0HMZ96JW0TT3U8DNG10A /* List.m */ = {isa = PBXFileReference; lastKnownFileType = sourcecode.c.objc; path = List.m; sourceTree = "<group>"; };
		0TC85M6RKHFSCXINN7DHJVP8 /* List.h */ = {isa = PBXFileReference; lastKnownFileType = sourcecode.c.h; path = List.h; sourceTree = "<group>"; };
		ZQSZYUGURWO72I2SWMID3H12 /* Reflect.m */ = {isa = PBXFileReference; lastKnownFileType = sourcecode.c.objc; path = Reflect.m; sourceTree = "<group>"; };
		Q8WCRN66TASAUH0RM5N0AC3R /* Reflect.h */ = {isa = PBXFileReference; lastKnownFileType = sourcecode.c.h; path = Reflect.h; sourceTree = "<group>"; };
		076KBJDYHH1WLR8YH5OQ1T7F /* Std.m */ = {isa = PBXFileReference; lastKnownFileType = sourcecode.c.objc; path = Std.m; sourceTree = "<group>"; };
		20ENOU2O9HCEMKZZCKOLMX0V /* Std.h */ = {isa = PBXFileReference; lastKnownFileType = sourcecode.c.h; path = Std.h; sourceTree = "<group>"; };
		7R68Z4OL2RQM7OYD7J2N9JDW /* String.m */ = {isa = PBXFileReference; lastKnownFileType = sourcecode.c.objc; path = String.m; sourceTree = "<group>"; };
		ZW1EWNS2KOPKZP10TBY5JY2Z /* String.h */ = {isa = PBXFileReference; lastKnownFileType = sourcecode.c.h; path = String.h; sourceTree = "<group>"; };
		3LM2BVJ2ARCMKI227XOB0ZEN /* StringBuf.m */ = {isa = PBXFileReference; lastKnownFileType = sourcecode.c.objc; path = StringBuf.m; sourceTree = "<group>"; };
		1EU1A3MZJRPWM9U669BS0DFZ /* StringBuf.h */ = {isa = PBXFileReference; lastKnownFileType = sourcecode.c.h; path = StringBuf.h; sourceTree = "<group>"; };
		45VXCK1MYRV1M9SVCMC4G22E /* StringTools.m */ = {isa = PBXFileReference; lastKnownFileType = sourcecode.c.objc; path = StringTools.m; sourceTree = "<group>"; };
		HQ0WWYRIIQQ18VGHL3L7AUNX /* StringTools.h */ = {isa = PBXFileReference; lastKnownFileType = sourcecode.c.h; path = StringTools.h; sourceTree = "<group>"; };
		0MF49FX13O3GYRAT5C73B0VO /* Sys.m */ = {isa = PBXFileReference; lastKnownFileType = sourcecode.c.objc; path = Sys.m; sourceTree = "<group>"; };
		EIM9ST2LG08RF8CR8WM5W40G /* Sys.h */ = {isa = PBXFileReference; lastKnownFileType = sourcecode.c.h; path = Sys.h; sourceTree = "<group>"; };
		6XQH6HYDP67D9RZ5GXP7931S /* TestC.m */ = {isa = PBXFileReference; lastKnownFileType = sourcecode.c.objc; path = TestC.m; sourceTree = "<group>"; };
		H8ED6DZFVQOSO5EDL6YDW896 /* TestC.h */ = {isa = PBXFileReference; lastKnownFileType = sourcecode.c.h; path = TestC.h; sourceTree = "<group>"; };
		ISQGE8PP5TH6ZC609CNT1ZCF /* TestHaxePack.m */ = {isa = PBXFileReference; lastKnownFileType = sourcecode.c.objc; path = TestHaxePack.m; sourceTree = "<group>"; };
		SH0DTZXEAYEUVKA15AP4Z2F7 /* TestHaxePack.h */ = {isa = PBXFileReference; lastKnownFileType = sourcecode.c.h; path = TestHaxePack.h; sourceTree = "<group>"; };
		WTY2F9M2WJK9TY9NIM7IY8DH /* Tests.m */ = {isa = PBXFileReference; lastKnownFileType = sourcecode.c.objc; path = Tests.m; sourceTree = "<group>"; };
		YIVKBKJWBNBZAMMREBSCSWL6 /* Tests3.m */ = {isa = PBXFileReference; lastKnownFileType = sourcecode.c.objc; path = Tests3.m; sourceTree = "<group>"; };
		HH5X8VC03DY79KZ7DEWBL39D /* Type.m */ = {isa = PBXFileReference; lastKnownFileType = sourcecode.c.objc; path = Type.m; sourceTree = "<group>"; };
		FCZ2O25KEW7U3J9AAL3RRY9A /* haxe/CallStack.m */ = {isa = PBXFileReference; lastKnownFileType = sourcecode.c.objc; name = CallStack.m; path = Tests/haxe/CallStack.m; sourceTree = SOURCE_ROOT; };
		ILK5PKWHGC2QNX0JYA0W4GJ3 /* haxe/FastList.m */ = {isa = PBXFileReference; lastKnownFileType = sourcecode.c.objc; name = FastList.m; path = Tests/haxe/FastList.m; sourceTree = SOURCE_ROOT; };
		3YPGM2EM8JWQ74WDM3QIS9TC /* haxe/FastList.h */ = {isa = PBXFileReference; lastKnownFileType = sourcecode.c.h; name = FastList.h; path = Tests/haxe/FastList.h; sourceTree = SOURCE_ROOT; };
		B8DU9D6R9UMLH3594K5PR64G /* haxe/Json.m */ = {isa = PBXFileReference; lastKnownFileType = sourcecode.c.objc; name = Json.m; path = Tests/haxe/Json.m; sourceTree = SOURCE_ROOT; };
		KTS5862QSLN9YSASECQRWYWJ /* haxe/Json.h */ = {isa = PBXFileReference; lastKnownFileType = sourcecode.c.h; name = Json.h; path = Tests/haxe/Json.h; sourceTree = SOURCE_ROOT; };
		9KFI3GOV391UIV6ZH2VAGZ0W /* haxe/Log.m */ = {isa = PBXFileReference; lastKnownFileType = sourcecode.c.objc; name = Log.m; path = Tests/haxe/Log.m; sourceTree = SOURCE_ROOT; };
		ZMIJ6QX8BOHG2R15BU89LLRN /* haxe/Log.h */ = {isa = PBXFileReference; lastKnownFileType = sourcecode.c.h; name = Log.h; path = Tests/haxe/Log.h; sourceTree = SOURCE_ROOT; };
		JD757SXBO24WSWQX7MOSTQ3W /* haxe/Resource.m */ = {isa = PBXFileReference; lastKnownFileType = sourcecode.c.objc; name = Resource.m; path = Tests/haxe/Resource.m; sourceTree = SOURCE_ROOT; };
		6LERD7FCKQR0C0BHNZ5ZROZH /* haxe/Resource.h */ = {isa = PBXFileReference; lastKnownFileType = sourcecode.c.h; name = Resource.h; path = Tests/haxe/Resource.h; sourceTree = SOURCE_ROOT; };
		WVJ1FMAKG67YK0SHC0ZSZ3FV /* haxe/Serializer.m */ = {isa = PBXFileReference; lastKnownFileType = sourcecode.c.objc; name = Serializer.m; path = Tests/haxe/Serializer.m; sourceTree = SOURCE_ROOT; };
		I91R50BZP8ANNE5JYCU3T7CW /* haxe/Serializer.h */ = {isa = PBXFileReference; lastKnownFileType = sourcecode.c.h; name = Serializer.h; path = Tests/haxe/Serializer.h; sourceTree = SOURCE_ROOT; };
		SJFHRV99WZERXH9KQGNXXNVJ /* haxe/Template.m */ = {isa = PBXFileReference; lastKnownFileType = sourcecode.c.objc; name = Template.m; path = Tests/haxe/Template.m; sourceTree = SOURCE_ROOT; };
		3Q44VH1HL469YE8586ZJUKWG /* haxe/Timer.m */ = {isa = PBXFileReference; lastKnownFileType = sourcecode.c.objc; name = Timer.m; path = Tests/haxe/Timer.m; sourceTree = SOURCE_ROOT; };
		5V67TPEASWFP887GPCXRP8A4 /* haxe/Timer.h */ = {isa = PBXFileReference; lastKnownFileType = sourcecode.c.h; name = Timer.h; path = Tests/haxe/Timer.h; sourceTree = SOURCE_ROOT; };
		1S4Q2OA1XVFXQX5U3AEBU7N7 /* haxe/Unserializer.m */ = {isa = PBXFileReference; lastKnownFileType = sourcecode.c.objc; name = Unserializer.m; path = Tests/haxe/Unserializer.m; sourceTree = SOURCE_ROOT; };
		V283B6HTBHTLO86VL8Y8JNIJ /* haxe/Unserializer.h */ = {isa = PBXFileReference; lastKnownFileType = sourcecode.c.h; name = Unserializer.h; path = Tests/haxe/Unserializer.h; sourceTree = SOURCE_ROOT; };
		LYCL5LX1V9KKZF4NM4TB8HFG /* haxe/crypto/Md5.m */ = {isa = PBXFileReference; lastKnownFileType = sourcecode.c.objc; name = Md5.m; path = Tests/haxe/crypto/Md5.m; sourceTree = SOURCE_ROOT; };
		WG5T1EGK2NCO9G0CGYZ6GLGS /* haxe/crypto/Md5.h */ = {isa = PBXFileReference; lastKnownFileType = sourcecode.c.h; name = Md5.h; path = Tests/haxe/crypto/Md5.h; sourceTree = SOURCE_ROOT; };
		JWNH32TN8UFBIY7ZGXPYJJYX /* haxe/crypto/Sha1.m */ = {isa = PBXFileReference; lastKnownFileType = sourcecode.c.objc; name = Sha1.m; path = Tests/haxe/crypto/Sha1.m; sourceTree = SOURCE_ROOT; };
		AE84YCB6VPLPC0BAYP0R9IAS /* haxe/crypto/Sha1.h */ = {isa = PBXFileReference; lastKnownFileType = sourcecode.c.h; name = Sha1.h; path = Tests/haxe/crypto/Sha1.h; sourceTree = SOURCE_ROOT; };
		A1AR90NNIPG4WL02S950NSVO /* haxe/io/Bytes.m */ = {isa = PBXFileReference; lastKnownFileType = sourcecode.c.objc; name = Bytes.m; path = Tests/haxe/io/Bytes.m; sourceTree = SOURCE_ROOT; };
		QHOAA30RI1VT8BBSMZVLUM0V /* haxe/io/Bytes.h */ = {isa = PBXFileReference; lastKnownFileType = sourcecode.c.h; name = Bytes.h; path = Tests/haxe/io/Bytes.h; sourceTree = SOURCE_ROOT; };
		TIUNJNE2Z64O9C4GYGJ4J2SZ /* haxe/io/BytesBuffer.m */ = {isa = PBXFileReference; lastKnownFileType = sourcecode.c.objc; name = BytesBuffer.m; path = Tests/haxe/io/BytesBuffer.m; sourceTree = SOURCE_ROOT; };
		68FX24C6QB3EWVY57XTCQ3AR /* haxe/io/BytesBuffer.h */ = {isa = PBXFileReference; lastKnownFileType = sourcecode.c.h; name = BytesBuffer.h; path = Tests/haxe/io/BytesBuffer.h; sourceTree = SOURCE_ROOT; };
		MPNKUXROZFAQNB5EGW3GUIG1 /* haxe/io/Eof.m */ = {isa = PBXFileReference; lastKnownFileType = sourcecode.c.objc; name = Eof.m; path = Tests/haxe/io/Eof.m; sourceTree = SOURCE_ROOT; };
		6FNM6NUXZ2DJ1VA4ARBYJEK8 /* haxe/io/Eof.h */ = {isa = PBXFileReference; lastKnownFileType = sourcecode.c.h; name = Eof.h; path = Tests/haxe/io/Eof.h; sourceTree = SOURCE_ROOT; };
		9KMK5FFPD121FWWF6P0OPA67 /* haxe/io/Input.m */ = {isa = PBXFileReference; lastKnownFileType = sourcecode.c.objc; name = Input.m; path = Tests/haxe/io/Input.m; sourceTree = SOURCE_ROOT; };
		EI12C373VFQVPX5FTNUUVPKJ /* haxe/io/Input.h */ = {isa = PBXFileReference; lastKnownFileType = sourcecode.c.h; name = Input.h; path = Tests/haxe/io/Input.h; sourceTree = SOURCE_ROOT; };
		1ESETF9UWQA00URW3VHYTSS1 /* haxe/io/Output.m */ = {isa = PBXFileReference; lastKnownFileType = sourcecode.c.objc; name = Output.m; path = Tests/haxe/io/Output.m; sourceTree = SOURCE_ROOT; };
		6X2QYT0CV64GY4AK00ILEK18 /* haxe/io/Output.h */ = {isa = PBXFileReference; lastKnownFileType = sourcecode.c.h; name = Output.h; path = Tests/haxe/io/Output.h; sourceTree = SOURCE_ROOT; };
		OG4GKOP9M24X4QX6309EAOOI /* objc/Lib.m */ = {isa = PBXFileReference; lastKnownFileType = sourcecode.c.objc; name = Lib.m; path = Tests/objc/Lib.m; sourceTree = SOURCE_ROOT; };
		5DX0RU31Q16EVV7VMVDD5R0G /* objc/Lib.h */ = {isa = PBXFileReference; lastKnownFileType = sourcecode.c.h; name = Lib.h; path = Tests/objc/Lib.h; sourceTree = SOURCE_ROOT; };
		53KICP0E4DUZJ5D2CZXKWRNM /* sys/io/FileInput.m */ = {isa = PBXFileReference; lastKnownFileType = sourcecode.c.objc; name = FileInput.m; path = Tests/sys/io/FileInput.m; sourceTree = SOURCE_ROOT; };
		C5UC0HUQEV61WH04DF7FOFVH /* sys/io/FileInput.h */ = {isa = PBXFileReference; lastKnownFileType = sourcecode.c.h; name = FileInput.h; path = Tests/sys/io/FileInput.h; sourceTree = SOURCE_ROOT; };
		MY1K0AP22VGKHDZVIDV5113A /* sys/io/FileOutput.m */ = {isa = PBXFileReference; lastKnownFileType = sourcecode.c.objc; name = FileOutput.m; path = Tests/sys/io/FileOutput.m; sourceTree = SOURCE_ROOT; };
		SZ8914ZHYC9A9WXH7QHZRIB4 /* sys/io/FileOutput.h */ = {isa = PBXFileReference; lastKnownFileType = sourcecode.c.h; name = FileOutput.h; path = Tests/sys/io/FileOutput.h; sourceTree = SOURCE_ROOT; };
		UPKK543W323V8BZ63894SF2F /* haxe/ */ = {isa = PBXFileReference; lastKnownFileType = folder; path = haxe; sourceTree = "<group>"; };
		1TA0WNIDDOBVRPESLQEBH0V9 /* objc/ */ = {isa = PBXFileReference; lastKnownFileType = folder; path = objc; sourceTree = "<group>"; };
		651OQ53NFVLND9FOXUGB0G6M /* sys/io/ */ = {isa = PBXFileReference; lastKnownFileType = folder; path = sys; sourceTree = "<group>"; };
		JGZH0YQKWBEXOU26NWZTAQTY /* en */ = {isa = PBXFileReference; lastKnownFileType = text.plist.strings; name = en; path = en.lproj/InfoPlist.strings; sourceTree = "<group>"; };
		6TQISRKAS4K42YY0Y01XWTG6 /* en */ = {isa = PBXFileReference; lastKnownFileType = text.plist.strings; name = en; path = en.lproj/InfoPlist.strings; sourceTree = "<group>"; };
		AWXQZJDSB3OR66ZQYSJFGR5V /* Tests-Info.plist */ = {isa = PBXFileReference; lastKnownFileType = text.plist.xml; path = "Tests-Info.plist"; sourceTree = "<group>"; };
		WB04J45EJS6N4PKMMBWJ0Y8U /* Tests-Prefix.pch */ = {isa = PBXFileReference; lastKnownFileType = sourcecode.c.h; path = "Tests-Prefix.pch"; sourceTree = "<group>"; };
		Y4QKP95N2I1F3Q729EH9J5VY /* main.m */ = {isa = PBXFileReference; lastKnownFileType = sourcecode.c.objc; path = main.m; sourceTree = "<group>"; };
		J4ETZ9ETAYFFH8XDBNA6N8Y9 /* Tests.app */ = {isa = PBXFileReference; explicitFileType = wrapper.application; includeInIndex = 0; path = Tests.app; sourceTree = BUILT_PRODUCTS_DIR; };
		SFED1BPZEFC4391VZOQ6EBZX /* TestsTests.octest */ = {isa = PBXFileReference; explicitFileType = wrapper.cfbundle; includeInIndex = 0; path = TestsTests.octest; sourceTree = BUILT_PRODUCTS_DIR; };
/* End PBXFileReference section */


/* Begin PBXFrameworksBuildPhase section */
		EKDWRJQIVV7U5O1THUACAOC8 /* Frameworks */ = {
			isa = PBXFrameworksBuildPhase;
			buildActionMask = 2147483647;
			files = (
				MEQFY5AVV75E95L1UBJCLZGG /* Foundation.framework in Frameworks */,
				H3NJDMJ2YLXC0WBQJPLQUMR2 /* CoreGraphics.framework in Frameworks */,
				UIO87LPGGSPLE03US5GIMG38 /* CoreLocation.framework in Frameworks */,
			);
			runOnlyForDeploymentPostprocessing = 0;
		};
		AWDMCKGCLCV2VBGBQ1JBT4GA /* Frameworks */ = {
			isa = PBXFrameworksBuildPhase;
			buildActionMask = 2147483647;
			files = (
				MEQFY5AVV75E95L1UBJCLZGG /* Foundation.framework in Frameworks */,
				H3NJDMJ2YLXC0WBQJPLQUMR2 /* CoreGraphics.framework in Frameworks */,
				UIO87LPGGSPLE03US5GIMG38 /* CoreLocation.framework in Frameworks */,
			);
			runOnlyForDeploymentPostprocessing = 0;
		};
/* End PBXFrameworksBuildPhase section */

/* Begin PBXGroup section */
		323KB77I2C2SNBM1VLWITSLU = {
			isa = PBXGroup;
			children = (
				QSV1FRFSJTZVEVBCYP0R1BAT /* Tests */,
				TFOOTT9LDNHRN6L8FG2EXQR1 /* TestsTests */,
				QYYJV10SV4OMEUUPMG2X82ZY /* Frameworks */,
				6OXL84Y7T9QDNRJ2JQVFKK3Y /* Products */,
			);
			sourceTree = "<group>";
		};
		6OXL84Y7T9QDNRJ2JQVFKK3Y /* Products */ = {
			isa = PBXGroup;
			children = (
				J4ETZ9ETAYFFH8XDBNA6N8Y9 /* Tests.app */,
				SFED1BPZEFC4391VZOQ6EBZX /* TestsTests.octest */,
			);
			name = Products;
			sourceTree = "<group>";
		};
		QYYJV10SV4OMEUUPMG2X82ZY /* Frameworks */ = {
			isa = PBXGroup;
			children = (
				3IE5GN3I6H98EI6T1HTLVG3J /* Foundation.framework in Frameworks */,
				61FIJZHBD4RBDT8N81FZQAHP /* CoreGraphics.framework in Frameworks */,
				FGHJKYOXRJRGLQ5IQIE1C5GC /* CoreLocation.framework in Frameworks */,
			);
			name = Frameworks;
			sourceTree = "<group>";
		};
		QSV1FRFSJTZVEVBCYP0R1BAT /* Tests */ = {
			isa = PBXGroup;
			children = (
				TDJ2G52GJ0AA7PEATAW1CHGN /* Array.m */,
				XGTFQ0AHIAIX20AYDWGRIY96 /* Array.h */,
				IU72BD2U0DCLFBXVB116FTOQ /* Date.m */,
				WJ9J3ENENQB63L23V38JV557 /* Date.h */,
				B2OTAXA8LQYPQFZNBPG1PJ3E /* DateTools.m */,
				29VFZDVDI3N6HI4KNB0BEYZU /* DateTools.h */,
				QXMRN05T991DBLKRR04YLX59 /* EReg.m */,
				8SZMCCOFMOWJIKU5WAU7OXT7 /* EReg.h */,
				PBCCBJCR1C6TT2HGJRXKJRUF /* Hash.m */,
				G3GZAH3GIY4JCROE9TF7OHWW /* Hash.h */,
				MWAS5YV10GRYLZG5P3CQMBDX /* IntHash.m */,
				I09PJL2413TDHNYU2V38QEYL /* IntHash.h */,
				XBJW9MYXO78MADDTJ5AQ03TO /* IntIterator.m */,
				POBH2EV16KWJZU6C9RZMRCRX /* IntIterator.h */,
				FCL0AQHKVX8JCBTMEEY47M6X /* Lambda.m */,
				E231RMQSS2VTGP3S443S4BX2 /* Lambda.h */,
				02PY0HMZ96JW0TT3U8DNG10A /* List.m */,
				0TC85M6RKHFSCXINN7DHJVP8 /* List.h */,
				ZQSZYUGURWO72I2SWMID3H12 /* Reflect.m */,
				Q8WCRN66TASAUH0RM5N0AC3R /* Reflect.h */,
				076KBJDYHH1WLR8YH5OQ1T7F /* Std.m */,
				20ENOU2O9HCEMKZZCKOLMX0V /* Std.h */,
				7R68Z4OL2RQM7OYD7J2N9JDW /* String.m */,
				ZW1EWNS2KOPKZP10TBY5JY2Z /* String.h */,
				3LM2BVJ2ARCMKI227XOB0ZEN /* StringBuf.m */,
				1EU1A3MZJRPWM9U669BS0DFZ /* StringBuf.h */,
				45VXCK1MYRV1M9SVCMC4G22E /* StringTools.m */,
				HQ0WWYRIIQQ18VGHL3L7AUNX /* StringTools.h */,
				0MF49FX13O3GYRAT5C73B0VO /* Sys.m */,
				EIM9ST2LG08RF8CR8WM5W40G /* Sys.h */,
				6XQH6HYDP67D9RZ5GXP7931S /* TestC.m */,
				H8ED6DZFVQOSO5EDL6YDW896 /* TestC.h */,
				ISQGE8PP5TH6ZC609CNT1ZCF /* TestHaxePack.m */,
				SH0DTZXEAYEUVKA15AP4Z2F7 /* TestHaxePack.h */,
				WTY2F9M2WJK9TY9NIM7IY8DH /* Tests.m */,
				YIVKBKJWBNBZAMMREBSCSWL6 /* Tests3.m */,
				HH5X8VC03DY79KZ7DEWBL39D /* Type.m */,
				UPKK543W323V8BZ63894SF2F /* haxe/ */,
				1TA0WNIDDOBVRPESLQEBH0V9 /* objc/ */,
				651OQ53NFVLND9FOXUGB0G6M /* sys/io/ */,
				4NPS113VN88HHO28C3MSXYMB /* Supporting Files */,
			);
			path = Tests;
			sourceTree = "<group>";
		};
		4NPS113VN88HHO28C3MSXYMB /* Supporting Files */ = {
			isa = PBXGroup;
			children = (
				AWXQZJDSB3OR66ZQYSJFGR5V /* Tests-Info.plist */,
				5I55UZ56MIIK3VGQOV72J6K6 /* InfoPlist.strings */,
				Y4QKP95N2I1F3Q729EH9J5VY /* main.m */,
				WB04J45EJS6N4PKMMBWJ0Y8U /* Tests-Prefix.pch */,
			);
			name = "Supporting Files";
			sourceTree = "<group>";
		};
		TFOOTT9LDNHRN6L8FG2EXQR1 /* TestsTests */ = {
			isa = PBXGroup;
			children = (
				/* 28BFDA091628A95900882B34 TestsTests.h ,*/
				/* 28BFDA0A1628A95900882B34 TestsTests.m ,*/
				LVXTXVWI398RSQA4YX94X871 /* Supporting Files */,
			);
			path = TestsTests;
			sourceTree = "<group>";
		};
		LVXTXVWI398RSQA4YX94X871 /* Supporting Files */ = {
			isa = PBXGroup;
			children = (
				/* 28BFDA051628A95900882B34 TestsTests-Info.plist ,*/
				1HNSKOSLA55GI94L13HZ6EKF /* InfoPlist.strings */,
			);
			name = "Supporting Files";
			sourceTree = "<group>";
		};
/* End PBXGroup section */

/* Begin PBXNativeTarget section */
		EANHNCH57YDYS17UY5UHTRZT /* Tests */ = {
			isa = PBXNativeTarget;
			buildConfigurationList = 92A3EA4IHHOH0REKPUYYJC1F /* Build configuration list for PBXNativeTarget "Tests" */;
			buildPhases = (
				5LJDR41HGQAMMWHQ8H1KOGD3 /* Sources */,
				EKDWRJQIVV7U5O1THUACAOC8 /* Frameworks */,
				S7MNNFHF65AXAU26UH686066 /* Resources */,
			);
			buildRules = (
			);
			dependencies = (
			);
			name = Tests;
			productName = Tests;
			productReference = J4ETZ9ETAYFFH8XDBNA6N8Y9 /* Tests.app */;
			productType = "com.apple.product-type.application";
		};
		UEXRJ97NQC7G40OV6PRC6AQ4 /* TestsTests */ = {
			isa = PBXNativeTarget;
			buildConfigurationList = DGLKIOC5OOO1K6LJM7NGBGXJ /* Build configuration list for PBXNativeTarget "TestsTests" */;
			buildPhases = (
				IY3Y77C896BCKEYH3FTAZTJY /* Sources */,
				AWDMCKGCLCV2VBGBQ1JBT4GA /* Frameworks */,
				X6NN31GEO0NT7DAIF9YXLRB6 /* Resources */,
				9MF91KAT10VMZKSPXLAO0IJT /* ShellScript */,
			);
			buildRules = (
			);
			dependencies = (
				Y1RQWE4QFR3FIFGCOKK6NGKW /* PBXTargetDependency */,
			);
			name = TestsTests;
			productName = TestsTests;
			productReference = SFED1BPZEFC4391VZOQ6EBZX /* TestsTests.octest */;
			productType = "com.apple.product-type.bundle";
		};
/* End PBXNativeTarget section */

/* Begin PBXProject section */
		A5DC66G5ZVU9CELBDWV5RAUY /* Project object */ = {
			isa = PBXProject;
			attributes = {
				LastUpgradeCheck = 0450;
				ORGANIZATIONNAME = "You";
			};
			buildConfigurationList = 4E3V4M6O8W53EHNRV37E62T3 /* Build configuration list for PBXProject "Tests" */;
			compatibilityVersion = "Xcode 3.2";
			developmentRegion = English;
			hasScannedForEncodings = 0;
			knownRegions = (
				en,
			);
			mainGroup = 323KB77I2C2SNBM1VLWITSLU;
			productRefGroup = 6OXL84Y7T9QDNRJ2JQVFKK3Y /* Products */;
			projectDirPath = "";
			projectRoot = "";
			targets = (
				EANHNCH57YDYS17UY5UHTRZT /* Tests */,
				UEXRJ97NQC7G40OV6PRC6AQ4 /* TestsTests */,
			);
		};
/* End PBXProject section */

/* Begin PBXResourcesBuildPhase section */
		S7MNNFHF65AXAU26UH686066 /* Resources */ = {
			isa = PBXResourcesBuildPhase;
			buildActionMask = 2147483647;
			files = (
				UEWTOW0UKVWW0VF3Y6H8JPG2 /* InfoPlist.strings in Resources */,
		GZAZ3JFMRAAM7CAZEMZYCBAS /* haxe/ in Resoures */,
		X3T3PHXERL3JRRSWVG1NM2CK /* objc/ in Resoures */,
		46RJ5ARA3BS5K4XJ6U0HV54N /* sys/io/ in Resoures */,
			);
			runOnlyForDeploymentPostprocessing = 0;
		};
		X6NN31GEO0NT7DAIF9YXLRB6 /* Resources */ = {
			isa = PBXResourcesBuildPhase;
			buildActionMask = 2147483647;
			files = (
				FGZ21N6EATUD5TYZWWQWCS83 /* InfoPlist.strings in Resources */,
			);
			runOnlyForDeploymentPostprocessing = 0;
		};
/* End PBXResourcesBuildPhase section */

/* Begin PBXShellScriptBuildPhase section */
		9MF91KAT10VMZKSPXLAO0IJT /* ShellScript */ = {
			isa = PBXShellScriptBuildPhase;
			buildActionMask = 2147483647;
			files = (
			);
			inputPaths = (
			);
			outputPaths = (
			);
			runOnlyForDeploymentPostprocessing = 0;
			shellPath = /bin/sh;
			shellScript = "# Run the unit tests in this test bundle.\
\"${SYSTEM_DEVELOPER_DIR}/Tools/RunUnitTests\"\
";
		};
/* End PBXShellScriptBuildPhase section */

/* Begin PBXSourcesBuildPhase section */
		5LJDR41HGQAMMWHQ8H1KOGD3 /* Sources */ = {
			isa = PBXSourcesBuildPhase;
			buildActionMask = 2147483647;
			files = (
X3K36NQZ8H7FLEXFU8B8YJR5 /* main.m in Sources */,
				0L9RKCQ3M63IH1BFQ6X6L5LZ /* Array.m in Sources */,
				HVJC59QES4MNCUGOBHMKAWIO /* Date.m in Sources */,
				Q1QW2PVRDGXKWGXVDEB9O28G /* DateTools.m in Sources */,
				RLE61GP7W6UK2KUKCAL8AYI2 /* EReg.m in Sources */,
				TJ9VIFVOBW5ZV8ZKEYZ0272T /* Hash.m in Sources */,
				2VOMDGSJVIJFUQBDHNSHKCXB /* IntHash.m in Sources */,
				6JWDMXYCRJLCDYU2TUFHEPW7 /* IntIterator.m in Sources */,
				A9XY9C7V2C6M3YG9C77WKY1R /* Lambda.m in Sources */,
				RG16FX7Z1NCWOLY57EFWREE4 /* List.m in Sources */,
				IFS2E7U7LZOV89V4G8YA5XKN /* Reflect.m in Sources */,
				NZNGMZL3HT7LX1Y8QSGIKNQP /* Std.m in Sources */,
				0NRHU8LOB7W0QU5PVN304ZE7 /* String.m in Sources */,
				ACUPSRS9XASFBBSO137DAE64 /* StringBuf.m in Sources */,
				4XFF4RW10ABMWIW88T9SJE7I /* StringTools.m in Sources */,
				9TYP0W5YTR649FV6N3DMVCDC /* Sys.m in Sources */,
				G1Q2Q5FBWQ9OY59RCJ7TB23Q /* TestC.m in Sources */,
				60LVF0WADZQY5WV9YLELTJDR /* TestHaxePack.m in Sources */,
				BCKWXJDNX0MSCGKB18H2BMAE /* Tests.m in Sources */,
				YNFQ146VUNYZZ10WGBLJCPJT /* Tests3.m in Sources */,
				ADLDUSXY3LVZNKTW3M03HM2W /* Type.m in Sources */,
				A5JFT1ZZ3J9K83WZSZNUV5DS /* haxe/CallStack.m in Sources */,
				0K3QV46XEQDKYZ6MJ015LZHU /* haxe/FastList.m in Sources */,
				U4HBBRX1XN95L26Z2029P7QR /* haxe/Json.m in Sources */,
				IKD76C2NJFHITGSYL36BIK4J /* haxe/Log.m in Sources */,
				H26AZGPXYS5L7Z1UX9Q3JQ1E /* haxe/Resource.m in Sources */,
				GSFSI2V5HV6KP8T4WQSH7L3X /* haxe/Serializer.m in Sources */,
				Q69PNP5NR6ICAV8MT8PWC5TT /* haxe/Template.m in Sources */,
				WRVDVAVBTZU67N320I5JFCT6 /* haxe/Timer.m in Sources */,
				EP19K3CAN470YCT7KJ4O9G2H /* haxe/Unserializer.m in Sources */,
				I11TKAV34S4ADR6PBQ7J30TN /* haxe/crypto/Md5.m in Sources */,
				M0VUSUZPRG0RPDL4KWF3X58G /* haxe/crypto/Sha1.m in Sources */,
				GJK4LU6QP2BGRSWRTO27MB1N /* haxe/io/Bytes.m in Sources */,
				7DZU1YG0SFO7ZGXGWNY5DNQJ /* haxe/io/BytesBuffer.m in Sources */,
				BAKL0ZCT8DV5UTDEPDN460V4 /* haxe/io/Eof.m in Sources */,
				IXQYLWZYP1TAX8UGG1B45GIY /* haxe/io/Input.m in Sources */,
				8GFL0R6ULA7JLQX1BZQH0LWW /* haxe/io/Output.m in Sources */,
				QXSSS3IHQWNO4XQTGFIGFN3Q /* objc/Lib.m in Sources */,
				2IAW7XWBRZLR1ECCZO4QE88X /* sys/io/FileInput.m in Sources */,
				WBSOC691OFTI5FLRJYGVCKIU /* sys/io/FileOutput.m in Sources */,
			);
			runOnlyForDeploymentPostprocessing = 0;
		};
		IY3Y77C896BCKEYH3FTAZTJY /* Sources */ = {
			isa = PBXSourcesBuildPhase;
			buildActionMask = 2147483647;
			files = (
				/* 28BFDA0B1628A95900882B34  TestsTests.m in Sources ,*/
			);
			runOnlyForDeploymentPostprocessing = 0;
		};
/* End PBXSourcesBuildPhase section */

/* Begin PBXTargetDependency section */
		Y1RQWE4QFR3FIFGCOKK6NGKW /* PBXTargetDependency */ = {
			isa = PBXTargetDependency;
			target = EANHNCH57YDYS17UY5UHTRZT /* Tests */;
			targetProxy = POUSFE1U5SG8ESNGXJNCOO8C /* PBXContainerItemProxy */;
		};
/* End PBXTargetDependency section */

/* Begin PBXVariantGroup section */
		5I55UZ56MIIK3VGQOV72J6K6 /* InfoPlist.strings */ = {
			isa = PBXVariantGroup;
			children = (
				JGZH0YQKWBEXOU26NWZTAQTY /* en */,
			);
			name = InfoPlist.strings;
			sourceTree = "<group>";
		};
		1HNSKOSLA55GI94L13HZ6EKF /* InfoPlist.strings */ = {
			isa = PBXVariantGroup;
			children = (
				6TQISRKAS4K42YY0Y01XWTG6 /* en */,
			);
			name = InfoPlist.strings;
			sourceTree = "<group>";
		};
/* End PBXVariantGroup section */

/* Begin XCBuildConfiguration section */
		ISV7Y0QFPYRJ6FHLZR6NF32T /* Debug */ = {
			isa = XCBuildConfiguration;
			buildSettings = {
				ALWAYS_SEARCH_USER_PATHS = NO;
				CLANG_CXX_LANGUAGE_STANDARD = "gnu++0x";
				CLANG_CXX_LIBRARY = "libc++";
				CLANG_ENABLE_OBJC_ARC = YES;
				CLANG_WARN_EMPTY_BODY = YES;
				CLANG_WARN__DUPLICATE_METHOD_MATCH = YES;
				"CODE_SIGN_IDENTITY[sdk=iphoneos*]" = "iPhone Developer";
				COPY_PHASE_STRIP = NO;
				GCC_C_LANGUAGE_STANDARD = gnu99;
				GCC_DYNAMIC_NO_PIC = NO;
				GCC_OPTIMIZATION_LEVEL = 0;
				GCC_PREPROCESSOR_DEFINITIONS = (
					"DEBUG=1",
					"$(inherited)",
				);
				GCC_SYMBOLS_PRIVATE_EXTERN = NO;
				GCC_WARN_ABOUT_RETURN_TYPE = YES;
				GCC_WARN_UNINITIALIZED_AUTOS = YES;
				GCC_WARN_UNUSED_VARIABLE = YES;
				IPHONEOS_DEPLOYMENT_TARGET = 6.0;
				ONLY_ACTIVE_ARCH = YES;
				SDKROOT = iphoneos;
			};
			name = Debug;
		};
		ATREKQ8DY1WPL03QQDMKTZWT /* Release */ = {
			isa = XCBuildConfiguration;
			buildSettings = {
				ALWAYS_SEARCH_USER_PATHS = NO;
				CLANG_CXX_LANGUAGE_STANDARD = "gnu++0x";
				CLANG_CXX_LIBRARY = "libc++";
				CLANG_ENABLE_OBJC_ARC = YES;
				CLANG_WARN_EMPTY_BODY = YES;
				CLANG_WARN__DUPLICATE_METHOD_MATCH = YES;
				"CODE_SIGN_IDENTITY[sdk=iphoneos*]" = "iPhone Developer";
				COPY_PHASE_STRIP = YES;
				GCC_C_LANGUAGE_STANDARD = gnu99;
				GCC_WARN_ABOUT_RETURN_TYPE = YES;
				GCC_WARN_UNINITIALIZED_AUTOS = YES;
				GCC_WARN_UNUSED_VARIABLE = YES;
				IPHONEOS_DEPLOYMENT_TARGET = 6.0;
				OTHER_CFLAGS = "-DNS_BLOCK_ASSERTIONS=1";
				SDKROOT = iphoneos;
				VALIDATE_PRODUCT = YES;
			};
			name = Release;
		};
		5N4DIPWH137ASDBOZ8WQ538I /* Debug */ = {
			isa = XCBuildConfiguration;
			buildSettings = {
				CODE_SIGN_IDENTITY = "iPhone Developer";
				GCC_PRECOMPILE_PREFIX_HEADER = YES;
				GCC_PREFIX_HEADER = "Tests/Tests-Prefix.pch";
				INFOPLIST_FILE = "Tests/Tests-Info.plist";
				PRODUCT_NAME = "$(TARGET_NAME)";
				PROVISIONING_PROFILE = "";
				WRAPPER_EXTENSION = app;
			};
			name = Debug;
		};
		RRM0SQCCSU61XRA3S4FWTX3T /* Release */ = {
			isa = XCBuildConfiguration;
			buildSettings = {
				GCC_PRECOMPILE_PREFIX_HEADER = YES;
				GCC_PREFIX_HEADER = "Tests/Tests-Prefix.pch";
				INFOPLIST_FILE = "Tests/Tests-Info.plist";
				PRODUCT_NAME = "$(TARGET_NAME)";
				WRAPPER_EXTENSION = app;
			};
			name = Release;
		};
		BZQSKFEEW7PUW7R5LB3A1F77 /* Debug */ = {
			isa = XCBuildConfiguration;
			buildSettings = {
				BUNDLE_LOADER = "$(BUILT_PRODUCTS_DIR)/Tests.app/Tests";
				FRAMEWORK_SEARCH_PATHS = (
					"\"$(SDKROOT)/Developer/Library/Frameworks\"",
					"\"$(DEVELOPER_LIBRARY_DIR)/Frameworks\"",
				);
				GCC_PRECOMPILE_PREFIX_HEADER = YES;
				GCC_PREFIX_HEADER = "Tests/Tests-Prefix.pch";
				INFOPLIST_FILE = "TestsTests/TestsTests-Info.plist";
				PRODUCT_NAME = "$(TARGET_NAME)";
				TEST_HOST = "$(BUNDLE_LOADER)";
				WRAPPER_EXTENSION = octest;
			};
			name = Debug;
		};
		XOE0YGBBIAU15DAQNZ0NOSN9 /* Release */ = {
			isa = XCBuildConfiguration;
			buildSettings = {
				BUNDLE_LOADER = "$(BUILT_PRODUCTS_DIR)/Tests.app/Tests";
				FRAMEWORK_SEARCH_PATHS = (
					"\"$(SDKROOT)/Developer/Library/Frameworks\"",
					"\"$(DEVELOPER_LIBRARY_DIR)/Frameworks\"",
				);
				GCC_PRECOMPILE_PREFIX_HEADER = YES;
				GCC_PREFIX_HEADER = "Tests/Tests-Prefix.pch";
				INFOPLIST_FILE = "TestsTests/TestsTests-Info.plist";
				PRODUCT_NAME = "$(TARGET_NAME)";
				TEST_HOST = "$(BUNDLE_LOADER)";
				WRAPPER_EXTENSION = octest;
			};
			name = Release;
		};
/* End XCBuildConfiguration section */

/* Begin XCConfigurationList section */
		4E3V4M6O8W53EHNRV37E62T3 /* Build configuration list for PBXProject "Tests" */ = {
			isa = XCConfigurationList;
			buildConfigurations = (
				ISV7Y0QFPYRJ6FHLZR6NF32T /* Debug */,
				ATREKQ8DY1WPL03QQDMKTZWT /* Release */,
			);
			defaultConfigurationIsVisible = 0;
			defaultConfigurationName = Release;
		};
		92A3EA4IHHOH0REKPUYYJC1F /* Build configuration list for PBXNativeTarget "Tests" */ = {
			isa = XCConfigurationList;
			buildConfigurations = (
				5N4DIPWH137ASDBOZ8WQ538I /* Debug */,
				RRM0SQCCSU61XRA3S4FWTX3T /* Release */,
			);
			defaultConfigurationIsVisible = 0;
			defaultConfigurationName = Release;
		};
		DGLKIOC5OOO1K6LJM7NGBGXJ /* Build configuration list for PBXNativeTarget "TestsTests" */ = {
			isa = XCConfigurationList;
			buildConfigurations = (
				BZQSKFEEW7PUW7R5LB3A1F77 /* Debug */,
				XOE0YGBBIAU15DAQNZ0NOSN9 /* Release */,
			);
			defaultConfigurationIsVisible = 0;
			defaultConfigurationName = Release;
		};
/* End XCConfigurationList section */
	};
	rootObject = A5DC66G5ZVU9CELBDWV5RAUY /* Project object */;
}
