{
	archiveVersion = 1;
	classes = {
	};
	objectVersion = 46;
	objects = {
/* Begin PBXBuildFile section */
		UDHQHW53NSEA4JG8224VCHOK /* Foundation.framework in Frameworks */ = {isa = PBXBuildFile; fileRef = M7WK1EDU67285R3FC4PCV7M1; };
		TD4TE7NHE93A40JEECUCV1MG /* Array.m in Sources */ = {isa = PBXBuildFile; fileRef = HLXZAJC0KBHPMPVWMT13JU0U; };
		14BV53ISPM1CNRQWJEX71AEN /* Date.m in Sources */ = {isa = PBXBuildFile; fileRef = JX3FE8XG0J6XNC4GX9PDF1PF; };
		MCG5LP534Y5IQDA4P2RMIBFK /* DateTools.m in Sources */ = {isa = PBXBuildFile; fileRef = LY128CK2OZ7AR9AUBGA9G03N; };
		BE4MV1VGGG8LKIPU8KKOC7XV /* EReg.m in Sources */ = {isa = PBXBuildFile; fileRef = HR8MU85XCOJP51U8QDUMMS61; };
		4TZDYN3JJZEO6HG5UH4TKYEZ /* Hash.m in Sources */ = {isa = PBXBuildFile; fileRef = J59ROC4D22BWW1739BW7X1CZ; };
		B33VEY5C3JSD9K1X5BAGEIEQ /* IntHash.m in Sources */ = {isa = PBXBuildFile; fileRef = MMHPL1R4U244918OVL1MP34J; };
		PLPKX2OVVYVCTQBZHI4MTOON /* Lambda.m in Sources */ = {isa = PBXBuildFile; fileRef = CT0NBCLL6HJFZLN58VSL4Z3P; };
		Y7CQBX6O725FBAGJ3AOSQU02 /* List.m in Sources */ = {isa = PBXBuildFile; fileRef = 5OTPONRSD9VE6J3E56P0F16Y; };
		TAXAUIHYWLKR2J9FWK3VTHU2 /* Reflect.m in Sources */ = {isa = PBXBuildFile; fileRef = OK2LBHJ2YO5Q8LUN0CPRR7KB; };
		FTR1II62HKK3P08QVD7GHAGH /* SEL.m in Sources */ = {isa = PBXBuildFile; fileRef = JDVJIDS6G56536TSSYBXT7T4; };
		0AAOO67CDXS02VDY6EYF7HIK /* Std.m in Sources */ = {isa = PBXBuildFile; fileRef = DWIWS6OLNKF2Y0D8S9S3WU2F; };
		RZ1XUDQV6N11DZA8I8VY1P6T /* StringBuf.m in Sources */ = {isa = PBXBuildFile; fileRef = JHQJHSWIZUW8OKC3PKSW3ZP2; };
		USZUISVYMD1D0T7UDRIHM1X6 /* StringTools.m in Sources */ = {isa = PBXBuildFile; fileRef = NEPBCTT3SHP4MH8MZPOQ0GLD; };
		5DHNQYPA0CMF6RI3EO5DVZDJ /* Sys.m in Sources */ = {isa = PBXBuildFile; fileRef = 1FEXIJ7X4NE7GK4SBRY7YSA9; };
		MF7ISDZHG33FF8P415Y32JS1 /* Tests.m in Sources */ = {isa = PBXBuildFile; fileRef = 6KIP3QY1LLHE5YMFYL3UDKR2; };
		NKYB1J0BXS112BY32WYLZ9CC /* Tests3.m in Sources */ = {isa = PBXBuildFile; fileRef = 75K2LJJ83GQ09X42UN4KEEVR; };
		8744IX3EXYJ35E2SAP0IJ1Q0 /* Type.m in Sources */ = {isa = PBXBuildFile; fileRef = 5L6CXOFYAGWFYXL06LPVWWTJ; };
		TI6RSZ1ASR2H4JW8N9ARR4XQ /* FastList.m in Sources */ = {isa = PBXBuildFile; fileRef = BQWU07YD0652RDT8UCET2P1M; };
		NS3DTQ6U3RO0C23L29SA5S4S /* Log.m in Sources */ = {isa = PBXBuildFile; fileRef = GKRUCN5JCTUL7QL46MM7TRAQ; };
		2RMIN7FME5T4DGKH23GMZLGN /* Timer.m in Sources */ = {isa = PBXBuildFile; fileRef = L4U41WH2Q5ID9QTLPL463PBQ; };
		SNMWDEPCCGC5V1HHWSFX8J7T /* Input.m in Sources */ = {isa = PBXBuildFile; fileRef = FRDI7GWZ6DXN6BM3JQ92GSPH; };
		5CCQWC5G5UMB77F2IZJ0T2H0 /* Output.m in Sources */ = {isa = PBXBuildFile; fileRef = 1473HBPWZR3VNA24JVHNIK93; };
		OQZHP8Y3Y8Z7H3R5VMOJPJGC /* Lib.m in Sources */ = {isa = PBXBuildFile; fileRef = BP6JAN4B4LP4UV0JEB2LRDJ0; };
		4OHH3TS7LWFTSRD2XOQPQ8M5 /* FileInput.m in Sources */ = {isa = PBXBuildFile; fileRef = 2KMYWJ3SSUNHD8WPSEN8TBJO; };
		UE0MHGD97SD1NV8UYRCKK16Z /* FileOutput.m in Sources */ = {isa = PBXBuildFile; fileRef = IPP5L4JVYT81HLDE050G8ZNP; };
/* End PBXBuildFile section */

/* Begin PBXContainerItemProxy section */
		FMLEZ7AQQ4RKHNW1HFO7AZ7Z /* PBXContainerItemProxy */ = {
			isa = PBXContainerItemProxy;
			containerPortal = 9NEAQ51Y3OLTVBOLOL625YFO /* Project object */;
			proxyType = 1;
			remoteGlobalIDString = Tests;
			remoteInfo = Tests;
		};
/* End PBXContainerItemProxy section */

/* Begin PBXFileReference section */
		1L7GYXGM5MJP2CNNP97HN9DI /* Tests.app */ = {isa = PBXFileReference; explicitFileType = wrapper.application; includeInIndex = 0; path = Tests.app; sourceTree = BUILT_PRODUCTS_DIR; };
		M7WK1EDU67285R3FC4PCV7M1 /* Foundation.framework */ = {isa = PBXFileReference; lastKnownFileType = wrapper.framework; name = Foundation.framework; path = System/Library/Frameworks/Foundation.framework; sourceTree = SDKROOT; };
		HLXZAJC0KBHPMPVWMT13JU0U /* Array.m */ = {isa = PBXFileReference; lastKnownFileType = sourcecode.c.objc; path = Array.m; sourceTree = "<group>"; };
		00CCEJLK0IHOQVKGOWBGB9AP /* Array.h */ = {isa = PBXFileReference; lastKnownFileType = sourcecode.c.h; path = Array.h; sourceTree = "<group>"; };
		JX3FE8XG0J6XNC4GX9PDF1PF /* Date.m */ = {isa = PBXFileReference; lastKnownFileType = sourcecode.c.objc; path = Date.m; sourceTree = "<group>"; };
		GEL2JHHJC5CQEG2DT88FJ1O8 /* Date.h */ = {isa = PBXFileReference; lastKnownFileType = sourcecode.c.h; path = Date.h; sourceTree = "<group>"; };
		LY128CK2OZ7AR9AUBGA9G03N /* DateTools.m */ = {isa = PBXFileReference; lastKnownFileType = sourcecode.c.objc; path = DateTools.m; sourceTree = "<group>"; };
		SRCMVAHMNYWP2E2STDD0G74G /* DateTools.h */ = {isa = PBXFileReference; lastKnownFileType = sourcecode.c.h; path = DateTools.h; sourceTree = "<group>"; };
		HR8MU85XCOJP51U8QDUMMS61 /* EReg.m */ = {isa = PBXFileReference; lastKnownFileType = sourcecode.c.objc; path = EReg.m; sourceTree = "<group>"; };
		2W5FBDTPCFUJ30FS8VT6L3VU /* EReg.h */ = {isa = PBXFileReference; lastKnownFileType = sourcecode.c.h; path = EReg.h; sourceTree = "<group>"; };
		J59ROC4D22BWW1739BW7X1CZ /* Hash.m */ = {isa = PBXFileReference; lastKnownFileType = sourcecode.c.objc; path = Hash.m; sourceTree = "<group>"; };
		FKOOWQ0GR4Q8W3WLA2VT0LQ6 /* Hash.h */ = {isa = PBXFileReference; lastKnownFileType = sourcecode.c.h; path = Hash.h; sourceTree = "<group>"; };
		MMHPL1R4U244918OVL1MP34J /* IntHash.m */ = {isa = PBXFileReference; lastKnownFileType = sourcecode.c.objc; path = IntHash.m; sourceTree = "<group>"; };
		WH01ZAGXULJZVNXJHCHYENJI /* IntHash.h */ = {isa = PBXFileReference; lastKnownFileType = sourcecode.c.h; path = IntHash.h; sourceTree = "<group>"; };
		1B4KXHRPCNZ1CP2GB2FEVCMB /* Interface1.h */ = {isa = PBXFileReference; lastKnownFileType = sourcecode.c.h; path = Interface1.h; sourceTree = "<group>"; };
		V5D64EZC16RZH8S1ZD00RDA8 /* Interface2.h */ = {isa = PBXFileReference; lastKnownFileType = sourcecode.c.h; path = Interface2.h; sourceTree = "<group>"; };
		CT0NBCLL6HJFZLN58VSL4Z3P /* Lambda.m */ = {isa = PBXFileReference; lastKnownFileType = sourcecode.c.objc; path = Lambda.m; sourceTree = "<group>"; };
		XTTB88FT7AHP5F3TL9DP09Z7 /* Lambda.h */ = {isa = PBXFileReference; lastKnownFileType = sourcecode.c.h; path = Lambda.h; sourceTree = "<group>"; };
		5OTPONRSD9VE6J3E56P0F16Y /* List.m */ = {isa = PBXFileReference; lastKnownFileType = sourcecode.c.objc; path = List.m; sourceTree = "<group>"; };
		N19K94OS1U34VRGC50TBM4TE /* List.h */ = {isa = PBXFileReference; lastKnownFileType = sourcecode.c.h; path = List.h; sourceTree = "<group>"; };
		OK2LBHJ2YO5Q8LUN0CPRR7KB /* Reflect.m */ = {isa = PBXFileReference; lastKnownFileType = sourcecode.c.objc; path = Reflect.m; sourceTree = "<group>"; };
		EY2P99B7OSUV1E0L2XD225QR /* Reflect.h */ = {isa = PBXFileReference; lastKnownFileType = sourcecode.c.h; path = Reflect.h; sourceTree = "<group>"; };
		JDVJIDS6G56536TSSYBXT7T4 /* SEL.m */ = {isa = PBXFileReference; lastKnownFileType = sourcecode.c.objc; path = SEL.m; sourceTree = "<group>"; };
		O4U8W6B5YFNOGU7FBNRKZ192 /* SEL.h */ = {isa = PBXFileReference; lastKnownFileType = sourcecode.c.h; path = SEL.h; sourceTree = "<group>"; };
		DWIWS6OLNKF2Y0D8S9S3WU2F /* Std.m */ = {isa = PBXFileReference; lastKnownFileType = sourcecode.c.objc; path = Std.m; sourceTree = "<group>"; };
		F5KD5BQD8N52ZG6ZZN15TYIH /* Std.h */ = {isa = PBXFileReference; lastKnownFileType = sourcecode.c.h; path = Std.h; sourceTree = "<group>"; };
		JHQJHSWIZUW8OKC3PKSW3ZP2 /* StringBuf.m */ = {isa = PBXFileReference; lastKnownFileType = sourcecode.c.objc; path = StringBuf.m; sourceTree = "<group>"; };
		IYW8KR9OYEMBJ9XUYNM6V0JM /* StringBuf.h */ = {isa = PBXFileReference; lastKnownFileType = sourcecode.c.h; path = StringBuf.h; sourceTree = "<group>"; };
		NEPBCTT3SHP4MH8MZPOQ0GLD /* StringTools.m */ = {isa = PBXFileReference; lastKnownFileType = sourcecode.c.objc; path = StringTools.m; sourceTree = "<group>"; };
		XR2VQLV79DAKIKI0XFE6AGY3 /* StringTools.h */ = {isa = PBXFileReference; lastKnownFileType = sourcecode.c.h; path = StringTools.h; sourceTree = "<group>"; };
		1FEXIJ7X4NE7GK4SBRY7YSA9 /* Sys.m */ = {isa = PBXFileReference; lastKnownFileType = sourcecode.c.objc; path = Sys.m; sourceTree = "<group>"; };
		62X7WFGRRJ9MOYH97FMM9JOW /* Sys.h */ = {isa = PBXFileReference; lastKnownFileType = sourcecode.c.h; path = Sys.h; sourceTree = "<group>"; };
		6KIP3QY1LLHE5YMFYL3UDKR2 /* Tests.m */ = {isa = PBXFileReference; lastKnownFileType = sourcecode.c.objc; path = Tests.m; sourceTree = "<group>"; };
		75K2LJJ83GQ09X42UN4KEEVR /* Tests3.m */ = {isa = PBXFileReference; lastKnownFileType = sourcecode.c.objc; path = Tests3.m; sourceTree = "<group>"; };
		5L6CXOFYAGWFYXL06LPVWWTJ /* Type.m */ = {isa = PBXFileReference; lastKnownFileType = sourcecode.c.objc; path = Type.m; sourceTree = "<group>"; };
		91DT64QFSUVBDD33JBBXEU8T /* Type.h */ = {isa = PBXFileReference; lastKnownFileType = sourcecode.c.h; path = Type.h; sourceTree = "<group>"; };
		BQWU07YD0652RDT8UCET2P1M /* FastList.m */ = {isa = PBXFileReference; lastKnownFileType = sourcecode.c.objc; path = haxe/FastList.m; sourceTree = "<group>"; };
		8JQREEUMQXIVOTBU7UVBMGDM /* FastList.h */ = {isa = PBXFileReference; lastKnownFileType = sourcecode.c.h; path = haxe/FastList.h; sourceTree = "<group>"; };
		GKRUCN5JCTUL7QL46MM7TRAQ /* Log.m */ = {isa = PBXFileReference; lastKnownFileType = sourcecode.c.objc; path = haxe/Log.m; sourceTree = "<group>"; };
		O6UWQOJE7X5N1S3APRH2H10P /* Log.h */ = {isa = PBXFileReference; lastKnownFileType = sourcecode.c.h; path = haxe/Log.h; sourceTree = "<group>"; };
		L4U41WH2Q5ID9QTLPL463PBQ /* Timer.m */ = {isa = PBXFileReference; lastKnownFileType = sourcecode.c.objc; path = haxe/Timer.m; sourceTree = "<group>"; };
		RE9OTIZIWZMC4H4YH9GT6ZXD /* Timer.h */ = {isa = PBXFileReference; lastKnownFileType = sourcecode.c.h; path = haxe/Timer.h; sourceTree = "<group>"; };
		FRDI7GWZ6DXN6BM3JQ92GSPH /* Input.m */ = {isa = PBXFileReference; lastKnownFileType = sourcecode.c.objc; path = haxe/io/Input.m; sourceTree = "<group>"; };
		ZMYXB7VXGN13IP6EI5U16YK3 /* Input.h */ = {isa = PBXFileReference; lastKnownFileType = sourcecode.c.h; path = haxe/io/Input.h; sourceTree = "<group>"; };
		1473HBPWZR3VNA24JVHNIK93 /* Output.m */ = {isa = PBXFileReference; lastKnownFileType = sourcecode.c.objc; path = haxe/io/Output.m; sourceTree = "<group>"; };
		7RSQQ1S1DIU9GA7478JLSS61 /* Output.h */ = {isa = PBXFileReference; lastKnownFileType = sourcecode.c.h; path = haxe/io/Output.h; sourceTree = "<group>"; };
		BP6JAN4B4LP4UV0JEB2LRDJ0 /* Lib.m */ = {isa = PBXFileReference; lastKnownFileType = sourcecode.c.objc; path = objc/Lib.m; sourceTree = "<group>"; };
		JL7B9LIQR79W5TZ76G4XD9X7 /* Lib.h */ = {isa = PBXFileReference; lastKnownFileType = sourcecode.c.h; path = objc/Lib.h; sourceTree = "<group>"; };
		2KMYWJ3SSUNHD8WPSEN8TBJO /* FileInput.m */ = {isa = PBXFileReference; lastKnownFileType = sourcecode.c.objc; path = sys/io/FileInput.m; sourceTree = "<group>"; };
		3ZQYE20NWOE5CSKRI9DG15TF /* FileInput.h */ = {isa = PBXFileReference; lastKnownFileType = sourcecode.c.h; path = sys/io/FileInput.h; sourceTree = "<group>"; };
		IPP5L4JVYT81HLDE050G8ZNP /* FileOutput.m */ = {isa = PBXFileReference; lastKnownFileType = sourcecode.c.objc; path = sys/io/FileOutput.m; sourceTree = "<group>"; };
		OVY3XAT6ZIBJO346Y7V9EL3Z /* FileOutput.h */ = {isa = PBXFileReference; lastKnownFileType = sourcecode.c.h; path = sys/io/FileOutput.h; sourceTree = "<group>"; };
/* End PBXFileReference section */

/* Begin PBXFrameworksBuildPhase section */
		KP29R3GRXBMOK0F8LB3MI02F /* Frameworks */ = {
			isa = PBXFrameworksBuildPhase;
			buildActionMask = 2147483647;
			files = (
				UDHQHW53NSEA4JG8224VCHOK /* Foundation.framework in Frameworks */,
			);
			runOnlyForDeploymentPostprocessing = 0;
		};
		QZCNU93HM2L9EOZY1DCMRF45 /* Frameworks */ = {
			isa = PBXFrameworksBuildPhase;
			buildActionMask = 2147483647;
			files = (
				UDHQHW53NSEA4JG8224VCHOK /* Foundation.framework in Frameworks */,
			);
			runOnlyForDeploymentPostprocessing = 0;
		};
/* End PBXFrameworksBuildPhase section */
/* Begin PBXGroup section */
		JRS0UV6ROJXW23IE1WAAVZSU = {
			isa = PBXGroup;
			children = (
				68Q1N3NERHF3VWVU6864QMWQ /* Tests */,
				8CB909L758V2VEG1BGFQ3C19 /* TestsTests */,
				9FGRXG6HMVE319LB08GHNJ6H /* Frameworks */,
				XV2B687GODF5UZMNJ3XDEB6I /* Products */,
			);
			sourceTree = "<group>";
		};
		XV2B687GODF5UZMNJ3XDEB6I /* Products */ = {
			isa = PBXGroup;
			children = (
				V9W4BCQI3V48YN0GFBXQ9O7A /* Tests.app */,
				3EWMK0OUG4SNMNJZI8S44DUY /* TestsTests.octest */,
			);
			name = Products;
			sourceTree = "<group>";
		};
		9FGRXG6HMVE319LB08GHNJ6H /* Frameworks */ = {
			isa = PBXGroup;
			children = (
				UDHQHW53NSEA4JG8224VCHOK /* Foundation.framework in Frameworks */,
			);
			name = Frameworks;
			sourceTree = "<group>";
		};
		68Q1N3NERHF3VWVU6864QMWQ /* Tests */ = {
			isa = PBXGroup;
			children = (
				28BFD9E81628A95900882B34 /* AppDelegate.h */,
				28BFD9E91628A95900882B34 /* AppDelegate.m */,
				28BFDA211638866C00882B34 /* CustomMapView.h */,
				28BFDA221638866C00882B34 /* CustomMapView.m */,
				6RQGUAZWMGQQ12EIVYZ7P5K5 /* Supporting Files */,
			);
			path = Tests;
			sourceTree = "<group>";
		};
		6RQGUAZWMGQQ12EIVYZ7P5K5 /* Supporting Files */ = {
			isa = PBXGroup;
			children = (
				28BFD9E11628A95900882B34 /* Tests-Info.plist */,
				28BFD9E21628A95900882B34 /* InfoPlist.strings */,
				28BFD9E51628A95900882B34 /* main.m */,
				28BFD9E71628A95900882B34 /* Tests-Prefix.pch */,
			);
			name = "Supporting Files";
			sourceTree = "<group>";
		};
		8CB909L758V2VEG1BGFQ3C19 /* TestsTests */ = {
			isa = PBXGroup;
			children = (
				28BFDA091628A95900882B34 /* TestsTests.h */,
				28BFDA0A1628A95900882B34 /* TestsTests.m */,
				DAATU4RG168N294AU88HCZX3 /* Supporting Files */,
			);
			path = TestsTests;
			sourceTree = "<group>";
		};
		DAATU4RG168N294AU88HCZX3 /* Supporting Files */ = {
			isa = PBXGroup;
			children = (
				28BFDA051628A95900882B34 /* TestsTests-Info.plist */,
				28BFDA061628A95900882B34 /* InfoPlist.strings */,
			);
			name = "Supporting Files";
			sourceTree = "<group>";
		};
/* End PBXGroup section */
/* Begin PBXNativeTarget section */
		Tests /* Tests */ = {
			isa = PBXNativeTarget;
			buildConfigurationList = 0TVU6MDPHF3LONY8K3BX30OO /* Build configuration list for PBXNativeTarget "Tests" */;
			buildPhases = (
				64ZMBGZQZZNGXETGCG8U0N4L /* Sources */,
				KP29R3GRXBMOK0F8LB3MI02F /* Frameworks */,
				4331438XPV9AM81MSBFPX2I6 /* Resources */,
			);
			buildRules = (
			);
			dependencies = (
			);
			name = Tests;
			productName = Tests;
			productReference = V9W4BCQI3V48YN0GFBXQ9O7A /* Tests.app */;
			productType = "com.apple.product-type.application";
		};
		9F3UD2UWW1OJ9TI7HYPFHAYC /* TestsTests */ = {
			isa = PBXNativeTarget;
			buildConfigurationList = BJ34RCXAXWORYFX43TURYSLU /* Build configuration list for PBXNativeTarget "TestsTests" */;
			buildPhases = (
				SS525HOATZ10OEC80Z5OO2P7 /* Sources */,
				QZCNU93HM2L9EOZY1DCMRF45 /* Frameworks */,
				9E1PN02BYCZ05X7LIYBCQLXP /* Resources */,
				31Z2M4UUCBPT699Y95THUUJX /* ShellScript */,
			);
			buildRules = (
			);
			dependencies = (
				VN1ZPG6HL2E20I11KD4TXGOC /* PBXTargetDependency */,
			);
			name = TestsTests;
			productName = TestsTests;
			productReference = 3EWMK0OUG4SNMNJZI8S44DUY /* TestsTests.octest */;
			productType = "com.apple.product-type.bundle";
		};
/* End PBXNativeTarget section */
/* Begin PBXProject section */
		9NEAQ51Y3OLTVBOLOL625YFO /* Project object */ = {
			isa = PBXProject;
			attributes = {
				LastUpgradeCheck = 0450;
				ORGANIZATIONNAME = "Baluta Cristian";
			};
			buildConfigurationList = B89BKJVCKHS4MUL41RHJ3SIR /* Build configuration list for PBXProject "Tests" */;
			compatibilityVersion = "Xcode 3.2";
			developmentRegion = English;
			hasScannedForEncodings = 0;
			knownRegions = (
				en,
			);
			mainGroup = JRS0UV6ROJXW23IE1WAAVZSU;
			productRefGroup = XV2B687GODF5UZMNJ3XDEB6I /* Products */;
			projectDirPath = "";
			projectRoot = "";
			targets = (
				Tests /* Tests */,
				9F3UD2UWW1OJ9TI7HYPFHAYC /* TestsTests */,
			);
		};
/* End PBXProject section */
/* Begin PBXResourcesBuildPhase section */
		4331438XPV9AM81MSBFPX2I6 /* Resources */ = {
			isa = PBXResourcesBuildPhase;
			buildActionMask = 2147483647;
			files = (
				28BFD9E41628A95900882B34 /* InfoPlist.strings in Resources */,
			);
			runOnlyForDeploymentPostprocessing = 0;
		};
		9E1PN02BYCZ05X7LIYBCQLXP /* Resources */ = {
			isa = PBXResourcesBuildPhase;
			buildActionMask = 2147483647;
			files = (
				28BFDA081628A95900882B34 /* InfoPlist.strings in Resources */,
			);
			runOnlyForDeploymentPostprocessing = 0;
		};
/* End PBXResourcesBuildPhase section */
/* Begin PBXShellScriptBuildPhase section */
		31Z2M4UUCBPT699Y95THUUJX /* ShellScript */ = {
			isa = PBXShellScriptBuildPhase;
			buildActionMask = 2147483647;
			files = (
			);
			inputPaths = (
			);
			outputPaths = (
			);
			runOnlyForDeploymentPostprocessing = 0;
			shellPath = /bin/sh;
			shellScript = "# Run the unit tests in this test bundle.\
\"${SYSTEM_DEVELOPER_DIR}/Tools/RunUnitTests\"\
";
		};
/* End PBXShellScriptBuildPhase section */
/* Begin PBXSourcesBuildPhase section */
		64ZMBGZQZZNGXETGCG8U0N4L /* Sources */ = {
			isa = PBXSourcesBuildPhase;
			buildActionMask = 2147483647;
			files = (
				TD4TE7NHE93A40JEECUCV1MG /* Array.m in Sources */,
				14BV53ISPM1CNRQWJEX71AEN /* Date.m in Sources */,
				MCG5LP534Y5IQDA4P2RMIBFK /* DateTools.m in Sources */,
				BE4MV1VGGG8LKIPU8KKOC7XV /* EReg.m in Sources */,
				4TZDYN3JJZEO6HG5UH4TKYEZ /* Hash.m in Sources */,
				B33VEY5C3JSD9K1X5BAGEIEQ /* IntHash.m in Sources */,
				PLPKX2OVVYVCTQBZHI4MTOON /* Lambda.m in Sources */,
				Y7CQBX6O725FBAGJ3AOSQU02 /* List.m in Sources */,
				TAXAUIHYWLKR2J9FWK3VTHU2 /* Reflect.m in Sources */,
				FTR1II62HKK3P08QVD7GHAGH /* SEL.m in Sources */,
				0AAOO67CDXS02VDY6EYF7HIK /* Std.m in Sources */,
				RZ1XUDQV6N11DZA8I8VY1P6T /* StringBuf.m in Sources */,
				USZUISVYMD1D0T7UDRIHM1X6 /* StringTools.m in Sources */,
				5DHNQYPA0CMF6RI3EO5DVZDJ /* Sys.m in Sources */,
				MF7ISDZHG33FF8P415Y32JS1 /* Tests.m in Sources */,
				NKYB1J0BXS112BY32WYLZ9CC /* Tests3.m in Sources */,
				8744IX3EXYJ35E2SAP0IJ1Q0 /* Type.m in Sources */,
				TI6RSZ1ASR2H4JW8N9ARR4XQ /* FastList.m in Sources */,
				NS3DTQ6U3RO0C23L29SA5S4S /* Log.m in Sources */,
				2RMIN7FME5T4DGKH23GMZLGN /* Timer.m in Sources */,
				SNMWDEPCCGC5V1HHWSFX8J7T /* Input.m in Sources */,
				5CCQWC5G5UMB77F2IZJ0T2H0 /* Output.m in Sources */,
				OQZHP8Y3Y8Z7H3R5VMOJPJGC /* Lib.m in Sources */,
				4OHH3TS7LWFTSRD2XOQPQ8M5 /* FileInput.m in Sources */,
				UE0MHGD97SD1NV8UYRCKK16Z /* FileOutput.m in Sources */,
			);
			runOnlyForDeploymentPostprocessing = 0;
		};
		SS525HOATZ10OEC80Z5OO2P7 /* Sources */ = {
			isa = PBXSourcesBuildPhase;
			buildActionMask = 2147483647;
			files = (
				28BFDA0B1628A95900882B34 /* TestsTests.m in Sources */,
			);
			runOnlyForDeploymentPostprocessing = 0;
		};
/* End PBXSourcesBuildPhase section */
/* Begin PBXTargetDependency section */
		VN1ZPG6HL2E20I11KD4TXGOC /* PBXTargetDependency */ = {
			isa = PBXTargetDependency;
			target = Tests /* Tests */;
			targetProxy = FMLEZ7AQQ4RKHNW1HFO7AZ7Z /* PBXContainerItemProxy */;
		};
/* End PBXTargetDependency section */
/* Begin PBXVariantGroup section */
		28BFD9E21628A95900882B34 /* InfoPlist.strings */ = {
			isa = PBXVariantGroup;
			children = (
				28BFD9E31628A95900882B34 /* en */,
			);
			name = InfoPlist.strings;
			sourceTree = "<group>";
		};
		28BFDA061628A95900882B34 /* InfoPlist.strings */ = {
			isa = PBXVariantGroup;
			children = (
				28BFDA071628A95900882B34 /* en */,
			);
			name = InfoPlist.strings;
			sourceTree = "<group>";
		};
/* End PBXVariantGroup section */
/* Begin XCBuildConfiguration section */
		J1AREBLYOF9ADHKM7WZDCM10 /* Debug */ = {
			isa = XCBuildConfiguration;
			buildSettings = {
				ALWAYS_SEARCH_USER_PATHS = NO;
				CLANG_CXX_LANGUAGE_STANDARD = "gnu++0x";
				CLANG_CXX_LIBRARY = "libc++";
				CLANG_ENABLE_OBJC_ARC = YES;
				CLANG_WARN_EMPTY_BODY = YES;
				CLANG_WARN__DUPLICATE_METHOD_MATCH = YES;
				"CODE_SIGN_IDENTITY[sdk=iphoneos*]" = "iPhone Developer";
				COPY_PHASE_STRIP = NO;
				GCC_C_LANGUAGE_STANDARD = gnu99;
				GCC_DYNAMIC_NO_PIC = NO;
				GCC_OPTIMIZATION_LEVEL = 0;
				GCC_PREPROCESSOR_DEFINITIONS = (
					"DEBUG=1",
					"$(inherited)",
				);
				GCC_SYMBOLS_PRIVATE_EXTERN = NO;
				GCC_WARN_ABOUT_RETURN_TYPE = YES;
				GCC_WARN_UNINITIALIZED_AUTOS = YES;
				GCC_WARN_UNUSED_VARIABLE = YES;
				IPHONEOS_DEPLOYMENT_TARGET = 6.0;
				SDKROOT = iphoneos;
			};
			name = Debug;
		};
		0QIUOX70E7RO927K26QQFSCC /* Release */ = {
			isa = XCBuildConfiguration;
			buildSettings = {
				ALWAYS_SEARCH_USER_PATHS = NO;
				CLANG_CXX_LANGUAGE_STANDARD = "gnu++0x";
				CLANG_CXX_LIBRARY = "libc++";
				CLANG_ENABLE_OBJC_ARC = YES;
				CLANG_WARN_EMPTY_BODY = YES;
				CLANG_WARN__DUPLICATE_METHOD_MATCH = YES;
				"CODE_SIGN_IDENTITY[sdk=iphoneos*]" = "iPhone Developer";
				COPY_PHASE_STRIP = YES;
				GCC_C_LANGUAGE_STANDARD = gnu99;
				GCC_WARN_ABOUT_RETURN_TYPE = YES;
				GCC_WARN_UNINITIALIZED_AUTOS = YES;
				GCC_WARN_UNUSED_VARIABLE = YES;
				IPHONEOS_DEPLOYMENT_TARGET = 6.0;
				OTHER_CFLAGS = "-DNS_BLOCK_ASSERTIONS=1";
				SDKROOT = iphoneos;
				VALIDATE_PRODUCT = YES;
			};
			name = Release;
		};
		79YBFMRPCJEXCIPNPUE35R50 /* Debug */ = {
			isa = XCBuildConfiguration;
			buildSettings = {
				GCC_PRECOMPILE_PREFIX_HEADER = YES;
				GCC_PREFIX_HEADER = "Tests/Tests-Prefix.pch";
				INFOPLIST_FILE = "Tests/Tests-Info.plist";
				PRODUCT_NAME = "$(TARGET_NAME)";
				WRAPPER_EXTENSION = app;
			};
			name = Debug;
		};
		N5ZSZT5WHZ201RAVAIRC5JSR /* Release */ = {
			isa = XCBuildConfiguration;
			buildSettings = {
				GCC_PRECOMPILE_PREFIX_HEADER = YES;
				GCC_PREFIX_HEADER = "Tests/Tests-Prefix.pch";
				INFOPLIST_FILE = "Tests/Tests-Info.plist";
				PRODUCT_NAME = "$(TARGET_NAME)";
				WRAPPER_EXTENSION = app;
			};
			name = Release;
		};
		Z1F6G36XAWDCRA6JBDSJQBBU /* Debug */ = {
			isa = XCBuildConfiguration;
			buildSettings = {
				BUNDLE_LOADER = "$(BUILT_PRODUCTS_DIR)/Tests.app/Tests";
				FRAMEWORK_SEARCH_PATHS = (
					"\"$(SDKROOT)/Developer/Library/Frameworks\"",
					"\"$(DEVELOPER_LIBRARY_DIR)/Frameworks\"",
				);
				GCC_PRECOMPILE_PREFIX_HEADER = YES;
				GCC_PREFIX_HEADER = "Tests/Tests-Prefix.pch";
				INFOPLIST_FILE = "TestsTests/TestsTests-Info.plist";
				PRODUCT_NAME = "$(TARGET_NAME)";
				TEST_HOST = "$(BUNDLE_LOADER)";
				WRAPPER_EXTENSION = octest;
			};
			name = Debug;
		};
		1767DGH943U0Y4791Z4IJ4V8 /* Release */ = {
			isa = XCBuildConfiguration;
			buildSettings = {
				BUNDLE_LOADER = "$(BUILT_PRODUCTS_DIR)/Tests.app/Tests";
				FRAMEWORK_SEARCH_PATHS = (
					"\"$(SDKROOT)/Developer/Library/Frameworks\"",
					"\"$(DEVELOPER_LIBRARY_DIR)/Frameworks\"",
				);
				GCC_PRECOMPILE_PREFIX_HEADER = YES;
				GCC_PREFIX_HEADER = "Tests/Tests-Prefix.pch";
				INFOPLIST_FILE = "TestsTests/TestsTests-Info.plist";
				PRODUCT_NAME = "$(TARGET_NAME)";
				TEST_HOST = "$(BUNDLE_LOADER)";
				WRAPPER_EXTENSION = octest;
			};
			name = Release;
		};
/* End XCBuildConfiguration section */
/* Begin XCConfigurationList section */
		B89BKJVCKHS4MUL41RHJ3SIR /* Build configuration list for PBXProject "Tests" */ = {
			isa = XCConfigurationList;
			buildConfigurations = (
				J1AREBLYOF9ADHKM7WZDCM10 /* Debug */,
				0QIUOX70E7RO927K26QQFSCC /* Release */,
			);
			defaultConfigurationIsVisible = 0;
			defaultConfigurationName = Release;
		};
		0TVU6MDPHF3LONY8K3BX30OO /* Build configuration list for PBXNativeTarget "Tests" */ = {
			isa = XCConfigurationList;
			buildConfigurations = (
				79YBFMRPCJEXCIPNPUE35R50 /* Debug */,
				N5ZSZT5WHZ201RAVAIRC5JSR /* Release */,
			);
			defaultConfigurationIsVisible = 0;
			defaultConfigurationName = Release;
		};
		BJ34RCXAXWORYFX43TURYSLU /* Build configuration list for PBXNativeTarget "TestsTests" */ = {
			isa = XCConfigurationList;
			buildConfigurations = (
				Z1F6G36XAWDCRA6JBDSJQBBU /* Debug */,
				1767DGH943U0Y4791Z4IJ4V8 /* Release */,
			);
			defaultConfigurationIsVisible = 0;
			defaultConfigurationName = Release;
		};
/* End XCConfigurationList section */	};
	rootObject = 9NEAQ51Y3OLTVBOLOL625YFO /* Project object */;
}
