// !$*UTF8*$!
{
	archiveVersion = 1;
	classes = {
	};
	objectVersion = 46;
	objects = {

/* Begin PBXBuildFile section */
		28752FD4169042690048F960 /* Array.m in Sources */ = {isa = PBXBuildFile; fileRef = 28752FD3169042690048F960 /* Array.m */; };
		28752FD7169042840048F960 /* Log.m in Sources */ = {isa = PBXBuildFile; fileRef = 28752FD6169042840048F960 /* Log.m */; };
		28752FDA169042B00048F960 /* Lib.m in Sources */ = {isa = PBXBuildFile; fileRef = 28752FD9169042B00048F960 /* Lib.m */; };
		28752FDD1690472D0048F960 /* Tests3.m in Sources */ = {isa = PBXBuildFile; fileRef = 28752FDC1690472D0048F960 /* Tests3.m */; };
		28752FE016906B5B0048F960 /* Tests.m in Sources */ = {isa = PBXBuildFile; fileRef = 28752FDF16906B5B0048F960 /* Tests.m */; };
		2875300216906C1A0048F960 /* Date.m in Sources */ = {isa = PBXBuildFile; fileRef = 28752FE216906C180048F960 /* Date.m */; };
		2875300316906C1A0048F960 /* DateTools.m in Sources */ = {isa = PBXBuildFile; fileRef = 28752FE416906C190048F960 /* DateTools.m */; };
		2875300416906C1A0048F960 /* EReg.m in Sources */ = {isa = PBXBuildFile; fileRef = 28752FE616906C190048F960 /* EReg.m */; };
		2875300516906C1A0048F960 /* Hash.m in Sources */ = {isa = PBXBuildFile; fileRef = 28752FE816906C190048F960 /* Hash.m */; };
		2875300616906C1A0048F960 /* IntHash.m in Sources */ = {isa = PBXBuildFile; fileRef = 28752FEC16906C190048F960 /* IntHash.m */; };
		2875300716906C1A0048F960 /* IntIter.m in Sources */ = {isa = PBXBuildFile; fileRef = 28752FEE16906C190048F960 /* IntIter.m */; };
		2875300816906C1A0048F960 /* Lambda.m in Sources */ = {isa = PBXBuildFile; fileRef = 28752FF016906C190048F960 /* Lambda.m */; };
		2875300916906C1A0048F960 /* List.m in Sources */ = {isa = PBXBuildFile; fileRef = 28752FF216906C190048F960 /* List.m */; };
		2875300A16906C1A0048F960 /* Reflect.m in Sources */ = {isa = PBXBuildFile; fileRef = 28752FF416906C190048F960 /* Reflect.m */; };
		2875300B16906C1A0048F960 /* SEL.m in Sources */ = {isa = PBXBuildFile; fileRef = 28752FF616906C190048F960 /* SEL.m */; };
		2875300C16906C1A0048F960 /* Std.m in Sources */ = {isa = PBXBuildFile; fileRef = 28752FF816906C190048F960 /* Std.m */; };
		2875300D16906C1A0048F960 /* StringBuf.m in Sources */ = {isa = PBXBuildFile; fileRef = 28752FFA16906C1A0048F960 /* StringBuf.m */; };
		2875300E16906C1A0048F960 /* StringTools.m in Sources */ = {isa = PBXBuildFile; fileRef = 28752FFC16906C1A0048F960 /* StringTools.m */; };
		2875300F16906C1A0048F960 /* Sys.m in Sources */ = {isa = PBXBuildFile; fileRef = 28752FFE16906C1A0048F960 /* Sys.m */; };
		2875301016906C1A0048F960 /* Type.m in Sources */ = {isa = PBXBuildFile; fileRef = 2875300016906C1A0048F960 /* Type.m */; };
		288B518D167673C000926232 /* UIKit.framework in Frameworks */ = {isa = PBXBuildFile; fileRef = 288B518C167673C000926232 /* UIKit.framework */; };
		288B518F167673C000926232 /* Foundation.framework in Frameworks */ = {isa = PBXBuildFile; fileRef = 288B518E167673C000926232 /* Foundation.framework */; };
		288B5191167673C000926232 /* CoreGraphics.framework in Frameworks */ = {isa = PBXBuildFile; fileRef = 288B5190167673C000926232 /* CoreGraphics.framework */; };
		288B5197167673C000926232 /* InfoPlist.strings in Resources */ = {isa = PBXBuildFile; fileRef = 288B5195167673C000926232 /* InfoPlist.strings */; };
		288B5199167673C000926232 /* main.m in Sources */ = {isa = PBXBuildFile; fileRef = 288B5198167673C000926232 /* main.m */; };
		288B519D167673C100926232 /* AppDelegate.m in Sources */ = {isa = PBXBuildFile; fileRef = 288B519C167673C100926232 /* AppDelegate.m */; };
		288B519F167673C100926232 /* Default.png in Resources */ = {isa = PBXBuildFile; fileRef = 288B519E167673C100926232 /* Default.png */; };
		288B51A1167673C100926232 /* Default@2x.png in Resources */ = {isa = PBXBuildFile; fileRef = 288B51A0167673C100926232 /* Default@2x.png */; };
		288B51A3167673C100926232 /* Default-568h@2x.png in Resources */ = {isa = PBXBuildFile; fileRef = 288B51A2167673C100926232 /* Default-568h@2x.png */; };
		288B51AB167673C100926232 /* SenTestingKit.framework in Frameworks */ = {isa = PBXBuildFile; fileRef = 288B51AA167673C100926232 /* SenTestingKit.framework */; };
		288B51AC167673C100926232 /* UIKit.framework in Frameworks */ = {isa = PBXBuildFile; fileRef = 288B518C167673C000926232 /* UIKit.framework */; };
		288B51AD167673C100926232 /* Foundation.framework in Frameworks */ = {isa = PBXBuildFile; fileRef = 288B518E167673C000926232 /* Foundation.framework */; };
		288B51B5167673C100926232 /* InfoPlist.strings in Resources */ = {isa = PBXBuildFile; fileRef = 288B51B3167673C100926232 /* InfoPlist.strings */; };
		288B51B8167673C100926232 /* NativeTestsTests.m in Sources */ = {isa = PBXBuildFile; fileRef = 288B51B7167673C100926232 /* NativeTestsTests.m */; };
		288B51C81676782000926232 /* CoreLocation.framework in Frameworks */ = {isa = PBXBuildFile; fileRef = 288B51C71676782000926232 /* CoreLocation.framework */; };
/* End PBXBuildFile section */

/* Begin PBXContainerItemProxy section */
		288B51AE167673C100926232 /* PBXContainerItemProxy */ = {
			isa = PBXContainerItemProxy;
			containerPortal = 288B517F167673C000926232 /* Project object */;
			proxyType = 1;
			remoteGlobalIDString = 288B5187167673C000926232;
			remoteInfo = NativeTests;
		};
/* End PBXContainerItemProxy section */

/* Begin PBXFileReference section */
		28752FD2169042690048F960 /* Array.h */ = {isa = PBXFileReference; fileEncoding = 4; lastKnownFileType = sourcecode.c.h; name = Array.h; path = Tests/Array.h; sourceTree = SOURCE_ROOT; };
		28752FD3169042690048F960 /* Array.m */ = {isa = PBXFileReference; fileEncoding = 4; lastKnownFileType = sourcecode.c.objc; name = Array.m; path = Tests/Array.m; sourceTree = SOURCE_ROOT; };
		28752FD5169042840048F960 /* Log.h */ = {isa = PBXFileReference; fileEncoding = 4; lastKnownFileType = sourcecode.c.h; name = Log.h; path = Tests/haxe/Log.h; sourceTree = SOURCE_ROOT; };
		28752FD6169042840048F960 /* Log.m */ = {isa = PBXFileReference; fileEncoding = 4; lastKnownFileType = sourcecode.c.objc; name = Log.m; path = Tests/haxe/Log.m; sourceTree = SOURCE_ROOT; };
		28752FD8169042B00048F960 /* Lib.h */ = {isa = PBXFileReference; fileEncoding = 4; lastKnownFileType = sourcecode.c.h; name = Lib.h; path = Tests/objc/Lib.h; sourceTree = SOURCE_ROOT; };
		28752FD9169042B00048F960 /* Lib.m */ = {isa = PBXFileReference; fileEncoding = 4; lastKnownFileType = sourcecode.c.objc; name = Lib.m; path = Tests/objc/Lib.m; sourceTree = SOURCE_ROOT; };
		28752FDB1690472D0048F960 /* Tests3.h */ = {isa = PBXFileReference; fileEncoding = 4; lastKnownFileType = sourcecode.c.h; name = Tests3.h; path = Tests/Tests3.h; sourceTree = SOURCE_ROOT; };
		28752FDC1690472D0048F960 /* Tests3.m */ = {isa = PBXFileReference; fileEncoding = 4; lastKnownFileType = sourcecode.c.objc; name = Tests3.m; path = Tests/Tests3.m; sourceTree = SOURCE_ROOT; };
		28752FDE16906B5B0048F960 /* Tests.h */ = {isa = PBXFileReference; fileEncoding = 4; lastKnownFileType = sourcecode.c.h; name = Tests.h; path = Tests/Tests.h; sourceTree = SOURCE_ROOT; };
		28752FDF16906B5B0048F960 /* Tests.m */ = {isa = PBXFileReference; fileEncoding = 4; lastKnownFileType = sourcecode.c.objc; name = Tests.m; path = Tests/Tests.m; sourceTree = SOURCE_ROOT; };
		28752FE116906C180048F960 /* Date.h */ = {isa = PBXFileReference; fileEncoding = 4; lastKnownFileType = sourcecode.c.h; name = Date.h; path = Tests/Date.h; sourceTree = SOURCE_ROOT; };
		28752FE216906C180048F960 /* Date.m */ = {isa = PBXFileReference; fileEncoding = 4; lastKnownFileType = sourcecode.c.objc; name = Date.m; path = Tests/Date.m; sourceTree = SOURCE_ROOT; };
		28752FE316906C180048F960 /* DateTools.h */ = {isa = PBXFileReference; fileEncoding = 4; lastKnownFileType = sourcecode.c.h; name = DateTools.h; path = Tests/DateTools.h; sourceTree = SOURCE_ROOT; };
		28752FE416906C190048F960 /* DateTools.m */ = {isa = PBXFileReference; fileEncoding = 4; lastKnownFileType = sourcecode.c.objc; name = DateTools.m; path = Tests/DateTools.m; sourceTree = SOURCE_ROOT; };
		28752FE516906C190048F960 /* EReg.h */ = {isa = PBXFileReference; fileEncoding = 4; lastKnownFileType = sourcecode.c.h; name = EReg.h; path = Tests/EReg.h; sourceTree = SOURCE_ROOT; };
		28752FE616906C190048F960 /* EReg.m */ = {isa = PBXFileReference; fileEncoding = 4; lastKnownFileType = sourcecode.c.objc; name = EReg.m; path = Tests/EReg.m; sourceTree = SOURCE_ROOT; };
		28752FE716906C190048F960 /* Hash.h */ = {isa = PBXFileReference; fileEncoding = 4; lastKnownFileType = sourcecode.c.h; name = Hash.h; path = Tests/Hash.h; sourceTree = SOURCE_ROOT; };
		28752FE816906C190048F960 /* Hash.m */ = {isa = PBXFileReference; fileEncoding = 4; lastKnownFileType = sourcecode.c.objc; name = Hash.m; path = Tests/Hash.m; sourceTree = SOURCE_ROOT; };
		28752FE916906C190048F960 /* Interface1.h */ = {isa = PBXFileReference; fileEncoding = 4; lastKnownFileType = sourcecode.c.h; name = Interface1.h; path = Tests/Interface1.h; sourceTree = SOURCE_ROOT; };
		28752FEA16906C190048F960 /* Interface2.h */ = {isa = PBXFileReference; fileEncoding = 4; lastKnownFileType = sourcecode.c.h; name = Interface2.h; path = Tests/Interface2.h; sourceTree = SOURCE_ROOT; };
		28752FEB16906C190048F960 /* IntHash.h */ = {isa = PBXFileReference; fileEncoding = 4; lastKnownFileType = sourcecode.c.h; name = IntHash.h; path = Tests/IntHash.h; sourceTree = SOURCE_ROOT; };
		28752FEC16906C190048F960 /* IntHash.m */ = {isa = PBXFileReference; fileEncoding = 4; lastKnownFileType = sourcecode.c.objc; name = IntHash.m; path = Tests/IntHash.m; sourceTree = SOURCE_ROOT; };
		28752FED16906C190048F960 /* IntIter.h */ = {isa = PBXFileReference; fileEncoding = 4; lastKnownFileType = sourcecode.c.h; name = IntIter.h; path = Tests/IntIter.h; sourceTree = SOURCE_ROOT; };
		28752FEE16906C190048F960 /* IntIter.m */ = {isa = PBXFileReference; fileEncoding = 4; lastKnownFileType = sourcecode.c.objc; name = IntIter.m; path = Tests/IntIter.m; sourceTree = SOURCE_ROOT; };
		28752FEF16906C190048F960 /* Lambda.h */ = {isa = PBXFileReference; fileEncoding = 4; lastKnownFileType = sourcecode.c.h; name = Lambda.h; path = Tests/Lambda.h; sourceTree = SOURCE_ROOT; };
		28752FF016906C190048F960 /* Lambda.m */ = {isa = PBXFileReference; fileEncoding = 4; lastKnownFileType = sourcecode.c.objc; name = Lambda.m; path = Tests/Lambda.m; sourceTree = SOURCE_ROOT; };
		28752FF116906C190048F960 /* List.h */ = {isa = PBXFileReference; fileEncoding = 4; lastKnownFileType = sourcecode.c.h; name = List.h; path = Tests/List.h; sourceTree = SOURCE_ROOT; };
		28752FF216906C190048F960 /* List.m */ = {isa = PBXFileReference; fileEncoding = 4; lastKnownFileType = sourcecode.c.objc; name = List.m; path = Tests/List.m; sourceTree = SOURCE_ROOT; };
		28752FF316906C190048F960 /* Reflect.h */ = {isa = PBXFileReference; fileEncoding = 4; lastKnownFileType = sourcecode.c.h; name = Reflect.h; path = Tests/Reflect.h; sourceTree = SOURCE_ROOT; };
		28752FF416906C190048F960 /* Reflect.m */ = {isa = PBXFileReference; fileEncoding = 4; lastKnownFileType = sourcecode.c.objc; name = Reflect.m; path = Tests/Reflect.m; sourceTree = SOURCE_ROOT; };
		28752FF516906C190048F960 /* SEL.h */ = {isa = PBXFileReference; fileEncoding = 4; lastKnownFileType = sourcecode.c.h; name = SEL.h; path = Tests/SEL.h; sourceTree = SOURCE_ROOT; };
		28752FF616906C190048F960 /* SEL.m */ = {isa = PBXFileReference; fileEncoding = 4; lastKnownFileType = sourcecode.c.objc; name = SEL.m; path = Tests/SEL.m; sourceTree = SOURCE_ROOT; };
		28752FF716906C190048F960 /* Std.h */ = {isa = PBXFileReference; fileEncoding = 4; lastKnownFileType = sourcecode.c.h; name = Std.h; path = Tests/Std.h; sourceTree = SOURCE_ROOT; };
		28752FF816906C190048F960 /* Std.m */ = {isa = PBXFileReference; fileEncoding = 4; lastKnownFileType = sourcecode.c.objc; name = Std.m; path = Tests/Std.m; sourceTree = SOURCE_ROOT; };
		28752FF916906C190048F960 /* StringBuf.h */ = {isa = PBXFileReference; fileEncoding = 4; lastKnownFileType = sourcecode.c.h; name = StringBuf.h; path = Tests/StringBuf.h; sourceTree = SOURCE_ROOT; };
		28752FFA16906C1A0048F960 /* StringBuf.m */ = {isa = PBXFileReference; fileEncoding = 4; lastKnownFileType = sourcecode.c.objc; name = StringBuf.m; path = Tests/StringBuf.m; sourceTree = SOURCE_ROOT; };
		28752FFB16906C1A0048F960 /* StringTools.h */ = {isa = PBXFileReference; fileEncoding = 4; lastKnownFileType = sourcecode.c.h; name = StringTools.h; path = Tests/StringTools.h; sourceTree = SOURCE_ROOT; };
		28752FFC16906C1A0048F960 /* StringTools.m */ = {isa = PBXFileReference; fileEncoding = 4; lastKnownFileType = sourcecode.c.objc; name = StringTools.m; path = Tests/StringTools.m; sourceTree = SOURCE_ROOT; };
		28752FFD16906C1A0048F960 /* Sys.h */ = {isa = PBXFileReference; fileEncoding = 4; lastKnownFileType = sourcecode.c.h; name = Sys.h; path = Tests/Sys.h; sourceTree = SOURCE_ROOT; };
		28752FFE16906C1A0048F960 /* Sys.m */ = {isa = PBXFileReference; fileEncoding = 4; lastKnownFileType = sourcecode.c.objc; name = Sys.m; path = Tests/Sys.m; sourceTree = SOURCE_ROOT; };
		28752FFF16906C1A0048F960 /* Type.h */ = {isa = PBXFileReference; fileEncoding = 4; lastKnownFileType = sourcecode.c.h; name = Type.h; path = Tests/Type.h; sourceTree = SOURCE_ROOT; };
		2875300016906C1A0048F960 /* Type.m */ = {isa = PBXFileReference; fileEncoding = 4; lastKnownFileType = sourcecode.c.objc; name = Type.m; path = Tests/Type.m; sourceTree = SOURCE_ROOT; };
		288B5188167673C000926232 /* NativeTests.app */ = {isa = PBXFileReference; explicitFileType = wrapper.application; includeInIndex = 0; path = NativeTests.app; sourceTree = BUILT_PRODUCTS_DIR; };
		288B518C167673C000926232 /* UIKit.framework */ = {isa = PBXFileReference; lastKnownFileType = wrapper.framework; name = UIKit.framework; path = System/Library/Frameworks/UIKit.framework; sourceTree = SDKROOT; };
		288B518E167673C000926232 /* Foundation.framework */ = {isa = PBXFileReference; lastKnownFileType = wrapper.framework; name = Foundation.framework; path = System/Library/Frameworks/Foundation.framework; sourceTree = SDKROOT; };
		288B5190167673C000926232 /* CoreGraphics.framework */ = {isa = PBXFileReference; lastKnownFileType = wrapper.framework; name = CoreGraphics.framework; path = System/Library/Frameworks/CoreGraphics.framework; sourceTree = SDKROOT; };
		288B5194167673C000926232 /* NativeTests-Info.plist */ = {isa = PBXFileReference; lastKnownFileType = text.plist.xml; path = "NativeTests-Info.plist"; sourceTree = "<group>"; };
		288B5196167673C000926232 /* en */ = {isa = PBXFileReference; lastKnownFileType = text.plist.strings; name = en; path = en.lproj/InfoPlist.strings; sourceTree = "<group>"; };
		288B5198167673C000926232 /* main.m */ = {isa = PBXFileReference; lastKnownFileType = sourcecode.c.objc; path = main.m; sourceTree = "<group>"; };
		288B519A167673C000926232 /* NativeTests-Prefix.pch */ = {isa = PBXFileReference; lastKnownFileType = sourcecode.c.h; path = "NativeTests-Prefix.pch"; sourceTree = "<group>"; };
		288B519B167673C000926232 /* AppDelegate.h */ = {isa = PBXFileReference; lastKnownFileType = sourcecode.c.h; path = AppDelegate.h; sourceTree = "<group>"; };
		288B519C167673C100926232 /* AppDelegate.m */ = {isa = PBXFileReference; lastKnownFileType = sourcecode.c.objc; path = AppDelegate.m; sourceTree = "<group>"; };
		288B519E167673C100926232 /* Default.png */ = {isa = PBXFileReference; lastKnownFileType = image.png; path = Default.png; sourceTree = "<group>"; };
		288B51A0167673C100926232 /* Default@2x.png */ = {isa = PBXFileReference; lastKnownFileType = image.png; path = "Default@2x.png"; sourceTree = "<group>"; };
		288B51A2167673C100926232 /* Default-568h@2x.png */ = {isa = PBXFileReference; lastKnownFileType = image.png; path = "Default-568h@2x.png"; sourceTree = "<group>"; };
		288B51A9167673C100926232 /* NativeTestsTests.octest */ = {isa = PBXFileReference; explicitFileType = wrapper.cfbundle; includeInIndex = 0; path = NativeTestsTests.octest; sourceTree = BUILT_PRODUCTS_DIR; };
		288B51AA167673C100926232 /* SenTestingKit.framework */ = {isa = PBXFileReference; lastKnownFileType = wrapper.framework; name = SenTestingKit.framework; path = Library/Frameworks/SenTestingKit.framework; sourceTree = DEVELOPER_DIR; };
		288B51B2167673C100926232 /* NativeTestsTests-Info.plist */ = {isa = PBXFileReference; lastKnownFileType = text.plist.xml; path = "NativeTestsTests-Info.plist"; sourceTree = "<group>"; };
		288B51B4167673C100926232 /* en */ = {isa = PBXFileReference; lastKnownFileType = text.plist.strings; name = en; path = en.lproj/InfoPlist.strings; sourceTree = "<group>"; };
		288B51B6167673C100926232 /* NativeTestsTests.h */ = {isa = PBXFileReference; lastKnownFileType = sourcecode.c.h; path = NativeTestsTests.h; sourceTree = "<group>"; };
		288B51B7167673C100926232 /* NativeTestsTests.m */ = {isa = PBXFileReference; lastKnownFileType = sourcecode.c.objc; path = NativeTestsTests.m; sourceTree = "<group>"; };
		288B51C71676782000926232 /* CoreLocation.framework */ = {isa = PBXFileReference; lastKnownFileType = wrapper.framework; name = CoreLocation.framework; path = System/Library/Frameworks/CoreLocation.framework; sourceTree = SDKROOT; };
/* End PBXFileReference section */

/* Begin PBXFrameworksBuildPhase section */
		288B5185167673C000926232 /* Frameworks */ = {
			isa = PBXFrameworksBuildPhase;
			buildActionMask = 2147483647;
			files = (
				288B51C81676782000926232 /* CoreLocation.framework in Frameworks */,
				288B518D167673C000926232 /* UIKit.framework in Frameworks */,
				288B518F167673C000926232 /* Foundation.framework in Frameworks */,
				288B5191167673C000926232 /* CoreGraphics.framework in Frameworks */,
			);
			runOnlyForDeploymentPostprocessing = 0;
		};
		288B51A5167673C100926232 /* Frameworks */ = {
			isa = PBXFrameworksBuildPhase;
			buildActionMask = 2147483647;
			files = (
				288B51AB167673C100926232 /* SenTestingKit.framework in Frameworks */,
				288B51AC167673C100926232 /* UIKit.framework in Frameworks */,
				288B51AD167673C100926232 /* Foundation.framework in Frameworks */,
			);
			runOnlyForDeploymentPostprocessing = 0;
		};
/* End PBXFrameworksBuildPhase section */

/* Begin PBXGroup section */
		288B517D167673C000926232 = {
			isa = PBXGroup;
			children = (
				288B5192167673C000926232 /* NativeTests */,
				288B51B0167673C100926232 /* NativeTestsTests */,
				288B518B167673C000926232 /* Frameworks */,
				288B5189167673C000926232 /* Products */,
			);
			sourceTree = "<group>";
		};
		288B5189167673C000926232 /* Products */ = {
			isa = PBXGroup;
			children = (
				288B5188167673C000926232 /* NativeTests.app */,
				288B51A9167673C100926232 /* NativeTestsTests.octest */,
			);
			name = Products;
			sourceTree = "<group>";
		};
		288B518B167673C000926232 /* Frameworks */ = {
			isa = PBXGroup;
			children = (
				288B51C71676782000926232 /* CoreLocation.framework */,
				288B518C167673C000926232 /* UIKit.framework */,
				288B518E167673C000926232 /* Foundation.framework */,
				288B5190167673C000926232 /* CoreGraphics.framework */,
				288B51AA167673C100926232 /* SenTestingKit.framework */,
			);
			name = Frameworks;
			sourceTree = "<group>";
		};
		288B5192167673C000926232 /* NativeTests */ = {
			isa = PBXGroup;
			children = (
				28752FD8169042B00048F960 /* Lib.h */,
				28752FD9169042B00048F960 /* Lib.m */,
				28752FD5169042840048F960 /* Log.h */,
				28752FD6169042840048F960 /* Log.m */,
				28752FD2169042690048F960 /* Array.h */,
				28752FD3169042690048F960 /* Array.m */,
				28752FDB1690472D0048F960 /* Tests3.h */,
				28752FDC1690472D0048F960 /* Tests3.m */,
				28752FDE16906B5B0048F960 /* Tests.h */,
				28752FDF16906B5B0048F960 /* Tests.m */,
				28752FE116906C180048F960 /* Date.h */,
				28752FE216906C180048F960 /* Date.m */,
				28752FE316906C180048F960 /* DateTools.h */,
				28752FE416906C190048F960 /* DateTools.m */,
				28752FE516906C190048F960 /* EReg.h */,
				28752FE616906C190048F960 /* EReg.m */,
				28752FE716906C190048F960 /* Hash.h */,
				28752FE816906C190048F960 /* Hash.m */,
				28752FE916906C190048F960 /* Interface1.h */,
				28752FEA16906C190048F960 /* Interface2.h */,
				28752FEB16906C190048F960 /* IntHash.h */,
				28752FEC16906C190048F960 /* IntHash.m */,
				28752FED16906C190048F960 /* IntIter.h */,
				28752FEE16906C190048F960 /* IntIter.m */,
				28752FEF16906C190048F960 /* Lambda.h */,
				28752FF016906C190048F960 /* Lambda.m */,
				28752FF116906C190048F960 /* List.h */,
				28752FF216906C190048F960 /* List.m */,
				28752FF316906C190048F960 /* Reflect.h */,
				28752FF416906C190048F960 /* Reflect.m */,
				28752FF516906C190048F960 /* SEL.h */,
				28752FF616906C190048F960 /* SEL.m */,
				28752FF716906C190048F960 /* Std.h */,
				28752FF816906C190048F960 /* Std.m */,
				28752FF916906C190048F960 /* StringBuf.h */,
				28752FFA16906C1A0048F960 /* StringBuf.m */,
				28752FFB16906C1A0048F960 /* StringTools.h */,
				28752FFC16906C1A0048F960 /* StringTools.m */,
				28752FFD16906C1A0048F960 /* Sys.h */,
				28752FFE16906C1A0048F960 /* Sys.m */,
				28752FFF16906C1A0048F960 /* Type.h */,
				2875300016906C1A0048F960 /* Type.m */,
				288B519B167673C000926232 /* AppDelegate.h */,
				288B519C167673C100926232 /* AppDelegate.m */,
				288B5193167673C000926232 /* Supporting Files */,
			);
			path = NativeTests;
			sourceTree = "<group>";
		};
		288B5193167673C000926232 /* Supporting Files */ = {
			isa = PBXGroup;
			children = (
				288B5194167673C000926232 /* NativeTests-Info.plist */,
				288B5195167673C000926232 /* InfoPlist.strings */,
				288B5198167673C000926232 /* main.m */,
				288B519A167673C000926232 /* NativeTests-Prefix.pch */,
				288B519E167673C100926232 /* Default.png */,
				288B51A0167673C100926232 /* Default@2x.png */,
				288B51A2167673C100926232 /* Default-568h@2x.png */,
			);
			name = "Supporting Files";
			sourceTree = "<group>";
		};
		288B51B0167673C100926232 /* NativeTestsTests */ = {
			isa = PBXGroup;
			children = (
				288B51B6167673C100926232 /* NativeTestsTests.h */,
				288B51B7167673C100926232 /* NativeTestsTests.m */,
				288B51B1167673C100926232 /* Supporting Files */,
			);
			path = NativeTestsTests;
			sourceTree = "<group>";
		};
		288B51B1167673C100926232 /* Supporting Files */ = {
			isa = PBXGroup;
			children = (
				288B51B2167673C100926232 /* NativeTestsTests-Info.plist */,
				288B51B3167673C100926232 /* InfoPlist.strings */,
			);
			name = "Supporting Files";
			sourceTree = "<group>";
		};
/* End PBXGroup section */

/* Begin PBXNativeTarget section */
		288B5187167673C000926232 /* NativeTests */ = {
			isa = PBXNativeTarget;
			buildConfigurationList = 288B51BB167673C100926232 /* Build configuration list for PBXNativeTarget "NativeTests" */;
			buildPhases = (
				288B5184167673C000926232 /* Sources */,
				288B5185167673C000926232 /* Frameworks */,
				288B5186167673C000926232 /* Resources */,
			);
			buildRules = (
			);
			dependencies = (
			);
			name = NativeTests;
			productName = NativeTests;
			productReference = 288B5188167673C000926232 /* NativeTests.app */;
			productType = "com.apple.product-type.application";
		};
		288B51A8167673C100926232 /* NativeTestsTests */ = {
			isa = PBXNativeTarget;
			buildConfigurationList = 288B51BE167673C100926232 /* Build configuration list for PBXNativeTarget "NativeTestsTests" */;
			buildPhases = (
				288B51A4167673C100926232 /* Sources */,
				288B51A5167673C100926232 /* Frameworks */,
				288B51A6167673C100926232 /* Resources */,
				288B51A7167673C100926232 /* ShellScript */,
			);
			buildRules = (
			);
			dependencies = (
				288B51AF167673C100926232 /* PBXTargetDependency */,
			);
			name = NativeTestsTests;
			productName = NativeTestsTests;
			productReference = 288B51A9167673C100926232 /* NativeTestsTests.octest */;
			productType = "com.apple.product-type.bundle";
		};
/* End PBXNativeTarget section */

/* Begin PBXProject section */
		288B517F167673C000926232 /* Project object */ = {
			isa = PBXProject;
			attributes = {
				LastUpgradeCheck = 0450;
				ORGANIZATIONNAME = "Baluta Cristian";
			};
			buildConfigurationList = 288B5182167673C000926232 /* Build configuration list for PBXProject "NativeTests" */;
			compatibilityVersion = "Xcode 3.2";
			developmentRegion = English;
			hasScannedForEncodings = 0;
			knownRegions = (
				en,
			);
			mainGroup = 288B517D167673C000926232;
			productRefGroup = 288B5189167673C000926232 /* Products */;
			projectDirPath = "";
			projectRoot = "";
			targets = (
				288B5187167673C000926232 /* NativeTests */,
				288B51A8167673C100926232 /* NativeTestsTests */,
			);
		};
/* End PBXProject section */

/* Begin PBXResourcesBuildPhase section */
		288B5186167673C000926232 /* Resources */ = {
			isa = PBXResourcesBuildPhase;
			buildActionMask = 2147483647;
			files = (
				288B5197167673C000926232 /* InfoPlist.strings in Resources */,
				288B519F167673C100926232 /* Default.png in Resources */,
				288B51A1167673C100926232 /* Default@2x.png in Resources */,
				288B51A3167673C100926232 /* Default-568h@2x.png in Resources */,
			);
			runOnlyForDeploymentPostprocessing = 0;
		};
		288B51A6167673C100926232 /* Resources */ = {
			isa = PBXResourcesBuildPhase;
			buildActionMask = 2147483647;
			files = (
				288B51B5167673C100926232 /* InfoPlist.strings in Resources */,
			);
			runOnlyForDeploymentPostprocessing = 0;
		};
/* End PBXResourcesBuildPhase section */

/* Begin PBXShellScriptBuildPhase section */
		288B51A7167673C100926232 /* ShellScript */ = {
			isa = PBXShellScriptBuildPhase;
			buildActionMask = 2147483647;
			files = (
			);
			inputPaths = (
			);
			outputPaths = (
			);
			runOnlyForDeploymentPostprocessing = 0;
			shellPath = /bin/sh;
			shellScript = "# Run the unit tests in this test bundle.\n\"${SYSTEM_DEVELOPER_DIR}/Tools/RunUnitTests\"\n";
		};
/* End PBXShellScriptBuildPhase section */

/* Begin PBXSourcesBuildPhase section */
		288B5184167673C000926232 /* Sources */ = {
			isa = PBXSourcesBuildPhase;
			buildActionMask = 2147483647;
			files = (
				288B5199167673C000926232 /* main.m in Sources */,
				288B519D167673C100926232 /* AppDelegate.m in Sources */,
				28752FD4169042690048F960 /* Array.m in Sources */,
				28752FD7169042840048F960 /* Log.m in Sources */,
				28752FDA169042B00048F960 /* Lib.m in Sources */,
				28752FDD1690472D0048F960 /* Tests3.m in Sources */,
				28752FE016906B5B0048F960 /* Tests.m in Sources */,
				2875300216906C1A0048F960 /* Date.m in Sources */,
				2875300316906C1A0048F960 /* DateTools.m in Sources */,
				2875300416906C1A0048F960 /* EReg.m in Sources */,
				2875300516906C1A0048F960 /* Hash.m in Sources */,
				2875300616906C1A0048F960 /* IntHash.m in Sources */,
				2875300716906C1A0048F960 /* IntIter.m in Sources */,
				2875300816906C1A0048F960 /* Lambda.m in Sources */,
				2875300916906C1A0048F960 /* List.m in Sources */,
				2875300A16906C1A0048F960 /* Reflect.m in Sources */,
				2875300B16906C1A0048F960 /* SEL.m in Sources */,
				2875300C16906C1A0048F960 /* Std.m in Sources */,
				2875300D16906C1A0048F960 /* StringBuf.m in Sources */,
				2875300E16906C1A0048F960 /* StringTools.m in Sources */,
				2875300F16906C1A0048F960 /* Sys.m in Sources */,
				2875301016906C1A0048F960 /* Type.m in Sources */,
			);
			runOnlyForDeploymentPostprocessing = 0;
		};
		288B51A4167673C100926232 /* Sources */ = {
			isa = PBXSourcesBuildPhase;
			buildActionMask = 2147483647;
			files = (
				288B51B8167673C100926232 /* NativeTestsTests.m in Sources */,
			);
			runOnlyForDeploymentPostprocessing = 0;
		};
/* End PBXSourcesBuildPhase section */

/* Begin PBXTargetDependency section */
		288B51AF167673C100926232 /* PBXTargetDependency */ = {
			isa = PBXTargetDependency;
			target = 288B5187167673C000926232 /* NativeTests */;
			targetProxy = 288B51AE167673C100926232 /* PBXContainerItemProxy */;
		};
/* End PBXTargetDependency section */

/* Begin PBXVariantGroup section */
		288B5195167673C000926232 /* InfoPlist.strings */ = {
			isa = PBXVariantGroup;
			children = (
				288B5196167673C000926232 /* en */,
			);
			name = InfoPlist.strings;
			sourceTree = "<group>";
		};
		288B51B3167673C100926232 /* InfoPlist.strings */ = {
			isa = PBXVariantGroup;
			children = (
				288B51B4167673C100926232 /* en */,
			);
			name = InfoPlist.strings;
			sourceTree = "<group>";
		};
/* End PBXVariantGroup section */

/* Begin XCBuildConfiguration section */
		288B51B9167673C100926232 /* Debug */ = {
			isa = XCBuildConfiguration;
			buildSettings = {
				ALWAYS_SEARCH_USER_PATHS = NO;
				CLANG_CXX_LANGUAGE_STANDARD = "gnu++0x";
				CLANG_CXX_LIBRARY = "libc++";
				CLANG_ENABLE_OBJC_ARC = YES;
				CLANG_WARN_EMPTY_BODY = YES;
				CLANG_WARN__DUPLICATE_METHOD_MATCH = YES;
				"CODE_SIGN_IDENTITY[sdk=iphoneos*]" = "iPhone Developer";
				COPY_PHASE_STRIP = NO;
				GCC_C_LANGUAGE_STANDARD = gnu99;
				GCC_DYNAMIC_NO_PIC = NO;
				GCC_OPTIMIZATION_LEVEL = 0;
				GCC_PREPROCESSOR_DEFINITIONS = (
					"DEBUG=1",
					"$(inherited)",
				);
				GCC_SYMBOLS_PRIVATE_EXTERN = NO;
				GCC_WARN_ABOUT_RETURN_TYPE = YES;
				GCC_WARN_UNINITIALIZED_AUTOS = YES;
				GCC_WARN_UNUSED_VARIABLE = YES;
				IPHONEOS_DEPLOYMENT_TARGET = 6.0;
				ONLY_ACTIVE_ARCH = YES;
				SDKROOT = iphoneos;
			};
			name = Debug;
		};
		288B51BA167673C100926232 /* Release */ = {
			isa = XCBuildConfiguration;
			buildSettings = {
				ALWAYS_SEARCH_USER_PATHS = NO;
				CLANG_CXX_LANGUAGE_STANDARD = "gnu++0x";
				CLANG_CXX_LIBRARY = "libc++";
				CLANG_ENABLE_OBJC_ARC = YES;
				CLANG_WARN_EMPTY_BODY = YES;
				CLANG_WARN__DUPLICATE_METHOD_MATCH = YES;
				"CODE_SIGN_IDENTITY[sdk=iphoneos*]" = "iPhone Developer";
				COPY_PHASE_STRIP = YES;
				GCC_C_LANGUAGE_STANDARD = gnu99;
				GCC_WARN_ABOUT_RETURN_TYPE = YES;
				GCC_WARN_UNINITIALIZED_AUTOS = YES;
				GCC_WARN_UNUSED_VARIABLE = YES;
				IPHONEOS_DEPLOYMENT_TARGET = 6.0;
				OTHER_CFLAGS = "-DNS_BLOCK_ASSERTIONS=1";
				SDKROOT = iphoneos;
				VALIDATE_PRODUCT = YES;
			};
			name = Release;
		};
		288B51BC167673C100926232 /* Debug */ = {
			isa = XCBuildConfiguration;
			buildSettings = {
				GCC_PRECOMPILE_PREFIX_HEADER = YES;
				GCC_PREFIX_HEADER = "NativeTests/NativeTests-Prefix.pch";
				INFOPLIST_FILE = "NativeTests/NativeTests-Info.plist";
				PRODUCT_NAME = "$(TARGET_NAME)";
				WRAPPER_EXTENSION = app;
			};
			name = Debug;
		};
		288B51BD167673C100926232 /* Release */ = {
			isa = XCBuildConfiguration;
			buildSettings = {
				GCC_PRECOMPILE_PREFIX_HEADER = YES;
				GCC_PREFIX_HEADER = "NativeTests/NativeTests-Prefix.pch";
				INFOPLIST_FILE = "NativeTests/NativeTests-Info.plist";
				PRODUCT_NAME = "$(TARGET_NAME)";
				WRAPPER_EXTENSION = app;
			};
			name = Release;
		};
		288B51BF167673C100926232 /* Debug */ = {
			isa = XCBuildConfiguration;
			buildSettings = {
				BUNDLE_LOADER = "$(BUILT_PRODUCTS_DIR)/NativeTests.app/NativeTests";
				FRAMEWORK_SEARCH_PATHS = (
					"\"$(SDKROOT)/Developer/Library/Frameworks\"",
					"\"$(DEVELOPER_LIBRARY_DIR)/Frameworks\"",
				);
				GCC_PRECOMPILE_PREFIX_HEADER = YES;
				GCC_PREFIX_HEADER = "NativeTests/NativeTests-Prefix.pch";
				INFOPLIST_FILE = "NativeTestsTests/NativeTestsTests-Info.plist";
				PRODUCT_NAME = "$(TARGET_NAME)";
				TEST_HOST = "$(BUNDLE_LOADER)";
				WRAPPER_EXTENSION = octest;
			};
			name = Debug;
		};
		288B51C0167673C100926232 /* Release */ = {
			isa = XCBuildConfiguration;
			buildSettings = {
				BUNDLE_LOADER = "$(BUILT_PRODUCTS_DIR)/NativeTests.app/NativeTests";
				FRAMEWORK_SEARCH_PATHS = (
					"\"$(SDKROOT)/Developer/Library/Frameworks\"",
					"\"$(DEVELOPER_LIBRARY_DIR)/Frameworks\"",
				);
				GCC_PRECOMPILE_PREFIX_HEADER = YES;
				GCC_PREFIX_HEADER = "NativeTests/NativeTests-Prefix.pch";
				INFOPLIST_FILE = "NativeTestsTests/NativeTestsTests-Info.plist";
				PRODUCT_NAME = "$(TARGET_NAME)";
				TEST_HOST = "$(BUNDLE_LOADER)";
				WRAPPER_EXTENSION = octest;
			};
			name = Release;
		};
/* End XCBuildConfiguration section */

/* Begin XCConfigurationList section */
		288B5182167673C000926232 /* Build configuration list for PBXProject "NativeTests" */ = {
			isa = XCConfigurationList;
			buildConfigurations = (
				288B51B9167673C100926232 /* Debug */,
				288B51BA167673C100926232 /* Release */,
			);
			defaultConfigurationIsVisible = 0;
			defaultConfigurationName = Release;
		};
		288B51BB167673C100926232 /* Build configuration list for PBXNativeTarget "NativeTests" */ = {
			isa = XCConfigurationList;
			buildConfigurations = (
				288B51BC167673C100926232 /* Debug */,
				288B51BD167673C100926232 /* Release */,
			);
			defaultConfigurationIsVisible = 0;
			defaultConfigurationName = Release;
		};
		288B51BE167673C100926232 /* Build configuration list for PBXNativeTarget "NativeTestsTests" */ = {
			isa = XCConfigurationList;
			buildConfigurations = (
				288B51BF167673C100926232 /* Debug */,
				288B51C0167673C100926232 /* Release */,
			);
			defaultConfigurationIsVisible = 0;
			defaultConfigurationName = Release;
		};
/* End XCConfigurationList section */
	};
	rootObject = 288B517F167673C000926232 /* Project object */;
}
